// !$*UTF8*$!
{
	archiveVersion = 1;
	classes = {
	};
	objectVersion = 46;
	objects = {

/* Begin PBXBuildFile section */
		120565991DD3F8070059C16B /* Semester.swift in Sources */ = {isa = PBXBuildFile; fileRef = 120565981DD3F8070059C16B /* Semester.swift */; };
		1207C6501DCBD95E0004B891 /* ConsolidadoCoursesViewController.swift in Sources */ = {isa = PBXBuildFile; fileRef = 1207C64F1DCBD95E0004B891 /* ConsolidadoCoursesViewController.swift */; };
		120B4E421DCE826200BE9D5E /* Schedule.swift in Sources */ = {isa = PBXBuildFile; fileRef = 120B4E411DCE826200BE9D5E /* Schedule.swift */; };
		120B4E441DCE8E2900BE9D5E /* InstrumentsMeasuringViewController.swift in Sources */ = {isa = PBXBuildFile; fileRef = 120B4E431DCE8E2900BE9D5E /* InstrumentsMeasuringViewController.swift */; };
		120CE1101DD53996001F8A41 /* CustomScheduleByCourseCell.swift in Sources */ = {isa = PBXBuildFile; fileRef = 120CE10F1DD53996001F8A41 /* CustomScheduleByCourseCell.swift */; };
		1214CEC81DBC05A90042A3F2 /* InvGrEditViewController.swift in Sources */ = {isa = PBXBuildFile; fileRef = 1214CEC71DBC05A90042A3F2 /* InvGrEditViewController.swift */; };
		1214CECA1DBC0C600042A3F2 /* InvestigationProject.swift in Sources */ = {isa = PBXBuildFile; fileRef = 1214CEC91DBC0C600042A3F2 /* InvestigationProject.swift */; };
		1214CECC1DBC0DE80042A3F2 /* InvProjectTableViewController.swift in Sources */ = {isa = PBXBuildFile; fileRef = 1214CECB1DBC0DE80042A3F2 /* InvProjectTableViewController.swift */; };
		1214CECE1DBC125E0042A3F2 /* InvPrDetailViewController.swift in Sources */ = {isa = PBXBuildFile; fileRef = 1214CECD1DBC125E0042A3F2 /* InvPrDetailViewController.swift */; };
		1214CED01DBC12A50042A3F2 /* InvPrEditViewController.swift in Sources */ = {isa = PBXBuildFile; fileRef = 1214CECF1DBC12A50042A3F2 /* InvPrEditViewController.swift */; };
		121BE3B01DCBAFA200B68A3C /* MyFacultiesViewController.swift in Sources */ = {isa = PBXBuildFile; fileRef = 121BE3AF1DCBAFA200B68A3C /* MyFacultiesViewController.swift */; };
		121BE3B21DCBB03500B68A3C /* CustomMyFacultiesCell.swift in Sources */ = {isa = PBXBuildFile; fileRef = 121BE3B11DCBB03500B68A3C /* CustomMyFacultiesCell.swift */; };
		121BE3B41DCBB17300B68A3C /* Faculty.swift in Sources */ = {isa = PBXBuildFile; fileRef = 121BE3B31DCBB17300B68A3C /* Faculty.swift */; };
		121C14031DCBDEC000C4CDE1 /* KeyboardLayoutConstraint.swift in Sources */ = {isa = PBXBuildFile; fileRef = 121C14021DCBDEC000C4CDE1 /* KeyboardLayoutConstraint.swift */; };
		1231D7831DBACE03004E35FD /* SpecialtyViewController.swift in Sources */ = {isa = PBXBuildFile; fileRef = 1231D7821DBACE03004E35FD /* SpecialtyViewController.swift */; };
		1231D7851DBAE4BF004E35FD /* CoursesBySpecialtyViewController.swift in Sources */ = {isa = PBXBuildFile; fileRef = 1231D7841DBAE4BF004E35FD /* CoursesBySpecialtyViewController.swift */; };
		1231D7871DBAE5D6004E35FD /* PeriodMeasurementViewController.swift in Sources */ = {isa = PBXBuildFile; fileRef = 1231D7861DBAE5D6004E35FD /* PeriodMeasurementViewController.swift */; };
		1231D7891DBAE681004E35FD /* PeriodMeasDetailViewController.swift in Sources */ = {isa = PBXBuildFile; fileRef = 1231D7881DBAE681004E35FD /* PeriodMeasDetailViewController.swift */; };
		1231D78B1DBAE869004E35FD /* ScheduleViewController.swift in Sources */ = {isa = PBXBuildFile; fileRef = 1231D78A1DBAE869004E35FD /* ScheduleViewController.swift */; };
		1231D78D1DBAE87D004E35FD /* StudentViewController.swift in Sources */ = {isa = PBXBuildFile; fileRef = 1231D78C1DBAE87D004E35FD /* StudentViewController.swift */; };
		1237D3AD1DCA9CC80081EAF4 /* ViewControllerCreateDate.swift in Sources */ = {isa = PBXBuildFile; fileRef = 1237D3A61DCA9CC80081EAF4 /* ViewControllerCreateDate.swift */; };
		1237D3AE1DCA9CC80081EAF4 /* ViewControllerDates.swift in Sources */ = {isa = PBXBuildFile; fileRef = 1237D3A71DCA9CC80081EAF4 /* ViewControllerDates.swift */; };
		1237D3AF1DCA9CC80081EAF4 /* ViewControllerDatesFilter.swift in Sources */ = {isa = PBXBuildFile; fileRef = 1237D3A81DCA9CC80081EAF4 /* ViewControllerDatesFilter.swift */; };
		1237D3B01DCA9CC80081EAF4 /* ViewControllerStudentFilter.swift in Sources */ = {isa = PBXBuildFile; fileRef = 1237D3A91DCA9CC80081EAF4 /* ViewControllerStudentFilter.swift */; };
		1237D3B11DCA9CC80081EAF4 /* ViewControllerStudents.swift in Sources */ = {isa = PBXBuildFile; fileRef = 1237D3AA1DCA9CC80081EAF4 /* ViewControllerStudents.swift */; };
		1237D3B21DCA9CC80081EAF4 /* ViewControllerTutoriaMenu.swift in Sources */ = {isa = PBXBuildFile; fileRef = 1237D3AB1DCA9CC80081EAF4 /* ViewControllerTutoriaMenu.swift */; };
		1237D3B31DCA9CC80081EAF4 /* ViewControllerTutorVisualize.swift in Sources */ = {isa = PBXBuildFile; fileRef = 1237D3AC1DCA9CC80081EAF4 /* ViewControllerTutorVisualize.swift */; };
		1237D3B71DCA9CE50081EAF4 /* TableViewCellDate.swift in Sources */ = {isa = PBXBuildFile; fileRef = 1237D3B41DCA9CE50081EAF4 /* TableViewCellDate.swift */; };
		1237D3B81DCA9CE50081EAF4 /* TableViewCellStudent.swift in Sources */ = {isa = PBXBuildFile; fileRef = 1237D3B51DCA9CE50081EAF4 /* TableViewCellStudent.swift */; };
		1237D3B91DCA9CE50081EAF4 /* tutorClass.swift in Sources */ = {isa = PBXBuildFile; fileRef = 1237D3B61DCA9CE50081EAF4 /* tutorClass.swift */; };
		1237D3BB1DCA9D060081EAF4 /* NavigationControllerC.swift in Sources */ = {isa = PBXBuildFile; fileRef = 1237D3BA1DCA9D060081EAF4 /* NavigationControllerC.swift */; };
		1247102E1DCABD63000F9F1D /* Period.swift in Sources */ = {isa = PBXBuildFile; fileRef = 1247102D1DCABD63000F9F1D /* Period.swift */; };
		124710301DCAD039000F9F1D /* UASNavViewController.swift in Sources */ = {isa = PBXBuildFile; fileRef = 1247102F1DCAD039000F9F1D /* UASNavViewController.swift */; };
		124710321DCAD809000F9F1D /* Course.swift in Sources */ = {isa = PBXBuildFile; fileRef = 124710311DCAD809000F9F1D /* Course.swift */; };
		124DD59C1DBBCB0B004D95FA /* InvGrDetailViewController.swift in Sources */ = {isa = PBXBuildFile; fileRef = 124DD59B1DBBCB0B004D95FA /* InvGrDetailViewController.swift */; };
		124DD59E1DBBCC6F004D95FA /* InvNavViewController.swift in Sources */ = {isa = PBXBuildFile; fileRef = 124DD59D1DBBCC6F004D95FA /* InvNavViewController.swift */; };
		125A62031DC2BE50008BD312 /* AskConectivity.swift in Sources */ = {isa = PBXBuildFile; fileRef = 125A62021DC2BE50008BD312 /* AskConectivity.swift */; };
		125DF5851DD2A25300647C82 /* SemesterViewController.swift in Sources */ = {isa = PBXBuildFile; fileRef = 125DF5841DD2A25300647C82 /* SemesterViewController.swift */; };
		1268F2731DBFF59E00E1CC22 /* EveProjectTableViewController.swift in Sources */ = {isa = PBXBuildFile; fileRef = 1268F2721DBFF59E00E1CC22 /* EveProjectTableViewController.swift */; };
		1268F2751DBFF6C300E1CC22 /* InvestigationProjectEvent.swift in Sources */ = {isa = PBXBuildFile; fileRef = 1268F2741DBFF6C300E1CC22 /* InvestigationProjectEvent.swift */; };
		1268F2771DBFFE4400E1CC22 /* InvPrEvDetailViewController.swift in Sources */ = {isa = PBXBuildFile; fileRef = 1268F2761DBFFE4400E1CC22 /* InvPrEvDetailViewController.swift */; };
		1268F2791DC0096100E1CC22 /* InvPrEvEditViewController.swift in Sources */ = {isa = PBXBuildFile; fileRef = 1268F2781DC0096100E1CC22 /* InvPrEvEditViewController.swift */; };
		126AE5D11DD418FC00D8F268 /* AportesByCourseController.swift in Sources */ = {isa = PBXBuildFile; fileRef = 126AE5D01DD418FC00D8F268 /* AportesByCourseController.swift */; };
		126C83021DCA87D400168250 /* InvDerivableTableViewController.swift in Sources */ = {isa = PBXBuildFile; fileRef = 126C82FD1DCA87D400168250 /* InvDerivableTableViewController.swift */; };
		126C83031DCA87D400168250 /* InvestigationDerivable.swift in Sources */ = {isa = PBXBuildFile; fileRef = 126C82FE1DCA87D400168250 /* InvestigationDerivable.swift */; };
		126C83041DCA87D400168250 /* Investigator.swift in Sources */ = {isa = PBXBuildFile; fileRef = 126C82FF1DCA87D400168250 /* Investigator.swift */; };
		126C83051DCA87D400168250 /* InvestigatorTableViewController.swift in Sources */ = {isa = PBXBuildFile; fileRef = 126C83001DCA87D400168250 /* InvestigatorTableViewController.swift */; };
		12933FFC1DD2C069009CA3B7 /* ViewControllerViewDate.swift in Sources */ = {isa = PBXBuildFile; fileRef = 12933FFB1DD2C069009CA3B7 /* ViewControllerViewDate.swift */; };
		1296D0BC1DCE4B30006B7E73 /* TabBarController.swift in Sources */ = {isa = PBXBuildFile; fileRef = 1296D0BB1DCE4B30006B7E73 /* TabBarController.swift */; };
		12ADDE991DBACC8300A2B7CA /* InvGroupTableViewController.swift in Sources */ = {isa = PBXBuildFile; fileRef = 12ADDE981DBACC8300A2B7CA /* InvGroupTableViewController.swift */; };
		12ADDE9B1DBACD0F00A2B7CA /* InvestigationGroup.swift in Sources */ = {isa = PBXBuildFile; fileRef = 12ADDE9A1DBACD0F00A2B7CA /* InvestigationGroup.swift */; };
		12AEE0B31DDBE2BE00272292 /* TableViewCellScheduleTutor.swift in Sources */ = {isa = PBXBuildFile; fileRef = 12AEE0B21DDBE2BE00272292 /* TableViewCellScheduleTutor.swift */; };
		12B92A7F1DD2624B00441786 /* InvDocumentTableViewController.swift in Sources */ = {isa = PBXBuildFile; fileRef = 12B92A7E1DD2624B00441786 /* InvDocumentTableViewController.swift */; };
		12B92A811DD262AA00441786 /* InvestigationDocument.swift in Sources */ = {isa = PBXBuildFile; fileRef = 12B92A801DD262AA00441786 /* InvestigationDocument.swift */; };
		12B92A831DD2664300441786 /* InvDerDetailViewController.swift in Sources */ = {isa = PBXBuildFile; fileRef = 12B92A821DD2664300441786 /* InvDerDetailViewController.swift */; };
		12B92A871DD267B300441786 /* InvDerEditViewController.swift in Sources */ = {isa = PBXBuildFile; fileRef = 12B92A861DD267B300441786 /* InvDerEditViewController.swift */; };
		12BB00021DD3FD1A009463B5 /* TableViewControllerDatesTable.swift in Sources */ = {isa = PBXBuildFile; fileRef = 12BB00011DD3FD1A009463B5 /* TableViewControllerDatesTable.swift */; };
		12BCE5291DC2B2710052E607 /* CustomCourseCell.swift in Sources */ = {isa = PBXBuildFile; fileRef = 12BCE5281DC2B2710052E607 /* CustomCourseCell.swift */; };
		12BF4DB31DC2CD70005E7D5A /* CustomStudentCell.swift in Sources */ = {isa = PBXBuildFile; fileRef = 12BF4DB21DC2CD70005E7D5A /* CustomStudentCell.swift */; };
		12BF4DB51DC2D73E005E7D5A /* ListStudentViewController.swift in Sources */ = {isa = PBXBuildFile; fileRef = 12BF4DB41DC2D73E005E7D5A /* ListStudentViewController.swift */; };
		12BF4DB71DC2EAE5005E7D5A /* CustomCriterioCell.swift in Sources */ = {isa = PBXBuildFile; fileRef = 12BF4DB61DC2EAE5005E7D5A /* CustomCriterioCell.swift */; };
		12C2AB1E1DE3D04300514C3B /* Student.swift in Sources */ = {isa = PBXBuildFile; fileRef = 12C2AB1D1DE3D04300514C3B /* Student.swift */; };
		12C2AB201DE3DA8600514C3B /* GradeCriterio.swift in Sources */ = {isa = PBXBuildFile; fileRef = 12C2AB1F1DE3DA8600514C3B /* GradeCriterio.swift */; };
		12C5F6991DCBA2A0004BCF81 /* citaClass.swift in Sources */ = {isa = PBXBuildFile; fileRef = 12C5F6981DCBA2A0004BCF81 /* citaClass.swift */; };
		12D01CB61DBC13CC00082441 /* CustomPeriodCell.swift in Sources */ = {isa = PBXBuildFile; fileRef = 12D01CB51DBC13CC00082441 /* CustomPeriodCell.swift */; };
		12D71EC71DDD3B2100223777 /* ViewControllerEvaluations.swift in Sources */ = {isa = PBXBuildFile; fileRef = 12D71EC61DDD3B2100223777 /* ViewControllerEvaluations.swift */; };
		12D71EC91DDD3B3600223777 /* evaluationClass.swift in Sources */ = {isa = PBXBuildFile; fileRef = 12D71EC81DDD3B3600223777 /* evaluationClass.swift */; };
		12D71ECB1DDD402600223777 /* TableViewCellEvaluation.swift in Sources */ = {isa = PBXBuildFile; fileRef = 12D71ECA1DDD402600223777 /* TableViewCellEvaluation.swift */; };
		12D71ECD1DDD4D7E00223777 /* ViewControllerEvaluationFilter.swift in Sources */ = {isa = PBXBuildFile; fileRef = 12D71ECC1DDD4D7E00223777 /* ViewControllerEvaluationFilter.swift */; };
		12D71ECF1DDD509C00223777 /* ViewControllerViewEvaluation.swift in Sources */ = {isa = PBXBuildFile; fileRef = 12D71ECE1DDD509C00223777 /* ViewControllerViewEvaluation.swift */; };
		12DABD341DCBE8ED0055F8FC /* studentClass.swift in Sources */ = {isa = PBXBuildFile; fileRef = 12DABD331DCBE8ED0055F8FC /* studentClass.swift */; };
		12DABD361DCC0C9B0055F8FC /* temaClass.swift in Sources */ = {isa = PBXBuildFile; fileRef = 12DABD351DCC0C9B0055F8FC /* temaClass.swift */; };
		12DD02801DBEEB2500CCB25A /* CustomSpecialtyCell.swift in Sources */ = {isa = PBXBuildFile; fileRef = 12DD027F1DBEEB2500CCB25A /* CustomSpecialtyCell.swift */; };
		12DF4D1F1DCADD7600E59AD0 /* InvestigatorDetailViewController.swift in Sources */ = {isa = PBXBuildFile; fileRef = 12DF4D1E1DCADD7600E59AD0 /* InvestigatorDetailViewController.swift */; };
		12DF4D211DCADD8700E59AD0 /* InvestigatorEditViewController.swift in Sources */ = {isa = PBXBuildFile; fileRef = 12DF4D201DCADD8700E59AD0 /* InvestigatorEditViewController.swift */; };
		12E0A06A1DDD21F200E7B078 /* ViewControllerCRCita.swift in Sources */ = {isa = PBXBuildFile; fileRef = 12E0A0691DDD21F200E7B078 /* ViewControllerCRCita.swift */; };
		12E3584F1DD1376F008005B1 /* FilesTableViewController.swift in Sources */ = {isa = PBXBuildFile; fileRef = 12E3584E1DD1376F008005B1 /* FilesTableViewController.swift */; };
		250090C81DE7445900A22D71 /* PspReuniones.swift in Sources */ = {isa = PBXBuildFile; fileRef = 250090BD1DE7445900A22D71 /* PspReuniones.swift */; };
		250090C91DE7445900A22D71 /* PspReunionesAlumnos.swift in Sources */ = {isa = PBXBuildFile; fileRef = 250090BE1DE7445900A22D71 /* PspReunionesAlumnos.swift */; };
		250090CA1DE7445900A22D71 /* Alumnos.swift in Sources */ = {isa = PBXBuildFile; fileRef = 250090BF1DE7445900A22D71 /* Alumnos.swift */; };
		250090CB1DE7445900A22D71 /* Supervisor.swift in Sources */ = {isa = PBXBuildFile; fileRef = 250090C01DE7445900A22D71 /* Supervisor.swift */; };
		250090CC1DE7445900A22D71 /* PspFreeHour.swift in Sources */ = {isa = PBXBuildFile; fileRef = 250090C11DE7445900A22D71 /* PspFreeHour.swift */; };
		250090CD1DE7445900A22D71 /* Grupos.swift in Sources */ = {isa = PBXBuildFile; fileRef = 250090C21DE7445900A22D71 /* Grupos.swift */; };
		250090CE1DE7445900A22D71 /* Fases.swift in Sources */ = {isa = PBXBuildFile; fileRef = 250090C31DE7445900A22D71 /* Fases.swift */; };
		250090CF1DE7445900A22D71 /* PspStudent.swift in Sources */ = {isa = PBXBuildFile; fileRef = 250090C41DE7445900A22D71 /* PspStudent.swift */; };
		250090D01DE7445900A22D71 /* studentxinscriptionfiles.swift in Sources */ = {isa = PBXBuildFile; fileRef = 250090C51DE7445900A22D71 /* studentxinscriptionfiles.swift */; };
		250090D11DE7445900A22D71 /* PspInscription.swift in Sources */ = {isa = PBXBuildFile; fileRef = 250090C61DE7445900A22D71 /* PspInscription.swift */; };
		250090D21DE7445900A22D71 /* PspDocuments.swift in Sources */ = {isa = PBXBuildFile; fileRef = 250090C71DE7445900A22D71 /* PspDocuments.swift */; };
		250090EA1DE7446600A22D71 /* InicioPspViewController.swift in Sources */ = {isa = PBXBuildFile; fileRef = 250090D31DE7446600A22D71 /* InicioPspViewController.swift */; };
		250090EB1DE7446600A22D71 /* FasesTableViewController.swift in Sources */ = {isa = PBXBuildFile; fileRef = 250090D41DE7446600A22D71 /* FasesTableViewController.swift */; };
		250090EC1DE7446600A22D71 /* DetalleFaseViewController.swift in Sources */ = {isa = PBXBuildFile; fileRef = 250090D51DE7446600A22D71 /* DetalleFaseViewController.swift */; };
		250090ED1DE7446600A22D71 /* GruposTableViewController.swift in Sources */ = {isa = PBXBuildFile; fileRef = 250090D61DE7446600A22D71 /* GruposTableViewController.swift */; };
		250090EE1DE7446600A22D71 /* MenusTableViewController.swift in Sources */ = {isa = PBXBuildFile; fileRef = 250090D71DE7446600A22D71 /* MenusTableViewController.swift */; };
		250090EF1DE7446600A22D71 /* DetalleGruposViewController.swift in Sources */ = {isa = PBXBuildFile; fileRef = 250090D81DE7446600A22D71 /* DetalleGruposViewController.swift */; };
		250090F01DE7446600A22D71 /* MenuProvisionalAlumnosViewController.swift in Sources */ = {isa = PBXBuildFile; fileRef = 250090D91DE7446600A22D71 /* MenuProvisionalAlumnosViewController.swift */; };
		250090F11DE7446600A22D71 /* DetalleReunionesAlumnoViewController.swift in Sources */ = {isa = PBXBuildFile; fileRef = 250090DA1DE7446600A22D71 /* DetalleReunionesAlumnoViewController.swift */; };
		250090F21DE7446600A22D71 /* DetalleReunionesViewController.swift in Sources */ = {isa = PBXBuildFile; fileRef = 250090DB1DE7446600A22D71 /* DetalleReunionesViewController.swift */; };
		250090F31DE7446600A22D71 /* NuevaReunionAlumnoViewController.swift in Sources */ = {isa = PBXBuildFile; fileRef = 250090DC1DE7446600A22D71 /* NuevaReunionAlumnoViewController.swift */; };
		250090F41DE7446600A22D71 /* ReunionesAlumnoTableViewController.swift in Sources */ = {isa = PBXBuildFile; fileRef = 250090DD1DE7446600A22D71 /* ReunionesAlumnoTableViewController.swift */; };
		250090F51DE7446600A22D71 /* ReunionesTableViewController.swift in Sources */ = {isa = PBXBuildFile; fileRef = 250090DE1DE7446600A22D71 /* ReunionesTableViewController.swift */; };
		250090F61DE7446600A22D71 /* PspSupervisorDocumentosAlumnosTableViewController.swift in Sources */ = {isa = PBXBuildFile; fileRef = 250090DF1DE7446600A22D71 /* PspSupervisorDocumentosAlumnosTableViewController.swift */; };
		250090F71DE7446600A22D71 /* PspAlumnosSupervisorTableViewController.swift in Sources */ = {isa = PBXBuildFile; fileRef = 250090E01DE7446600A22D71 /* PspAlumnosSupervisorTableViewController.swift */; };
		250090F81DE7446600A22D71 /* DetalleDocumentoViewController.swift in Sources */ = {isa = PBXBuildFile; fileRef = 250090E11DE7446600A22D71 /* DetalleDocumentoViewController.swift */; };
		250090F91DE7446600A22D71 /* PspDetalleFichaAlumnoViewController.swift in Sources */ = {isa = PBXBuildFile; fileRef = 250090E21DE7446600A22D71 /* PspDetalleFichaAlumnoViewController.swift */; };
		250090FA1DE7446600A22D71 /* PspStudentRecomendacionesIFTableViewController.swift in Sources */ = {isa = PBXBuildFile; fileRef = 250090E31DE7446600A22D71 /* PspStudentRecomendacionesIFTableViewController.swift */; };
		250090FB1DE7446600A22D71 /* PspNuevaReunionSupervisorViewController.swift in Sources */ = {isa = PBXBuildFile; fileRef = 250090E41DE7446600A22D71 /* PspNuevaReunionSupervisorViewController.swift */; };
		250090FC1DE7446600A22D71 /* PspDocumentosTableViewController.swift in Sources */ = {isa = PBXBuildFile; fileRef = 250090E51DE7446600A22D71 /* PspDocumentosTableViewController.swift */; };
		250090FD1DE7446600A22D71 /* PspDetalleFichaViewController.swift in Sources */ = {isa = PBXBuildFile; fileRef = 250090E61DE7446600A22D71 /* PspDetalleFichaViewController.swift */; };
		250090FE1DE7446600A22D71 /* PspDetalleFichaNotasViewController.swift in Sources */ = {isa = PBXBuildFile; fileRef = 250090E71DE7446600A22D71 /* PspDetalleFichaNotasViewController.swift */; };
		250090FF1DE7446600A22D71 /* PspFichaRegistroTableViewController.swift in Sources */ = {isa = PBXBuildFile; fileRef = 250090E81DE7446600A22D71 /* PspFichaRegistroTableViewController.swift */; };
		250091001DE7446600A22D71 /* AlumnosNotasPspTableViewController.swift in Sources */ = {isa = PBXBuildFile; fileRef = 250090E91DE7446600A22D71 /* AlumnosNotasPspTableViewController.swift */; };
		25A6EF191DCBDF760084AFE0 /* Test.swift in Sources */ = {isa = PBXBuildFile; fileRef = 25A6EF181DCBDF760084AFE0 /* Test.swift */; };
		25A6EF2D1DCBE7CA0084AFE0 /* FaseTest.swift in Sources */ = {isa = PBXBuildFile; fileRef = 25A6EF2C1DCBE7CA0084AFE0 /* FaseTest.swift */; };
		4616D9E11DC07E12008174B7 /* HTTPHelper.swift in Sources */ = {isa = PBXBuildFile; fileRef = 4616D9E01DC07E12008174B7 /* HTTPHelper.swift */; };
		4618847E1DCC20A1000858C8 /* ConfigTableViewController.swift in Sources */ = {isa = PBXBuildFile; fileRef = 4618847D1DCC20A1000858C8 /* ConfigTableViewController.swift */; };
		4627D4681DE3B670006EBB92 /* ActionDetailViewController.swift in Sources */ = {isa = PBXBuildFile; fileRef = 4627D4671DE3B670006EBB92 /* ActionDetailViewController.swift */; };
		4627D46A1DE3B691006EBB92 /* Action.swift in Sources */ = {isa = PBXBuildFile; fileRef = 4627D4691DE3B691006EBB92 /* Action.swift */; };
		4627D46E1DE3BA79006EBB92 /* CustomActionCell.swift in Sources */ = {isa = PBXBuildFile; fileRef = 4627D46D1DE3BA79006EBB92 /* CustomActionCell.swift */; };
		4627D4701DE3BA8D006EBB92 /* Suggestion.swift in Sources */ = {isa = PBXBuildFile; fileRef = 4627D46F1DE3BA8D006EBB92 /* Suggestion.swift */; };
		4627D4721DE3BF7D006EBB92 /* SuggestionViewController.swift in Sources */ = {isa = PBXBuildFile; fileRef = 4627D4711DE3BF7D006EBB92 /* SuggestionViewController.swift */; };
		46292B021DB9DF7500EC8575 /* AppDelegate.swift in Sources */ = {isa = PBXBuildFile; fileRef = 46292B011DB9DF7500EC8575 /* AppDelegate.swift */; };
		46292B041DB9DF7500EC8575 /* ViewController.swift in Sources */ = {isa = PBXBuildFile; fileRef = 46292B031DB9DF7500EC8575 /* ViewController.swift */; };
		46292B0C1DB9DF7500EC8575 /* LaunchScreen.storyboard in Resources */ = {isa = PBXBuildFile; fileRef = 46292B0A1DB9DF7500EC8575 /* LaunchScreen.storyboard */; };
		463056581DD166A50066C7DB /* CustomImpPlanCell.swift in Sources */ = {isa = PBXBuildFile; fileRef = 463056571DD166A50066C7DB /* CustomImpPlanCell.swift */; };
		4630565A1DD169D50066C7DB /* PlanDetailViewController.swift in Sources */ = {isa = PBXBuildFile; fileRef = 463056591DD169D50066C7DB /* PlanDetailViewController.swift */; };
		4637A5671DCE747100D65C40 /* DownloadHelper.swift in Sources */ = {isa = PBXBuildFile; fileRef = 4637A5661DCE747100D65C40 /* DownloadHelper.swift */; };
		46419A8D1DCC505C00E77B9A /* Main.storyboard in Resources */ = {isa = PBXBuildFile; fileRef = 46419A8B1DCC505C00E77B9A /* Main.storyboard */; };
		46684DD71DE6B2EA00BBF129 /* CriterionsTableViewController.swift in Sources */ = {isa = PBXBuildFile; fileRef = 46684DD61DE6B2EA00BBF129 /* CriterionsTableViewController.swift */; };
		46684DDF1DE6B44900BBF129 /* CustomLevelCell.swift in Sources */ = {isa = PBXBuildFile; fileRef = 46684DDE1DE6B44900BBF129 /* CustomLevelCell.swift */; };
		46684DE11DE6B59E00BBF129 /* LevelsTableViewController.swift in Sources */ = {isa = PBXBuildFile; fileRef = 46684DE01DE6B59E00BBF129 /* LevelsTableViewController.swift */; };
		46684DE31DE6B5C300BBF129 /* Level.swift in Sources */ = {isa = PBXBuildFile; fileRef = 46684DE21DE6B5C300BBF129 /* Level.swift */; };
		467F07851DE3C3DF00DDC6FD /* ActionsTableViewController.swift in Sources */ = {isa = PBXBuildFile; fileRef = 467F07841DE3C3DF00DDC6FD /* ActionsTableViewController.swift */; };
		9623F2591DC39E5A00EA7B6D /* GoalDetailViewController.swift in Sources */ = {isa = PBXBuildFile; fileRef = 9623F2581DC39E5A00EA7B6D /* GoalDetailViewController.swift */; };
		9623F25B1DC3A01C00EA7B6D /* StudentOutcomesViewController.swift in Sources */ = {isa = PBXBuildFile; fileRef = 9623F25A1DC3A01C00EA7B6D /* StudentOutcomesViewController.swift */; };
		9623F25D1DC3A2E900EA7B6D /* CustomOutcomeCell.swift in Sources */ = {isa = PBXBuildFile; fileRef = 9623F25C1DC3A2E900EA7B6D /* CustomOutcomeCell.swift */; };
		9623F25F1DC3A58400EA7B6D /* OutcomeDetailViewController.swift in Sources */ = {isa = PBXBuildFile; fileRef = 9623F25E1DC3A58400EA7B6D /* OutcomeDetailViewController.swift */; };
		9623F2611DC3AB0300EA7B6D /* CourseViewController.swift in Sources */ = {isa = PBXBuildFile; fileRef = 9623F2601DC3AB0300EA7B6D /* CourseViewController.swift */; };
		96332A021DD26F8F00D4CB08 /* Aspect.swift in Sources */ = {isa = PBXBuildFile; fileRef = 96332A011DD26F8F00D4CB08 /* Aspect.swift */; };
		96332A041DD275E800D4CB08 /* AspectsTableViewController.swift in Sources */ = {isa = PBXBuildFile; fileRef = 96332A031DD275E800D4CB08 /* AspectsTableViewController.swift */; };
		96332A061DD2760800D4CB08 /* CustomAspectCell.swift in Sources */ = {isa = PBXBuildFile; fileRef = 96332A051DD2760800D4CB08 /* CustomAspectCell.swift */; };
		96332A081DD2762400D4CB08 /* AspectDetailViewController.swift in Sources */ = {isa = PBXBuildFile; fileRef = 96332A071DD2762400D4CB08 /* AspectDetailViewController.swift */; };
		965F44B91DC270C300D7139A /* CustomGoalCell.swift in Sources */ = {isa = PBXBuildFile; fileRef = 965F44B81DC270C300D7139A /* CustomGoalCell.swift */; };
		966EEACC1DCCE35D00EBC56B /* EducationalGoal.swift in Sources */ = {isa = PBXBuildFile; fileRef = 966EEACB1DCCE35D00EBC56B /* EducationalGoal.swift */; };
		966EEACE1DCCF04100EBC56B /* StudentOutcome.swift in Sources */ = {isa = PBXBuildFile; fileRef = 966EEACD1DCCF04100EBC56B /* StudentOutcome.swift */; };
		967045C51DD1053700DE2E8E /* ImprovementPlanTableViewController.swift in Sources */ = {isa = PBXBuildFile; fileRef = 967045C41DD1053700DE2E8E /* ImprovementPlanTableViewController.swift */; };
		967045C71DD1062600DE2E8E /* ImprovementPlan.swift in Sources */ = {isa = PBXBuildFile; fileRef = 967045C61DD1062600DE2E8E /* ImprovementPlan.swift */; };
		969D91F11DD37F0A00D0456B /* Criterion.swift in Sources */ = {isa = PBXBuildFile; fileRef = 969D91F01DD37F0A00D0456B /* Criterion.swift */; };
		969D91F31DD389FA00D0456B /* CustomCriterionCell.swift in Sources */ = {isa = PBXBuildFile; fileRef = 969D91F21DD389FA00D0456B /* CustomCriterionCell.swift */; };
		96A12BFA1DE77AD2001A20DB /* Assets.xcassets in Resources */ = {isa = PBXBuildFile; fileRef = 96A12BF91DE77AD2001A20DB /* Assets.xcassets */; };
		96A12BFE1DE784BA001A20DB /* UASMenuTableViewController.swift in Sources */ = {isa = PBXBuildFile; fileRef = 96A12BFD1DE784BA001A20DB /* UASMenuTableViewController.swift */; };
		96D51AB51DC262D80015B197 /* EducationalGoalsViewController.swift in Sources */ = {isa = PBXBuildFile; fileRef = 96D51AB41DC262D80015B197 /* EducationalGoalsViewController.swift */; };
/* End PBXBuildFile section */

/* Begin PBXContainerItemProxy section */
		25A6EF1B1DCBDF760084AFE0 /* PBXContainerItemProxy */ = {
			isa = PBXContainerItemProxy;
			containerPortal = 46292AF61DB9DF7500EC8575 /* Project object */;
			proxyType = 1;
			remoteGlobalIDString = 46292AFD1DB9DF7500EC8575;
			remoteInfo = UASapp;
		};
/* End PBXContainerItemProxy section */

/* Begin PBXFileReference section */
		120565981DD3F8070059C16B /* Semester.swift */ = {isa = PBXFileReference; fileEncoding = 4; lastKnownFileType = sourcecode.swift; path = Semester.swift; sourceTree = "<group>"; };
		1207C64F1DCBD95E0004B891 /* ConsolidadoCoursesViewController.swift */ = {isa = PBXFileReference; fileEncoding = 4; lastKnownFileType = sourcecode.swift; path = ConsolidadoCoursesViewController.swift; sourceTree = "<group>"; };
		120B4E411DCE826200BE9D5E /* Schedule.swift */ = {isa = PBXFileReference; fileEncoding = 4; lastKnownFileType = sourcecode.swift; path = Schedule.swift; sourceTree = "<group>"; };
		120B4E431DCE8E2900BE9D5E /* InstrumentsMeasuringViewController.swift */ = {isa = PBXFileReference; fileEncoding = 4; lastKnownFileType = sourcecode.swift; path = InstrumentsMeasuringViewController.swift; sourceTree = "<group>"; };
		120CE10F1DD53996001F8A41 /* CustomScheduleByCourseCell.swift */ = {isa = PBXFileReference; fileEncoding = 4; lastKnownFileType = sourcecode.swift; path = CustomScheduleByCourseCell.swift; sourceTree = "<group>"; };
		1214CEC71DBC05A90042A3F2 /* InvGrEditViewController.swift */ = {isa = PBXFileReference; fileEncoding = 4; lastKnownFileType = sourcecode.swift; path = InvGrEditViewController.swift; sourceTree = "<group>"; };
		1214CEC91DBC0C600042A3F2 /* InvestigationProject.swift */ = {isa = PBXFileReference; fileEncoding = 4; lastKnownFileType = sourcecode.swift; path = InvestigationProject.swift; sourceTree = "<group>"; };
		1214CECB1DBC0DE80042A3F2 /* InvProjectTableViewController.swift */ = {isa = PBXFileReference; fileEncoding = 4; lastKnownFileType = sourcecode.swift; path = InvProjectTableViewController.swift; sourceTree = "<group>"; };
		1214CECD1DBC125E0042A3F2 /* InvPrDetailViewController.swift */ = {isa = PBXFileReference; fileEncoding = 4; lastKnownFileType = sourcecode.swift; path = InvPrDetailViewController.swift; sourceTree = "<group>"; };
		1214CECF1DBC12A50042A3F2 /* InvPrEditViewController.swift */ = {isa = PBXFileReference; fileEncoding = 4; lastKnownFileType = sourcecode.swift; path = InvPrEditViewController.swift; sourceTree = "<group>"; };
		121BE3AF1DCBAFA200B68A3C /* MyFacultiesViewController.swift */ = {isa = PBXFileReference; fileEncoding = 4; lastKnownFileType = sourcecode.swift; path = MyFacultiesViewController.swift; sourceTree = "<group>"; };
		121BE3B11DCBB03500B68A3C /* CustomMyFacultiesCell.swift */ = {isa = PBXFileReference; fileEncoding = 4; lastKnownFileType = sourcecode.swift; path = CustomMyFacultiesCell.swift; sourceTree = "<group>"; };
		121BE3B31DCBB17300B68A3C /* Faculty.swift */ = {isa = PBXFileReference; fileEncoding = 4; lastKnownFileType = sourcecode.swift; path = Faculty.swift; sourceTree = "<group>"; };
		121C14021DCBDEC000C4CDE1 /* KeyboardLayoutConstraint.swift */ = {isa = PBXFileReference; fileEncoding = 4; lastKnownFileType = sourcecode.swift; path = KeyboardLayoutConstraint.swift; sourceTree = "<group>"; };
		1231D7821DBACE03004E35FD /* SpecialtyViewController.swift */ = {isa = PBXFileReference; fileEncoding = 4; lastKnownFileType = sourcecode.swift; path = SpecialtyViewController.swift; sourceTree = "<group>"; };
		1231D7841DBAE4BF004E35FD /* CoursesBySpecialtyViewController.swift */ = {isa = PBXFileReference; fileEncoding = 4; lastKnownFileType = sourcecode.swift; path = CoursesBySpecialtyViewController.swift; sourceTree = "<group>"; };
		1231D7861DBAE5D6004E35FD /* PeriodMeasurementViewController.swift */ = {isa = PBXFileReference; fileEncoding = 4; lastKnownFileType = sourcecode.swift; path = PeriodMeasurementViewController.swift; sourceTree = "<group>"; };
		1231D7881DBAE681004E35FD /* PeriodMeasDetailViewController.swift */ = {isa = PBXFileReference; fileEncoding = 4; lastKnownFileType = sourcecode.swift; path = PeriodMeasDetailViewController.swift; sourceTree = "<group>"; };
		1231D78A1DBAE869004E35FD /* ScheduleViewController.swift */ = {isa = PBXFileReference; fileEncoding = 4; lastKnownFileType = sourcecode.swift; path = ScheduleViewController.swift; sourceTree = "<group>"; };
		1231D78C1DBAE87D004E35FD /* StudentViewController.swift */ = {isa = PBXFileReference; fileEncoding = 4; lastKnownFileType = sourcecode.swift; path = StudentViewController.swift; sourceTree = "<group>"; };
		1237D3A61DCA9CC80081EAF4 /* ViewControllerCreateDate.swift */ = {isa = PBXFileReference; fileEncoding = 4; lastKnownFileType = sourcecode.swift; path = ViewControllerCreateDate.swift; sourceTree = "<group>"; };
		1237D3A71DCA9CC80081EAF4 /* ViewControllerDates.swift */ = {isa = PBXFileReference; fileEncoding = 4; lastKnownFileType = sourcecode.swift; path = ViewControllerDates.swift; sourceTree = "<group>"; };
		1237D3A81DCA9CC80081EAF4 /* ViewControllerDatesFilter.swift */ = {isa = PBXFileReference; fileEncoding = 4; lastKnownFileType = sourcecode.swift; path = ViewControllerDatesFilter.swift; sourceTree = "<group>"; };
		1237D3A91DCA9CC80081EAF4 /* ViewControllerStudentFilter.swift */ = {isa = PBXFileReference; fileEncoding = 4; lastKnownFileType = sourcecode.swift; path = ViewControllerStudentFilter.swift; sourceTree = "<group>"; };
		1237D3AA1DCA9CC80081EAF4 /* ViewControllerStudents.swift */ = {isa = PBXFileReference; fileEncoding = 4; lastKnownFileType = sourcecode.swift; path = ViewControllerStudents.swift; sourceTree = "<group>"; };
		1237D3AB1DCA9CC80081EAF4 /* ViewControllerTutoriaMenu.swift */ = {isa = PBXFileReference; fileEncoding = 4; lastKnownFileType = sourcecode.swift; path = ViewControllerTutoriaMenu.swift; sourceTree = "<group>"; };
		1237D3AC1DCA9CC80081EAF4 /* ViewControllerTutorVisualize.swift */ = {isa = PBXFileReference; fileEncoding = 4; lastKnownFileType = sourcecode.swift; path = ViewControllerTutorVisualize.swift; sourceTree = "<group>"; };
		1237D3B41DCA9CE50081EAF4 /* TableViewCellDate.swift */ = {isa = PBXFileReference; fileEncoding = 4; lastKnownFileType = sourcecode.swift; path = TableViewCellDate.swift; sourceTree = "<group>"; };
		1237D3B51DCA9CE50081EAF4 /* TableViewCellStudent.swift */ = {isa = PBXFileReference; fileEncoding = 4; lastKnownFileType = sourcecode.swift; path = TableViewCellStudent.swift; sourceTree = "<group>"; };
		1237D3B61DCA9CE50081EAF4 /* tutorClass.swift */ = {isa = PBXFileReference; fileEncoding = 4; lastKnownFileType = sourcecode.swift; path = tutorClass.swift; sourceTree = "<group>"; };
		1237D3BA1DCA9D060081EAF4 /* NavigationControllerC.swift */ = {isa = PBXFileReference; fileEncoding = 4; lastKnownFileType = sourcecode.swift; path = NavigationControllerC.swift; sourceTree = "<group>"; };
		1247102D1DCABD63000F9F1D /* Period.swift */ = {isa = PBXFileReference; fileEncoding = 4; lastKnownFileType = sourcecode.swift; path = Period.swift; sourceTree = "<group>"; };
		1247102F1DCAD039000F9F1D /* UASNavViewController.swift */ = {isa = PBXFileReference; fileEncoding = 4; lastKnownFileType = sourcecode.swift; path = UASNavViewController.swift; sourceTree = "<group>"; };
		124710311DCAD809000F9F1D /* Course.swift */ = {isa = PBXFileReference; fileEncoding = 4; lastKnownFileType = sourcecode.swift; path = Course.swift; sourceTree = "<group>"; };
		124DD59B1DBBCB0B004D95FA /* InvGrDetailViewController.swift */ = {isa = PBXFileReference; fileEncoding = 4; lastKnownFileType = sourcecode.swift; path = InvGrDetailViewController.swift; sourceTree = "<group>"; };
		124DD59D1DBBCC6F004D95FA /* InvNavViewController.swift */ = {isa = PBXFileReference; fileEncoding = 4; lastKnownFileType = sourcecode.swift; path = InvNavViewController.swift; sourceTree = "<group>"; };
		125A62021DC2BE50008BD312 /* AskConectivity.swift */ = {isa = PBXFileReference; fileEncoding = 4; lastKnownFileType = sourcecode.swift; path = AskConectivity.swift; sourceTree = "<group>"; };
		125DF5841DD2A25300647C82 /* SemesterViewController.swift */ = {isa = PBXFileReference; fileEncoding = 4; lastKnownFileType = sourcecode.swift; path = SemesterViewController.swift; sourceTree = "<group>"; };
		1268F2721DBFF59E00E1CC22 /* EveProjectTableViewController.swift */ = {isa = PBXFileReference; fileEncoding = 4; lastKnownFileType = sourcecode.swift; path = EveProjectTableViewController.swift; sourceTree = "<group>"; };
		1268F2741DBFF6C300E1CC22 /* InvestigationProjectEvent.swift */ = {isa = PBXFileReference; fileEncoding = 4; lastKnownFileType = sourcecode.swift; path = InvestigationProjectEvent.swift; sourceTree = "<group>"; };
		1268F2761DBFFE4400E1CC22 /* InvPrEvDetailViewController.swift */ = {isa = PBXFileReference; fileEncoding = 4; lastKnownFileType = sourcecode.swift; path = InvPrEvDetailViewController.swift; sourceTree = "<group>"; };
		1268F2781DC0096100E1CC22 /* InvPrEvEditViewController.swift */ = {isa = PBXFileReference; fileEncoding = 4; lastKnownFileType = sourcecode.swift; path = InvPrEvEditViewController.swift; sourceTree = "<group>"; };
		126AE5D01DD418FC00D8F268 /* AportesByCourseController.swift */ = {isa = PBXFileReference; fileEncoding = 4; lastKnownFileType = sourcecode.swift; path = AportesByCourseController.swift; sourceTree = "<group>"; };
		126C82FD1DCA87D400168250 /* InvDerivableTableViewController.swift */ = {isa = PBXFileReference; fileEncoding = 4; lastKnownFileType = sourcecode.swift; path = InvDerivableTableViewController.swift; sourceTree = "<group>"; };
		126C82FE1DCA87D400168250 /* InvestigationDerivable.swift */ = {isa = PBXFileReference; fileEncoding = 4; lastKnownFileType = sourcecode.swift; path = InvestigationDerivable.swift; sourceTree = "<group>"; };
		126C82FF1DCA87D400168250 /* Investigator.swift */ = {isa = PBXFileReference; fileEncoding = 4; lastKnownFileType = sourcecode.swift; path = Investigator.swift; sourceTree = "<group>"; };
		126C83001DCA87D400168250 /* InvestigatorTableViewController.swift */ = {isa = PBXFileReference; fileEncoding = 4; lastKnownFileType = sourcecode.swift; path = InvestigatorTableViewController.swift; sourceTree = "<group>"; };
		12933FFB1DD2C069009CA3B7 /* ViewControllerViewDate.swift */ = {isa = PBXFileReference; fileEncoding = 4; lastKnownFileType = sourcecode.swift; path = ViewControllerViewDate.swift; sourceTree = "<group>"; tabWidth = 4; };
		1296D0BB1DCE4B30006B7E73 /* TabBarController.swift */ = {isa = PBXFileReference; fileEncoding = 4; lastKnownFileType = sourcecode.swift; path = TabBarController.swift; sourceTree = "<group>"; };
		12ADDE981DBACC8300A2B7CA /* InvGroupTableViewController.swift */ = {isa = PBXFileReference; fileEncoding = 4; lastKnownFileType = sourcecode.swift; path = InvGroupTableViewController.swift; sourceTree = "<group>"; };
		12ADDE9A1DBACD0F00A2B7CA /* InvestigationGroup.swift */ = {isa = PBXFileReference; fileEncoding = 4; lastKnownFileType = sourcecode.swift; path = InvestigationGroup.swift; sourceTree = "<group>"; };
		12AEE0B21DDBE2BE00272292 /* TableViewCellScheduleTutor.swift */ = {isa = PBXFileReference; fileEncoding = 4; lastKnownFileType = sourcecode.swift; path = TableViewCellScheduleTutor.swift; sourceTree = "<group>"; };
		12B92A7E1DD2624B00441786 /* InvDocumentTableViewController.swift */ = {isa = PBXFileReference; fileEncoding = 4; lastKnownFileType = sourcecode.swift; path = InvDocumentTableViewController.swift; sourceTree = "<group>"; };
		12B92A801DD262AA00441786 /* InvestigationDocument.swift */ = {isa = PBXFileReference; fileEncoding = 4; lastKnownFileType = sourcecode.swift; path = InvestigationDocument.swift; sourceTree = "<group>"; };
		12B92A821DD2664300441786 /* InvDerDetailViewController.swift */ = {isa = PBXFileReference; fileEncoding = 4; lastKnownFileType = sourcecode.swift; path = InvDerDetailViewController.swift; sourceTree = "<group>"; };
		12B92A861DD267B300441786 /* InvDerEditViewController.swift */ = {isa = PBXFileReference; fileEncoding = 4; lastKnownFileType = sourcecode.swift; path = InvDerEditViewController.swift; sourceTree = "<group>"; };
		12BB00011DD3FD1A009463B5 /* TableViewControllerDatesTable.swift */ = {isa = PBXFileReference; fileEncoding = 4; lastKnownFileType = sourcecode.swift; path = TableViewControllerDatesTable.swift; sourceTree = "<group>"; };
		12BCE5281DC2B2710052E607 /* CustomCourseCell.swift */ = {isa = PBXFileReference; fileEncoding = 4; lastKnownFileType = sourcecode.swift; path = CustomCourseCell.swift; sourceTree = "<group>"; };
		12BF4DB21DC2CD70005E7D5A /* CustomStudentCell.swift */ = {isa = PBXFileReference; fileEncoding = 4; lastKnownFileType = sourcecode.swift; path = CustomStudentCell.swift; sourceTree = "<group>"; };
		12BF4DB41DC2D73E005E7D5A /* ListStudentViewController.swift */ = {isa = PBXFileReference; fileEncoding = 4; lastKnownFileType = sourcecode.swift; path = ListStudentViewController.swift; sourceTree = "<group>"; };
		12BF4DB61DC2EAE5005E7D5A /* CustomCriterioCell.swift */ = {isa = PBXFileReference; fileEncoding = 4; lastKnownFileType = sourcecode.swift; path = CustomCriterioCell.swift; sourceTree = "<group>"; };
		12C2AB1D1DE3D04300514C3B /* Student.swift */ = {isa = PBXFileReference; fileEncoding = 4; lastKnownFileType = sourcecode.swift; path = Student.swift; sourceTree = "<group>"; };
		12C2AB1F1DE3DA8600514C3B /* GradeCriterio.swift */ = {isa = PBXFileReference; fileEncoding = 4; lastKnownFileType = sourcecode.swift; path = GradeCriterio.swift; sourceTree = "<group>"; };
		12C5F6981DCBA2A0004BCF81 /* citaClass.swift */ = {isa = PBXFileReference; fileEncoding = 4; lastKnownFileType = sourcecode.swift; path = citaClass.swift; sourceTree = "<group>"; };
		12D01CB51DBC13CC00082441 /* CustomPeriodCell.swift */ = {isa = PBXFileReference; fileEncoding = 4; lastKnownFileType = sourcecode.swift; path = CustomPeriodCell.swift; sourceTree = "<group>"; };
		12D71EC61DDD3B2100223777 /* ViewControllerEvaluations.swift */ = {isa = PBXFileReference; fileEncoding = 4; lastKnownFileType = sourcecode.swift; path = ViewControllerEvaluations.swift; sourceTree = "<group>"; };
		12D71EC81DDD3B3600223777 /* evaluationClass.swift */ = {isa = PBXFileReference; fileEncoding = 4; lastKnownFileType = sourcecode.swift; path = evaluationClass.swift; sourceTree = "<group>"; };
		12D71ECA1DDD402600223777 /* TableViewCellEvaluation.swift */ = {isa = PBXFileReference; fileEncoding = 4; lastKnownFileType = sourcecode.swift; path = TableViewCellEvaluation.swift; sourceTree = "<group>"; };
		12D71ECC1DDD4D7E00223777 /* ViewControllerEvaluationFilter.swift */ = {isa = PBXFileReference; fileEncoding = 4; lastKnownFileType = sourcecode.swift; path = ViewControllerEvaluationFilter.swift; sourceTree = "<group>"; };
		12D71ECE1DDD509C00223777 /* ViewControllerViewEvaluation.swift */ = {isa = PBXFileReference; fileEncoding = 4; lastKnownFileType = sourcecode.swift; path = ViewControllerViewEvaluation.swift; sourceTree = "<group>"; };
		12DABD331DCBE8ED0055F8FC /* studentClass.swift */ = {isa = PBXFileReference; fileEncoding = 4; lastKnownFileType = sourcecode.swift; path = studentClass.swift; sourceTree = "<group>"; };
		12DABD351DCC0C9B0055F8FC /* temaClass.swift */ = {isa = PBXFileReference; fileEncoding = 4; lastKnownFileType = sourcecode.swift; path = temaClass.swift; sourceTree = "<group>"; };
		12DD027F1DBEEB2500CCB25A /* CustomSpecialtyCell.swift */ = {isa = PBXFileReference; fileEncoding = 4; lastKnownFileType = sourcecode.swift; path = CustomSpecialtyCell.swift; sourceTree = "<group>"; };
		12DF4D1E1DCADD7600E59AD0 /* InvestigatorDetailViewController.swift */ = {isa = PBXFileReference; fileEncoding = 4; lastKnownFileType = sourcecode.swift; path = InvestigatorDetailViewController.swift; sourceTree = "<group>"; };
		12DF4D201DCADD8700E59AD0 /* InvestigatorEditViewController.swift */ = {isa = PBXFileReference; fileEncoding = 4; lastKnownFileType = sourcecode.swift; path = InvestigatorEditViewController.swift; sourceTree = "<group>"; };
		12E0A0691DDD21F200E7B078 /* ViewControllerCRCita.swift */ = {isa = PBXFileReference; fileEncoding = 4; lastKnownFileType = sourcecode.swift; path = ViewControllerCRCita.swift; sourceTree = "<group>"; };
		12E3584E1DD1376F008005B1 /* FilesTableViewController.swift */ = {isa = PBXFileReference; fileEncoding = 4; lastKnownFileType = sourcecode.swift; path = FilesTableViewController.swift; sourceTree = "<group>"; };
		250090BD1DE7445900A22D71 /* PspReuniones.swift */ = {isa = PBXFileReference; fileEncoding = 4; lastKnownFileType = sourcecode.swift; path = PspReuniones.swift; sourceTree = "<group>"; };
		250090BE1DE7445900A22D71 /* PspReunionesAlumnos.swift */ = {isa = PBXFileReference; fileEncoding = 4; lastKnownFileType = sourcecode.swift; path = PspReunionesAlumnos.swift; sourceTree = "<group>"; };
		250090BF1DE7445900A22D71 /* Alumnos.swift */ = {isa = PBXFileReference; fileEncoding = 4; lastKnownFileType = sourcecode.swift; path = Alumnos.swift; sourceTree = "<group>"; };
		250090C01DE7445900A22D71 /* Supervisor.swift */ = {isa = PBXFileReference; fileEncoding = 4; lastKnownFileType = sourcecode.swift; path = Supervisor.swift; sourceTree = "<group>"; };
		250090C11DE7445900A22D71 /* PspFreeHour.swift */ = {isa = PBXFileReference; fileEncoding = 4; lastKnownFileType = sourcecode.swift; path = PspFreeHour.swift; sourceTree = "<group>"; };
		250090C21DE7445900A22D71 /* Grupos.swift */ = {isa = PBXFileReference; fileEncoding = 4; lastKnownFileType = sourcecode.swift; path = Grupos.swift; sourceTree = "<group>"; };
		250090C31DE7445900A22D71 /* Fases.swift */ = {isa = PBXFileReference; fileEncoding = 4; lastKnownFileType = sourcecode.swift; path = Fases.swift; sourceTree = "<group>"; };
		250090C41DE7445900A22D71 /* PspStudent.swift */ = {isa = PBXFileReference; fileEncoding = 4; lastKnownFileType = sourcecode.swift; path = PspStudent.swift; sourceTree = "<group>"; };
		250090C51DE7445900A22D71 /* studentxinscriptionfiles.swift */ = {isa = PBXFileReference; fileEncoding = 4; lastKnownFileType = sourcecode.swift; path = studentxinscriptionfiles.swift; sourceTree = "<group>"; };
		250090C61DE7445900A22D71 /* PspInscription.swift */ = {isa = PBXFileReference; fileEncoding = 4; lastKnownFileType = sourcecode.swift; path = PspInscription.swift; sourceTree = "<group>"; };
		250090C71DE7445900A22D71 /* PspDocuments.swift */ = {isa = PBXFileReference; fileEncoding = 4; lastKnownFileType = sourcecode.swift; path = PspDocuments.swift; sourceTree = "<group>"; };
		250090D31DE7446600A22D71 /* InicioPspViewController.swift */ = {isa = PBXFileReference; fileEncoding = 4; lastKnownFileType = sourcecode.swift; path = InicioPspViewController.swift; sourceTree = "<group>"; };
		250090D41DE7446600A22D71 /* FasesTableViewController.swift */ = {isa = PBXFileReference; fileEncoding = 4; lastKnownFileType = sourcecode.swift; path = FasesTableViewController.swift; sourceTree = "<group>"; };
		250090D51DE7446600A22D71 /* DetalleFaseViewController.swift */ = {isa = PBXFileReference; fileEncoding = 4; lastKnownFileType = sourcecode.swift; path = DetalleFaseViewController.swift; sourceTree = "<group>"; };
		250090D61DE7446600A22D71 /* GruposTableViewController.swift */ = {isa = PBXFileReference; fileEncoding = 4; lastKnownFileType = sourcecode.swift; path = GruposTableViewController.swift; sourceTree = "<group>"; };
		250090D71DE7446600A22D71 /* MenusTableViewController.swift */ = {isa = PBXFileReference; fileEncoding = 4; lastKnownFileType = sourcecode.swift; path = MenusTableViewController.swift; sourceTree = "<group>"; };
		250090D81DE7446600A22D71 /* DetalleGruposViewController.swift */ = {isa = PBXFileReference; fileEncoding = 4; lastKnownFileType = sourcecode.swift; path = DetalleGruposViewController.swift; sourceTree = "<group>"; };
		250090D91DE7446600A22D71 /* MenuProvisionalAlumnosViewController.swift */ = {isa = PBXFileReference; fileEncoding = 4; lastKnownFileType = sourcecode.swift; path = MenuProvisionalAlumnosViewController.swift; sourceTree = "<group>"; };
		250090DA1DE7446600A22D71 /* DetalleReunionesAlumnoViewController.swift */ = {isa = PBXFileReference; fileEncoding = 4; lastKnownFileType = sourcecode.swift; path = DetalleReunionesAlumnoViewController.swift; sourceTree = "<group>"; };
		250090DB1DE7446600A22D71 /* DetalleReunionesViewController.swift */ = {isa = PBXFileReference; fileEncoding = 4; lastKnownFileType = sourcecode.swift; path = DetalleReunionesViewController.swift; sourceTree = "<group>"; };
		250090DC1DE7446600A22D71 /* NuevaReunionAlumnoViewController.swift */ = {isa = PBXFileReference; fileEncoding = 4; lastKnownFileType = sourcecode.swift; path = NuevaReunionAlumnoViewController.swift; sourceTree = "<group>"; };
		250090DD1DE7446600A22D71 /* ReunionesAlumnoTableViewController.swift */ = {isa = PBXFileReference; fileEncoding = 4; lastKnownFileType = sourcecode.swift; path = ReunionesAlumnoTableViewController.swift; sourceTree = "<group>"; };
		250090DE1DE7446600A22D71 /* ReunionesTableViewController.swift */ = {isa = PBXFileReference; fileEncoding = 4; lastKnownFileType = sourcecode.swift; path = ReunionesTableViewController.swift; sourceTree = "<group>"; };
		250090DF1DE7446600A22D71 /* PspSupervisorDocumentosAlumnosTableViewController.swift */ = {isa = PBXFileReference; fileEncoding = 4; lastKnownFileType = sourcecode.swift; path = PspSupervisorDocumentosAlumnosTableViewController.swift; sourceTree = "<group>"; };
		250090E01DE7446600A22D71 /* PspAlumnosSupervisorTableViewController.swift */ = {isa = PBXFileReference; fileEncoding = 4; lastKnownFileType = sourcecode.swift; path = PspAlumnosSupervisorTableViewController.swift; sourceTree = "<group>"; };
		250090E11DE7446600A22D71 /* DetalleDocumentoViewController.swift */ = {isa = PBXFileReference; fileEncoding = 4; lastKnownFileType = sourcecode.swift; path = DetalleDocumentoViewController.swift; sourceTree = "<group>"; };
		250090E21DE7446600A22D71 /* PspDetalleFichaAlumnoViewController.swift */ = {isa = PBXFileReference; fileEncoding = 4; lastKnownFileType = sourcecode.swift; path = PspDetalleFichaAlumnoViewController.swift; sourceTree = "<group>"; };
		250090E31DE7446600A22D71 /* PspStudentRecomendacionesIFTableViewController.swift */ = {isa = PBXFileReference; fileEncoding = 4; lastKnownFileType = sourcecode.swift; path = PspStudentRecomendacionesIFTableViewController.swift; sourceTree = "<group>"; };
		250090E41DE7446600A22D71 /* PspNuevaReunionSupervisorViewController.swift */ = {isa = PBXFileReference; fileEncoding = 4; lastKnownFileType = sourcecode.swift; path = PspNuevaReunionSupervisorViewController.swift; sourceTree = "<group>"; };
		250090E51DE7446600A22D71 /* PspDocumentosTableViewController.swift */ = {isa = PBXFileReference; fileEncoding = 4; lastKnownFileType = sourcecode.swift; path = PspDocumentosTableViewController.swift; sourceTree = "<group>"; };
		250090E61DE7446600A22D71 /* PspDetalleFichaViewController.swift */ = {isa = PBXFileReference; fileEncoding = 4; lastKnownFileType = sourcecode.swift; path = PspDetalleFichaViewController.swift; sourceTree = "<group>"; };
		250090E71DE7446600A22D71 /* PspDetalleFichaNotasViewController.swift */ = {isa = PBXFileReference; fileEncoding = 4; lastKnownFileType = sourcecode.swift; path = PspDetalleFichaNotasViewController.swift; sourceTree = "<group>"; };
		250090E81DE7446600A22D71 /* PspFichaRegistroTableViewController.swift */ = {isa = PBXFileReference; fileEncoding = 4; lastKnownFileType = sourcecode.swift; path = PspFichaRegistroTableViewController.swift; sourceTree = "<group>"; };
		250090E91DE7446600A22D71 /* AlumnosNotasPspTableViewController.swift */ = {isa = PBXFileReference; fileEncoding = 4; lastKnownFileType = sourcecode.swift; path = AlumnosNotasPspTableViewController.swift; sourceTree = "<group>"; };
		25A6EF161DCBDF760084AFE0 /* Test.xctest */ = {isa = PBXFileReference; explicitFileType = wrapper.cfbundle; includeInIndex = 0; path = Test.xctest; sourceTree = BUILT_PRODUCTS_DIR; };
		25A6EF181DCBDF760084AFE0 /* Test.swift */ = {isa = PBXFileReference; lastKnownFileType = sourcecode.swift; path = Test.swift; sourceTree = "<group>"; };
		25A6EF1A1DCBDF760084AFE0 /* Info.plist */ = {isa = PBXFileReference; lastKnownFileType = text.plist.xml; path = Info.plist; sourceTree = "<group>"; };
		25A6EF2C1DCBE7CA0084AFE0 /* FaseTest.swift */ = {isa = PBXFileReference; fileEncoding = 4; lastKnownFileType = sourcecode.swift; path = FaseTest.swift; sourceTree = "<group>"; };
		4616D9E01DC07E12008174B7 /* HTTPHelper.swift */ = {isa = PBXFileReference; fileEncoding = 4; lastKnownFileType = sourcecode.swift; path = HTTPHelper.swift; sourceTree = "<group>"; };
		4618847D1DCC20A1000858C8 /* ConfigTableViewController.swift */ = {isa = PBXFileReference; fileEncoding = 4; lastKnownFileType = sourcecode.swift; path = ConfigTableViewController.swift; sourceTree = "<group>"; };
		4627D4671DE3B670006EBB92 /* ActionDetailViewController.swift */ = {isa = PBXFileReference; fileEncoding = 4; lastKnownFileType = sourcecode.swift; path = ActionDetailViewController.swift; sourceTree = "<group>"; };
		4627D4691DE3B691006EBB92 /* Action.swift */ = {isa = PBXFileReference; fileEncoding = 4; lastKnownFileType = sourcecode.swift; path = Action.swift; sourceTree = "<group>"; };
		4627D46D1DE3BA79006EBB92 /* CustomActionCell.swift */ = {isa = PBXFileReference; fileEncoding = 4; lastKnownFileType = sourcecode.swift; path = CustomActionCell.swift; sourceTree = "<group>"; };
		4627D46F1DE3BA8D006EBB92 /* Suggestion.swift */ = {isa = PBXFileReference; fileEncoding = 4; lastKnownFileType = sourcecode.swift; path = Suggestion.swift; sourceTree = "<group>"; };
		4627D4711DE3BF7D006EBB92 /* SuggestionViewController.swift */ = {isa = PBXFileReference; fileEncoding = 4; lastKnownFileType = sourcecode.swift; path = SuggestionViewController.swift; sourceTree = "<group>"; };
		46292AFE1DB9DF7500EC8575 /* UASapp.app */ = {isa = PBXFileReference; explicitFileType = wrapper.application; includeInIndex = 0; path = UASapp.app; sourceTree = BUILT_PRODUCTS_DIR; };
		46292B011DB9DF7500EC8575 /* AppDelegate.swift */ = {isa = PBXFileReference; lastKnownFileType = sourcecode.swift; path = AppDelegate.swift; sourceTree = "<group>"; };
		46292B031DB9DF7500EC8575 /* ViewController.swift */ = {isa = PBXFileReference; lastKnownFileType = sourcecode.swift; path = ViewController.swift; sourceTree = "<group>"; };
		46292B0B1DB9DF7500EC8575 /* Base */ = {isa = PBXFileReference; lastKnownFileType = file.storyboard; name = Base; path = Base.lproj/LaunchScreen.storyboard; sourceTree = "<group>"; };
		46292B0D1DB9DF7500EC8575 /* Info.plist */ = {isa = PBXFileReference; lastKnownFileType = text.plist.xml; path = Info.plist; sourceTree = "<group>"; };
		463056571DD166A50066C7DB /* CustomImpPlanCell.swift */ = {isa = PBXFileReference; fileEncoding = 4; lastKnownFileType = sourcecode.swift; path = CustomImpPlanCell.swift; sourceTree = "<group>"; };
		463056591DD169D50066C7DB /* PlanDetailViewController.swift */ = {isa = PBXFileReference; fileEncoding = 4; lastKnownFileType = sourcecode.swift; path = PlanDetailViewController.swift; sourceTree = "<group>"; };
		4637A5661DCE747100D65C40 /* DownloadHelper.swift */ = {isa = PBXFileReference; fileEncoding = 4; lastKnownFileType = sourcecode.swift; path = DownloadHelper.swift; sourceTree = "<group>"; };
		46419A8C1DCC505C00E77B9A /* Base */ = {isa = PBXFileReference; lastKnownFileType = file.storyboard; name = Base; path = UASapp/Base.lproj/Main.storyboard; sourceTree = "<group>"; };
		46684DD61DE6B2EA00BBF129 /* CriterionsTableViewController.swift */ = {isa = PBXFileReference; fileEncoding = 4; lastKnownFileType = sourcecode.swift; path = CriterionsTableViewController.swift; sourceTree = "<group>"; };
		46684DDE1DE6B44900BBF129 /* CustomLevelCell.swift */ = {isa = PBXFileReference; fileEncoding = 4; lastKnownFileType = sourcecode.swift; path = CustomLevelCell.swift; sourceTree = "<group>"; };
		46684DE01DE6B59E00BBF129 /* LevelsTableViewController.swift */ = {isa = PBXFileReference; fileEncoding = 4; lastKnownFileType = sourcecode.swift; path = LevelsTableViewController.swift; sourceTree = "<group>"; };
		46684DE21DE6B5C300BBF129 /* Level.swift */ = {isa = PBXFileReference; fileEncoding = 4; lastKnownFileType = sourcecode.swift; path = Level.swift; sourceTree = "<group>"; };
		467F07841DE3C3DF00DDC6FD /* ActionsTableViewController.swift */ = {isa = PBXFileReference; fileEncoding = 4; lastKnownFileType = sourcecode.swift; path = ActionsTableViewController.swift; sourceTree = "<group>"; };
		9623F2581DC39E5A00EA7B6D /* GoalDetailViewController.swift */ = {isa = PBXFileReference; fileEncoding = 4; lastKnownFileType = sourcecode.swift; path = GoalDetailViewController.swift; sourceTree = "<group>"; };
		9623F25A1DC3A01C00EA7B6D /* StudentOutcomesViewController.swift */ = {isa = PBXFileReference; fileEncoding = 4; lastKnownFileType = sourcecode.swift; path = StudentOutcomesViewController.swift; sourceTree = "<group>"; };
		9623F25C1DC3A2E900EA7B6D /* CustomOutcomeCell.swift */ = {isa = PBXFileReference; fileEncoding = 4; lastKnownFileType = sourcecode.swift; path = CustomOutcomeCell.swift; sourceTree = "<group>"; };
		9623F25E1DC3A58400EA7B6D /* OutcomeDetailViewController.swift */ = {isa = PBXFileReference; fileEncoding = 4; lastKnownFileType = sourcecode.swift; path = OutcomeDetailViewController.swift; sourceTree = "<group>"; };
		9623F2601DC3AB0300EA7B6D /* CourseViewController.swift */ = {isa = PBXFileReference; fileEncoding = 4; lastKnownFileType = sourcecode.swift; path = CourseViewController.swift; sourceTree = "<group>"; };
		96332A011DD26F8F00D4CB08 /* Aspect.swift */ = {isa = PBXFileReference; fileEncoding = 4; lastKnownFileType = sourcecode.swift; path = Aspect.swift; sourceTree = "<group>"; };
		96332A031DD275E800D4CB08 /* AspectsTableViewController.swift */ = {isa = PBXFileReference; fileEncoding = 4; lastKnownFileType = sourcecode.swift; path = AspectsTableViewController.swift; sourceTree = "<group>"; };
		96332A051DD2760800D4CB08 /* CustomAspectCell.swift */ = {isa = PBXFileReference; fileEncoding = 4; lastKnownFileType = sourcecode.swift; path = CustomAspectCell.swift; sourceTree = "<group>"; };
		96332A071DD2762400D4CB08 /* AspectDetailViewController.swift */ = {isa = PBXFileReference; fileEncoding = 4; lastKnownFileType = sourcecode.swift; path = AspectDetailViewController.swift; sourceTree = "<group>"; };
		965F44B81DC270C300D7139A /* CustomGoalCell.swift */ = {isa = PBXFileReference; fileEncoding = 4; lastKnownFileType = sourcecode.swift; path = CustomGoalCell.swift; sourceTree = "<group>"; };
		966EEACB1DCCE35D00EBC56B /* EducationalGoal.swift */ = {isa = PBXFileReference; fileEncoding = 4; lastKnownFileType = sourcecode.swift; path = EducationalGoal.swift; sourceTree = "<group>"; };
		966EEACD1DCCF04100EBC56B /* StudentOutcome.swift */ = {isa = PBXFileReference; fileEncoding = 4; lastKnownFileType = sourcecode.swift; path = StudentOutcome.swift; sourceTree = "<group>"; };
		967045C41DD1053700DE2E8E /* ImprovementPlanTableViewController.swift */ = {isa = PBXFileReference; fileEncoding = 4; lastKnownFileType = sourcecode.swift; path = ImprovementPlanTableViewController.swift; sourceTree = "<group>"; };
		967045C61DD1062600DE2E8E /* ImprovementPlan.swift */ = {isa = PBXFileReference; fileEncoding = 4; lastKnownFileType = sourcecode.swift; path = ImprovementPlan.swift; sourceTree = "<group>"; };
		969D91F01DD37F0A00D0456B /* Criterion.swift */ = {isa = PBXFileReference; fileEncoding = 4; lastKnownFileType = sourcecode.swift; path = Criterion.swift; sourceTree = "<group>"; };
		969D91F21DD389FA00D0456B /* CustomCriterionCell.swift */ = {isa = PBXFileReference; fileEncoding = 4; lastKnownFileType = sourcecode.swift; path = CustomCriterionCell.swift; sourceTree = "<group>"; };
		96A12BF91DE77AD2001A20DB /* Assets.xcassets */ = {isa = PBXFileReference; lastKnownFileType = folder.assetcatalog; path = Assets.xcassets; sourceTree = "<group>"; };
		96A12BFD1DE784BA001A20DB /* UASMenuTableViewController.swift */ = {isa = PBXFileReference; fileEncoding = 4; lastKnownFileType = sourcecode.swift; path = UASMenuTableViewController.swift; sourceTree = "<group>"; };
		96D51AB41DC262D80015B197 /* EducationalGoalsViewController.swift */ = {isa = PBXFileReference; fileEncoding = 4; lastKnownFileType = sourcecode.swift; path = EducationalGoalsViewController.swift; sourceTree = "<group>"; };
/* End PBXFileReference section */

/* Begin PBXFrameworksBuildPhase section */
		25A6EF131DCBDF760084AFE0 /* Frameworks */ = {
			isa = PBXFrameworksBuildPhase;
			buildActionMask = 2147483647;
			files = (
			);
			runOnlyForDeploymentPostprocessing = 0;
		};
		46292AFB1DB9DF7500EC8575 /* Frameworks */ = {
			isa = PBXFrameworksBuildPhase;
			buildActionMask = 2147483647;
			files = (
			);
			runOnlyForDeploymentPostprocessing = 0;
		};
/* End PBXFrameworksBuildPhase section */

/* Begin PBXGroup section */
		1296D0AB1DCE34D2006B7E73 /* Accreditation */ = {
			isa = PBXGroup;
			children = (
				1296D0B01DCE3592006B7E73 /* Controller */,
				1296D0AF1DCE3588006B7E73 /* Model */,
			);
			name = Accreditation;
			sourceTree = "<group>";
		};
		1296D0AC1DCE34E2006B7E73 /* Investigation */ = {
			isa = PBXGroup;
			children = (
				1296D0B21DCE35AB006B7E73 /* Controller */,
				1296D0B11DCE35A5006B7E73 /* Model */,
			);
			name = Investigation;
			sourceTree = "<group>";
		};
		1296D0AD1DCE3505006B7E73 /* Tutorship */ = {
			isa = PBXGroup;
			children = (
				1296D0B41DCE35BE006B7E73 /* Controller */,
				1296D0B31DCE35B6006B7E73 /* Model */,
			);
			name = Tutorship;
			sourceTree = "<group>";
		};
		1296D0AE1DCE3575006B7E73 /* PSP */ = {
			isa = PBXGroup;
			children = (
				1296D0B61DCE35D2006B7E73 /* Controller */,
				1296D0B51DCE35C9006B7E73 /* Model */,
			);
			name = PSP;
			sourceTree = "<group>";
		};
		1296D0AF1DCE3588006B7E73 /* Model */ = {
			isa = PBXGroup;
			children = (
				966EEACB1DCCE35D00EBC56B /* EducationalGoal.swift */,
				966EEACD1DCCF04100EBC56B /* StudentOutcome.swift */,
				124710311DCAD809000F9F1D /* Course.swift */,
				1247102D1DCABD63000F9F1D /* Period.swift */,
				121BE3B31DCBB17300B68A3C /* Faculty.swift */,
				120B4E411DCE826200BE9D5E /* Schedule.swift */,
				120565981DD3F8070059C16B /* Semester.swift */,
				46684DE21DE6B5C300BBF129 /* Level.swift */,
				967045C61DD1062600DE2E8E /* ImprovementPlan.swift */,
				96332A011DD26F8F00D4CB08 /* Aspect.swift */,
				969D91F01DD37F0A00D0456B /* Criterion.swift */,
				4627D4691DE3B691006EBB92 /* Action.swift */,
				4627D46F1DE3BA8D006EBB92 /* Suggestion.swift */,
			);
			name = Model;
			sourceTree = "<group>";
		};
		1296D0B01DCE3592006B7E73 /* Controller */ = {
			isa = PBXGroup;
			children = (
				1231D7821DBACE03004E35FD /* SpecialtyViewController.swift */,
				1231D7841DBAE4BF004E35FD /* CoursesBySpecialtyViewController.swift */,
				1231D7861DBAE5D6004E35FD /* PeriodMeasurementViewController.swift */,
				1231D7881DBAE681004E35FD /* PeriodMeasDetailViewController.swift */,
				1231D78A1DBAE869004E35FD /* ScheduleViewController.swift */,
				1231D78C1DBAE87D004E35FD /* StudentViewController.swift */,
				12D01CB51DBC13CC00082441 /* CustomPeriodCell.swift */,
				12DD027F1DBEEB2500CCB25A /* CustomSpecialtyCell.swift */,
				96D51AB41DC262D80015B197 /* EducationalGoalsViewController.swift */,
				965F44B81DC270C300D7139A /* CustomGoalCell.swift */,
				9623F2581DC39E5A00EA7B6D /* GoalDetailViewController.swift */,
				9623F25A1DC3A01C00EA7B6D /* StudentOutcomesViewController.swift */,
				9623F25C1DC3A2E900EA7B6D /* CustomOutcomeCell.swift */,
				46684DD61DE6B2EA00BBF129 /* CriterionsTableViewController.swift */,
				46684DE01DE6B59E00BBF129 /* LevelsTableViewController.swift */,
				46684DDE1DE6B44900BBF129 /* CustomLevelCell.swift */,
				9623F25E1DC3A58400EA7B6D /* OutcomeDetailViewController.swift */,
				9623F2601DC3AB0300EA7B6D /* CourseViewController.swift */,
				12BCE5281DC2B2710052E607 /* CustomCourseCell.swift */,
				12BF4DB21DC2CD70005E7D5A /* CustomStudentCell.swift */,
				12BF4DB41DC2D73E005E7D5A /* ListStudentViewController.swift */,
				12BF4DB61DC2EAE5005E7D5A /* CustomCriterioCell.swift */,
				1247102F1DCAD039000F9F1D /* UASNavViewController.swift */,
				96A12BFD1DE784BA001A20DB /* UASMenuTableViewController.swift */,
				121BE3AF1DCBAFA200B68A3C /* MyFacultiesViewController.swift */,
				121BE3B11DCBB03500B68A3C /* CustomMyFacultiesCell.swift */,
				1207C64F1DCBD95E0004B891 /* ConsolidadoCoursesViewController.swift */,
				120B4E431DCE8E2900BE9D5E /* InstrumentsMeasuringViewController.swift */,
				125DF5841DD2A25300647C82 /* SemesterViewController.swift */,
				126AE5D01DD418FC00D8F268 /* AportesByCourseController.swift */,
				120CE10F1DD53996001F8A41 /* CustomScheduleByCourseCell.swift */,
				967045C41DD1053700DE2E8E /* ImprovementPlanTableViewController.swift */,
				463056571DD166A50066C7DB /* CustomImpPlanCell.swift */,
				463056591DD169D50066C7DB /* PlanDetailViewController.swift */,
				467F07841DE3C3DF00DDC6FD /* ActionsTableViewController.swift */,
				96332A031DD275E800D4CB08 /* AspectsTableViewController.swift */,
				96332A051DD2760800D4CB08 /* CustomAspectCell.swift */,
				96332A071DD2762400D4CB08 /* AspectDetailViewController.swift */,
				969D91F21DD389FA00D0456B /* CustomCriterionCell.swift */,
				4627D4671DE3B670006EBB92 /* ActionDetailViewController.swift */,
				4627D46D1DE3BA79006EBB92 /* CustomActionCell.swift */,
				4627D4711DE3BF7D006EBB92 /* SuggestionViewController.swift */,
			);
			name = Controller;
			sourceTree = "<group>";
		};
		1296D0B11DCE35A5006B7E73 /* Model */ = {
			isa = PBXGroup;
			children = (
				126C82FE1DCA87D400168250 /* InvestigationDerivable.swift */,
				126C82FF1DCA87D400168250 /* Investigator.swift */,
				12ADDE9A1DBACD0F00A2B7CA /* InvestigationGroup.swift */,
				1214CEC91DBC0C600042A3F2 /* InvestigationProject.swift */,
				1268F2741DBFF6C300E1CC22 /* InvestigationProjectEvent.swift */,
				12B92A801DD262AA00441786 /* InvestigationDocument.swift */,
			);
			name = Model;
			sourceTree = "<group>";
		};
		1296D0B21DCE35AB006B7E73 /* Controller */ = {
			isa = PBXGroup;
			children = (
				12DF4D1E1DCADD7600E59AD0 /* InvestigatorDetailViewController.swift */,
				126C82FD1DCA87D400168250 /* InvDerivableTableViewController.swift */,
				126C83001DCA87D400168250 /* InvestigatorTableViewController.swift */,
				12ADDE981DBACC8300A2B7CA /* InvGroupTableViewController.swift */,
				124DD59B1DBBCB0B004D95FA /* InvGrDetailViewController.swift */,
				124DD59D1DBBCC6F004D95FA /* InvNavViewController.swift */,
				1214CEC71DBC05A90042A3F2 /* InvGrEditViewController.swift */,
				1214CECB1DBC0DE80042A3F2 /* InvProjectTableViewController.swift */,
				1214CECD1DBC125E0042A3F2 /* InvPrDetailViewController.swift */,
				1214CECF1DBC12A50042A3F2 /* InvPrEditViewController.swift */,
				1268F2721DBFF59E00E1CC22 /* EveProjectTableViewController.swift */,
				1268F2761DBFFE4400E1CC22 /* InvPrEvDetailViewController.swift */,
				1268F2781DC0096100E1CC22 /* InvPrEvEditViewController.swift */,
				12DF4D201DCADD8700E59AD0 /* InvestigatorEditViewController.swift */,
				12B92A7E1DD2624B00441786 /* InvDocumentTableViewController.swift */,
				12B92A821DD2664300441786 /* InvDerDetailViewController.swift */,
				12B92A861DD267B300441786 /* InvDerEditViewController.swift */,
			);
			name = Controller;
			sourceTree = "<group>";
		};
		1296D0B31DCE35B6006B7E73 /* Model */ = {
			isa = PBXGroup;
			children = (
				12DABD351DCC0C9B0055F8FC /* temaClass.swift */,
				12DABD331DCBE8ED0055F8FC /* studentClass.swift */,
				12C5F6981DCBA2A0004BCF81 /* citaClass.swift */,
				1237D3B61DCA9CE50081EAF4 /* tutorClass.swift */,
			);
			name = Model;
			sourceTree = "<group>";
		};
		1296D0B41DCE35BE006B7E73 /* Controller */ = {
			isa = PBXGroup;
			children = (
				12933FFB1DD2C069009CA3B7 /* ViewControllerViewDate.swift */,
				12BB00011DD3FD1A009463B5 /* TableViewControllerDatesTable.swift */,
				1237D3A61DCA9CC80081EAF4 /* ViewControllerCreateDate.swift */,
				1237D3A71DCA9CC80081EAF4 /* ViewControllerDates.swift */,
				1237D3A81DCA9CC80081EAF4 /* ViewControllerDatesFilter.swift */,
				1237D3A91DCA9CC80081EAF4 /* ViewControllerStudentFilter.swift */,
				1237D3AA1DCA9CC80081EAF4 /* ViewControllerStudents.swift */,
				1237D3AB1DCA9CC80081EAF4 /* ViewControllerTutoriaMenu.swift */,
				1237D3AC1DCA9CC80081EAF4 /* ViewControllerTutorVisualize.swift */,
				1237D3BA1DCA9D060081EAF4 /* NavigationControllerC.swift */,
				1237D3B41DCA9CE50081EAF4 /* TableViewCellDate.swift */,
				1237D3B51DCA9CE50081EAF4 /* TableViewCellStudent.swift */,
				12AEE0B21DDBE2BE00272292 /* TableViewCellScheduleTutor.swift */,
				12E0A0691DDD21F200E7B078 /* ViewControllerCRCita.swift */,
			);
			name = Controller;
			sourceTree = "<group>";
		};
		1296D0B51DCE35C9006B7E73 /* Model */ = {
			isa = PBXGroup;
			children = (
				250090BD1DE7445900A22D71 /* PspReuniones.swift */,
				250090BE1DE7445900A22D71 /* PspReunionesAlumnos.swift */,
				250090BF1DE7445900A22D71 /* Alumnos.swift */,
				250090C01DE7445900A22D71 /* Supervisor.swift */,
				250090C11DE7445900A22D71 /* PspFreeHour.swift */,
				250090C21DE7445900A22D71 /* Grupos.swift */,
				250090C31DE7445900A22D71 /* Fases.swift */,
				250090C41DE7445900A22D71 /* PspStudent.swift */,
				250090C51DE7445900A22D71 /* studentxinscriptionfiles.swift */,
				250090C61DE7445900A22D71 /* PspInscription.swift */,
				250090C71DE7445900A22D71 /* PspDocuments.swift */,
			);
			name = Model;
			sourceTree = "<group>";
		};
		1296D0B61DCE35D2006B7E73 /* Controller */ = {
			isa = PBXGroup;
			children = (
				250090D31DE7446600A22D71 /* InicioPspViewController.swift */,
				250090D41DE7446600A22D71 /* FasesTableViewController.swift */,
				250090D51DE7446600A22D71 /* DetalleFaseViewController.swift */,
				250090D61DE7446600A22D71 /* GruposTableViewController.swift */,
				250090D71DE7446600A22D71 /* MenusTableViewController.swift */,
				250090D81DE7446600A22D71 /* DetalleGruposViewController.swift */,
				250090D91DE7446600A22D71 /* MenuProvisionalAlumnosViewController.swift */,
				250090DA1DE7446600A22D71 /* DetalleReunionesAlumnoViewController.swift */,
				250090DB1DE7446600A22D71 /* DetalleReunionesViewController.swift */,
				250090DC1DE7446600A22D71 /* NuevaReunionAlumnoViewController.swift */,
				250090DD1DE7446600A22D71 /* ReunionesAlumnoTableViewController.swift */,
				250090DE1DE7446600A22D71 /* ReunionesTableViewController.swift */,
				250090DF1DE7446600A22D71 /* PspSupervisorDocumentosAlumnosTableViewController.swift */,
				250090E01DE7446600A22D71 /* PspAlumnosSupervisorTableViewController.swift */,
				250090E11DE7446600A22D71 /* DetalleDocumentoViewController.swift */,
				250090E21DE7446600A22D71 /* PspDetalleFichaAlumnoViewController.swift */,
				250090E31DE7446600A22D71 /* PspStudentRecomendacionesIFTableViewController.swift */,
				250090E41DE7446600A22D71 /* PspNuevaReunionSupervisorViewController.swift */,
				250090E51DE7446600A22D71 /* PspDocumentosTableViewController.swift */,
				250090E61DE7446600A22D71 /* PspDetalleFichaViewController.swift */,
				250090E71DE7446600A22D71 /* PspDetalleFichaNotasViewController.swift */,
				250090E81DE7446600A22D71 /* PspFichaRegistroTableViewController.swift */,
				250090E91DE7446600A22D71 /* AlumnosNotasPspTableViewController.swift */,
			);
			name = Controller;
			sourceTree = "<group>";
		};
		12D71EC11DDD38A900223777 /* Evaluations */ = {
			isa = PBXGroup;
			children = (
				12D71EC51DDD3B0700223777 /* Model */,
				12D71EC41DDD3AFC00223777 /* Controller */,
			);
			name = Evaluations;
			sourceTree = "<group>";
		};
		12D71EC41DDD3AFC00223777 /* Controller */ = {
			isa = PBXGroup;
			children = (
				12D71EC61DDD3B2100223777 /* ViewControllerEvaluations.swift */,
				12D71ECA1DDD402600223777 /* TableViewCellEvaluation.swift */,
				12D71ECC1DDD4D7E00223777 /* ViewControllerEvaluationFilter.swift */,
				12D71ECE1DDD509C00223777 /* ViewControllerViewEvaluation.swift */,
			);
			name = Controller;
			sourceTree = "<group>";
		};
		12D71EC51DDD3B0700223777 /* Model */ = {
			isa = PBXGroup;
			children = (
				12D71EC81DDD3B3600223777 /* evaluationClass.swift */,
			);
			name = Model;
			sourceTree = "<group>";
		};
		25A6EF171DCBDF760084AFE0 /* Test */ = {
			isa = PBXGroup;
			children = (
				25A6EF181DCBDF760084AFE0 /* Test.swift */,
				25A6EF1A1DCBDF760084AFE0 /* Info.plist */,
				25A6EF2C1DCBE7CA0084AFE0 /* FaseTest.swift */,
			);
			path = Test;
			sourceTree = "<group>";
		};
		46292AF51DB9DF7500EC8575 = {
			isa = PBXGroup;
			children = (
				46292B001DB9DF7500EC8575 /* UASapp */,
				25A6EF171DCBDF760084AFE0 /* Test */,
				46292AFF1DB9DF7500EC8575 /* Products */,
			);
			sourceTree = "<group>";
		};
		46292AFF1DB9DF7500EC8575 /* Products */ = {
			isa = PBXGroup;
			children = (
				46292AFE1DB9DF7500EC8575 /* UASapp.app */,
				25A6EF161DCBDF760084AFE0 /* Test.xctest */,
			);
			name = Products;
			sourceTree = "<group>";
		};
		46292B001DB9DF7500EC8575 /* UASapp */ = {
			isa = PBXGroup;
			children = (
				12D71EC11DDD38A900223777 /* Evaluations */,
				1296D0AE1DCE3575006B7E73 /* PSP */,
				1296D0AD1DCE3505006B7E73 /* Tutorship */,
				1296D0AC1DCE34E2006B7E73 /* Investigation */,
				1296D0AB1DCE34D2006B7E73 /* Accreditation */,
				468028601DC07B2900421DFF /* Utility */,
				46292B011DB9DF7500EC8575 /* AppDelegate.swift */,
				46292B031DB9DF7500EC8575 /* ViewController.swift */,
				1296D0BB1DCE4B30006B7E73 /* TabBarController.swift */,
				4618847D1DCC20A1000858C8 /* ConfigTableViewController.swift */,
				46419A8B1DCC505C00E77B9A /* Main.storyboard */,
				96A12BF91DE77AD2001A20DB /* Assets.xcassets */,
				46292B0A1DB9DF7500EC8575 /* LaunchScreen.storyboard */,
				46292B0D1DB9DF7500EC8575 /* Info.plist */,
				12E3584E1DD1376F008005B1 /* FilesTableViewController.swift */,
			);
			path = UASapp;
			sourceTree = "<group>";
		};
		468028601DC07B2900421DFF /* Utility */ = {
			isa = PBXGroup;
			children = (
				121C14021DCBDEC000C4CDE1 /* KeyboardLayoutConstraint.swift */,
				4616D9E01DC07E12008174B7 /* HTTPHelper.swift */,
				125A62021DC2BE50008BD312 /* AskConectivity.swift */,
				4637A5661DCE747100D65C40 /* DownloadHelper.swift */,
			);
			name = Utility;
			sourceTree = "<group>";
		};
/* End PBXGroup section */

/* Begin PBXNativeTarget section */
		25A6EF151DCBDF760084AFE0 /* Test */ = {
			isa = PBXNativeTarget;
			buildConfigurationList = 25A6EF1D1DCBDF760084AFE0 /* Build configuration list for PBXNativeTarget "Test" */;
			buildPhases = (
				25A6EF121DCBDF760084AFE0 /* Sources */,
				25A6EF131DCBDF760084AFE0 /* Frameworks */,
				25A6EF141DCBDF760084AFE0 /* Resources */,
			);
			buildRules = (
			);
			dependencies = (
				25A6EF1C1DCBDF760084AFE0 /* PBXTargetDependency */,
			);
			name = Test;
			productName = Test;
			productReference = 25A6EF161DCBDF760084AFE0 /* Test.xctest */;
			productType = "com.apple.product-type.bundle.unit-test";
		};
		46292AFD1DB9DF7500EC8575 /* UASapp */ = {
			isa = PBXNativeTarget;
			buildConfigurationList = 46292B101DB9DF7500EC8575 /* Build configuration list for PBXNativeTarget "UASapp" */;
			buildPhases = (
				46292AFA1DB9DF7500EC8575 /* Sources */,
				46292AFB1DB9DF7500EC8575 /* Frameworks */,
				46292AFC1DB9DF7500EC8575 /* Resources */,
			);
			buildRules = (
			);
			dependencies = (
			);
			name = UASapp;
			productName = UASapp;
			productReference = 46292AFE1DB9DF7500EC8575 /* UASapp.app */;
			productType = "com.apple.product-type.application";
		};
/* End PBXNativeTarget section */

/* Begin PBXProject section */
		46292AF61DB9DF7500EC8575 /* Project object */ = {
			isa = PBXProject;
			attributes = {
				KnownAssetTags = (
					title,
				);
				LastSwiftUpdateCheck = 0800;
				LastUpgradeCheck = 0810;
				ORGANIZATIONNAME = sumajg;
				TargetAttributes = {
					25A6EF151DCBDF760084AFE0 = {
						CreatedOnToolsVersion = 8.0;
						DevelopmentTeam = 5KDVCLQT2T;
						ProvisioningStyle = Automatic;
						TestTargetID = 46292AFD1DB9DF7500EC8575;
					};
					46292AFD1DB9DF7500EC8575 = {
						CreatedOnToolsVersion = 8.0;
						DevelopmentTeam = 5Q8EV4C9G3;
						ProvisioningStyle = Automatic;
					};
				};
			};
			buildConfigurationList = 46292AF91DB9DF7500EC8575 /* Build configuration list for PBXProject "UASapp" */;
			compatibilityVersion = "Xcode 3.2";
			developmentRegion = English;
			hasScannedForEncodings = 0;
			knownRegions = (
				en,
				Base,
			);
			mainGroup = 46292AF51DB9DF7500EC8575;
			productRefGroup = 46292AFF1DB9DF7500EC8575 /* Products */;
			projectDirPath = "";
			projectRoot = "";
			targets = (
				46292AFD1DB9DF7500EC8575 /* UASapp */,
				25A6EF151DCBDF760084AFE0 /* Test */,
			);
		};
/* End PBXProject section */

/* Begin PBXResourcesBuildPhase section */
		25A6EF141DCBDF760084AFE0 /* Resources */ = {
			isa = PBXResourcesBuildPhase;
			buildActionMask = 2147483647;
			files = (
			);
			runOnlyForDeploymentPostprocessing = 0;
		};
		46292AFC1DB9DF7500EC8575 /* Resources */ = {
			isa = PBXResourcesBuildPhase;
			buildActionMask = 2147483647;
			files = (
				46419A8D1DCC505C00E77B9A /* Main.storyboard in Resources */,
				96A12BFA1DE77AD2001A20DB /* Assets.xcassets in Resources */,
				46292B0C1DB9DF7500EC8575 /* LaunchScreen.storyboard in Resources */,
			);
			runOnlyForDeploymentPostprocessing = 0;
		};
/* End PBXResourcesBuildPhase section */

/* Begin PBXSourcesBuildPhase section */
		25A6EF121DCBDF760084AFE0 /* Sources */ = {
			isa = PBXSourcesBuildPhase;
			buildActionMask = 2147483647;
			files = (
				25A6EF2D1DCBE7CA0084AFE0 /* FaseTest.swift in Sources */,
				25A6EF191DCBDF760084AFE0 /* Test.swift in Sources */,
			);
			runOnlyForDeploymentPostprocessing = 0;
		};
		46292AFA1DB9DF7500EC8575 /* Sources */ = {
			isa = PBXSourcesBuildPhase;
			buildActionMask = 2147483647;
			files = (
				1268F2731DBFF59E00E1CC22 /* EveProjectTableViewController.swift in Sources */,
				12D71ECB1DDD402600223777 /* TableViewCellEvaluation.swift in Sources */,
				1296D0BC1DCE4B30006B7E73 /* TabBarController.swift in Sources */,
				1214CECE1DBC125E0042A3F2 /* InvPrDetailViewController.swift in Sources */,
				4637A5671DCE747100D65C40 /* DownloadHelper.swift in Sources */,
				12ADDE9B1DBACD0F00A2B7CA /* InvestigationGroup.swift in Sources */,
				4627D46A1DE3B691006EBB92 /* Action.swift in Sources */,
				250090F51DE7446600A22D71 /* ReunionesTableViewController.swift in Sources */,
				96332A021DD26F8F00D4CB08 /* Aspect.swift in Sources */,
				46292B041DB9DF7500EC8575 /* ViewController.swift in Sources */,
				250090FA1DE7446600A22D71 /* PspStudentRecomendacionesIFTableViewController.swift in Sources */,
				124DD59C1DBBCB0B004D95FA /* InvGrDetailViewController.swift in Sources */,
				96332A081DD2762400D4CB08 /* AspectDetailViewController.swift in Sources */,
				1214CED01DBC12A50042A3F2 /* InvPrEditViewController.swift in Sources */,
				1237D3BB1DCA9D060081EAF4 /* NavigationControllerC.swift in Sources */,
				250090CE1DE7445900A22D71 /* Fases.swift in Sources */,
				250090FC1DE7446600A22D71 /* PspDocumentosTableViewController.swift in Sources */,
				250090CB1DE7445900A22D71 /* Supervisor.swift in Sources */,
				1268F2751DBFF6C300E1CC22 /* InvestigationProjectEvent.swift in Sources */,
				1237D3B31DCA9CC80081EAF4 /* ViewControllerTutorVisualize.swift in Sources */,
				250090EB1DE7446600A22D71 /* FasesTableViewController.swift in Sources */,
				12DF4D211DCADD8700E59AD0 /* InvestigatorEditViewController.swift in Sources */,
				250090FE1DE7446600A22D71 /* PspDetalleFichaNotasViewController.swift in Sources */,
				1214CECC1DBC0DE80042A3F2 /* InvProjectTableViewController.swift in Sources */,
				1237D3AF1DCA9CC80081EAF4 /* ViewControllerDatesFilter.swift in Sources */,
				1268F2771DBFFE4400E1CC22 /* InvPrEvDetailViewController.swift in Sources */,
				12DABD341DCBE8ED0055F8FC /* studentClass.swift in Sources */,
				1214CEC81DBC05A90042A3F2 /* InvGrEditViewController.swift in Sources */,
				46684DE31DE6B5C300BBF129 /* Level.swift in Sources */,
				96332A041DD275E800D4CB08 /* AspectsTableViewController.swift in Sources */,
				124710301DCAD039000F9F1D /* UASNavViewController.swift in Sources */,
				250090EC1DE7446600A22D71 /* DetalleFaseViewController.swift in Sources */,
				1247102E1DCABD63000F9F1D /* Period.swift in Sources */,
				4627D4721DE3BF7D006EBB92 /* SuggestionViewController.swift in Sources */,
				46292B021DB9DF7500EC8575 /* AppDelegate.swift in Sources */,
				12ADDE991DBACC8300A2B7CA /* InvGroupTableViewController.swift in Sources */,
				1237D3B01DCA9CC80081EAF4 /* ViewControllerStudentFilter.swift in Sources */,
				12BB00021DD3FD1A009463B5 /* TableViewControllerDatesTable.swift in Sources */,
				250090CA1DE7445900A22D71 /* Alumnos.swift in Sources */,
				1231D7831DBACE03004E35FD /* SpecialtyViewController.swift in Sources */,
				966EEACE1DCCF04100EBC56B /* StudentOutcome.swift in Sources */,
				121BE3B41DCBB17300B68A3C /* Faculty.swift in Sources */,
				12B92A831DD2664300441786 /* InvDerDetailViewController.swift in Sources */,
				967045C51DD1053700DE2E8E /* ImprovementPlanTableViewController.swift in Sources */,
				126C83051DCA87D400168250 /* InvestigatorTableViewController.swift in Sources */,
				120B4E421DCE826200BE9D5E /* Schedule.swift in Sources */,
				250090CD1DE7445900A22D71 /* Grupos.swift in Sources */,
				250090C81DE7445900A22D71 /* PspReuniones.swift in Sources */,
				1231D7871DBAE5D6004E35FD /* PeriodMeasurementViewController.swift in Sources */,
				467F07851DE3C3DF00DDC6FD /* ActionsTableViewController.swift in Sources */,
				965F44B91DC270C300D7139A /* CustomGoalCell.swift in Sources */,
				1237D3B71DCA9CE50081EAF4 /* TableViewCellDate.swift in Sources */,
				96D51AB51DC262D80015B197 /* EducationalGoalsViewController.swift in Sources */,
				250090F61DE7446600A22D71 /* PspSupervisorDocumentosAlumnosTableViewController.swift in Sources */,
				250090ED1DE7446600A22D71 /* GruposTableViewController.swift in Sources */,
				250090CC1DE7445900A22D71 /* PspFreeHour.swift in Sources */,
				12D71EC91DDD3B3600223777 /* evaluationClass.swift in Sources */,
				12BF4DB31DC2CD70005E7D5A /* CustomStudentCell.swift in Sources */,
				12BF4DB51DC2D73E005E7D5A /* ListStudentViewController.swift in Sources */,
				125DF5851DD2A25300647C82 /* SemesterViewController.swift in Sources */,
				250090F21DE7446600A22D71 /* DetalleReunionesViewController.swift in Sources */,
				250090D11DE7445900A22D71 /* PspInscription.swift in Sources */,
				1231D78B1DBAE869004E35FD /* ScheduleViewController.swift in Sources */,
				1231D7891DBAE681004E35FD /* PeriodMeasDetailViewController.swift in Sources */,
				12D71EC71DDD3B2100223777 /* ViewControllerEvaluations.swift in Sources */,
				12DD02801DBEEB2500CCB25A /* CustomSpecialtyCell.swift in Sources */,
				1231D78D1DBAE87D004E35FD /* StudentViewController.swift in Sources */,
				967045C71DD1062600DE2E8E /* ImprovementPlan.swift in Sources */,
				4627D46E1DE3BA79006EBB92 /* CustomActionCell.swift in Sources */,
				250090EF1DE7446600A22D71 /* DetalleGruposViewController.swift in Sources */,
				463056581DD166A50066C7DB /* CustomImpPlanCell.swift in Sources */,
				12D01CB61DBC13CC00082441 /* CustomPeriodCell.swift in Sources */,
				250090EE1DE7446600A22D71 /* MenusTableViewController.swift in Sources */,
				9623F25B1DC3A01C00EA7B6D /* StudentOutcomesViewController.swift in Sources */,
				4630565A1DD169D50066C7DB /* PlanDetailViewController.swift in Sources */,
				121BE3B01DCBAFA200B68A3C /* MyFacultiesViewController.swift in Sources */,
				250090FD1DE7446600A22D71 /* PspDetalleFichaViewController.swift in Sources */,
				126C83031DCA87D400168250 /* InvestigationDerivable.swift in Sources */,
				9623F2611DC3AB0300EA7B6D /* CourseViewController.swift in Sources */,
				120565991DD3F8070059C16B /* Semester.swift in Sources */,
				124710321DCAD809000F9F1D /* Course.swift in Sources */,
				120B4E441DCE8E2900BE9D5E /* InstrumentsMeasuringViewController.swift in Sources */,
				12BCE5291DC2B2710052E607 /* CustomCourseCell.swift in Sources */,
				96A12BFE1DE784BA001A20DB /* UASMenuTableViewController.swift in Sources */,
				250090CF1DE7445900A22D71 /* PspStudent.swift in Sources */,
				250090F01DE7446600A22D71 /* MenuProvisionalAlumnosViewController.swift in Sources */,
				12933FFC1DD2C069009CA3B7 /* ViewControllerViewDate.swift in Sources */,
				1237D3B91DCA9CE50081EAF4 /* tutorClass.swift in Sources */,
				250090F41DE7446600A22D71 /* ReunionesAlumnoTableViewController.swift in Sources */,
				126C83041DCA87D400168250 /* Investigator.swift in Sources */,
				250090F31DE7446600A22D71 /* NuevaReunionAlumnoViewController.swift in Sources */,
				1231D7851DBAE4BF004E35FD /* CoursesBySpecialtyViewController.swift in Sources */,
				1237D3AE1DCA9CC80081EAF4 /* ViewControllerDates.swift in Sources */,
				1237D3B81DCA9CE50081EAF4 /* TableViewCellStudent.swift in Sources */,
				126AE5D11DD418FC00D8F268 /* AportesByCourseController.swift in Sources */,
				966EEACC1DCCE35D00EBC56B /* EducationalGoal.swift in Sources */,
				120CE1101DD53996001F8A41 /* CustomScheduleByCourseCell.swift in Sources */,
				250091001DE7446600A22D71 /* AlumnosNotasPspTableViewController.swift in Sources */,
				12BF4DB71DC2EAE5005E7D5A /* CustomCriterioCell.swift in Sources */,
				9623F25F1DC3A58400EA7B6D /* OutcomeDetailViewController.swift in Sources */,
				1237D3B21DCA9CC80081EAF4 /* ViewControllerTutoriaMenu.swift in Sources */,
				121BE3B21DCBB03500B68A3C /* CustomMyFacultiesCell.swift in Sources */,
				12D71ECF1DDD509C00223777 /* ViewControllerViewEvaluation.swift in Sources */,
				9623F25D1DC3A2E900EA7B6D /* CustomOutcomeCell.swift in Sources */,
				1237D3AD1DCA9CC80081EAF4 /* ViewControllerCreateDate.swift in Sources */,
				9623F2591DC39E5A00EA7B6D /* GoalDetailViewController.swift in Sources */,
				12C5F6991DCBA2A0004BCF81 /* citaClass.swift in Sources */,
				96332A061DD2760800D4CB08 /* CustomAspectCell.swift in Sources */,
				12D71ECD1DDD4D7E00223777 /* ViewControllerEvaluationFilter.swift in Sources */,
				250090EA1DE7446600A22D71 /* InicioPspViewController.swift in Sources */,
				250090D21DE7445900A22D71 /* PspDocuments.swift in Sources */,
				250090FB1DE7446600A22D71 /* PspNuevaReunionSupervisorViewController.swift in Sources */,
				124DD59E1DBBCC6F004D95FA /* InvNavViewController.swift in Sources */,
				4627D4701DE3BA8D006EBB92 /* Suggestion.swift in Sources */,
				250090D01DE7445900A22D71 /* studentxinscriptionfiles.swift in Sources */,
				12B92A7F1DD2624B00441786 /* InvDocumentTableViewController.swift in Sources */,
				969D91F11DD37F0A00D0456B /* Criterion.swift in Sources */,
				250090F81DE7446600A22D71 /* DetalleDocumentoViewController.swift in Sources */,
				1214CECA1DBC0C600042A3F2 /* InvestigationProject.swift in Sources */,
				125A62031DC2BE50008BD312 /* AskConectivity.swift in Sources */,
				1207C6501DCBD95E0004B891 /* ConsolidadoCoursesViewController.swift in Sources */,
				4627D4681DE3B670006EBB92 /* ActionDetailViewController.swift in Sources */,
				1268F2791DC0096100E1CC22 /* InvPrEvEditViewController.swift in Sources */,
				4616D9E11DC07E12008174B7 /* HTTPHelper.swift in Sources */,
				250090F91DE7446600A22D71 /* PspDetalleFichaAlumnoViewController.swift in Sources */,
				1237D3B11DCA9CC80081EAF4 /* ViewControllerStudents.swift in Sources */,
				12DABD361DCC0C9B0055F8FC /* temaClass.swift in Sources */,
				4618847E1DCC20A1000858C8 /* ConfigTableViewController.swift in Sources */,
				250090FF1DE7446600A22D71 /* PspFichaRegistroTableViewController.swift in Sources */,
				46684DD71DE6B2EA00BBF129 /* CriterionsTableViewController.swift in Sources */,
				46684DE11DE6B59E00BBF129 /* LevelsTableViewController.swift in Sources */,
				12B92A871DD267B300441786 /* InvDerEditViewController.swift in Sources */,
				12AEE0B31DDBE2BE00272292 /* TableViewCellScheduleTutor.swift in Sources */,
				121C14031DCBDEC000C4CDE1 /* KeyboardLayoutConstraint.swift in Sources */,
				12E3584F1DD1376F008005B1 /* FilesTableViewController.swift in Sources */,
				12B92A811DD262AA00441786 /* InvestigationDocument.swift in Sources */,
				12DF4D1F1DCADD7600E59AD0 /* InvestigatorDetailViewController.swift in Sources */,
				46684DDF1DE6B44900BBF129 /* CustomLevelCell.swift in Sources */,
				250090F11DE7446600A22D71 /* DetalleReunionesAlumnoViewController.swift in Sources */,
				126C83021DCA87D400168250 /* InvDerivableTableViewController.swift in Sources */,
				969D91F31DD389FA00D0456B /* CustomCriterionCell.swift in Sources */,
				250090C91DE7445900A22D71 /* PspReunionesAlumnos.swift in Sources */,
				12E0A06A1DDD21F200E7B078 /* ViewControllerCRCita.swift in Sources */,
				250090F71DE7446600A22D71 /* PspAlumnosSupervisorTableViewController.swift in Sources */,
			);
			runOnlyForDeploymentPostprocessing = 0;
		};
/* End PBXSourcesBuildPhase section */

/* Begin PBXTargetDependency section */
		25A6EF1C1DCBDF760084AFE0 /* PBXTargetDependency */ = {
			isa = PBXTargetDependency;
			target = 46292AFD1DB9DF7500EC8575 /* UASapp */;
			targetProxy = 25A6EF1B1DCBDF760084AFE0 /* PBXContainerItemProxy */;
		};
/* End PBXTargetDependency section */

/* Begin PBXVariantGroup section */
		46292B0A1DB9DF7500EC8575 /* LaunchScreen.storyboard */ = {
			isa = PBXVariantGroup;
			children = (
				46292B0B1DB9DF7500EC8575 /* Base */,
			);
			name = LaunchScreen.storyboard;
			sourceTree = "<group>";
		};
		46419A8B1DCC505C00E77B9A /* Main.storyboard */ = {
			isa = PBXVariantGroup;
			children = (
				46419A8C1DCC505C00E77B9A /* Base */,
			);
			name = Main.storyboard;
			path = ..;
			sourceTree = "<group>";
		};
/* End PBXVariantGroup section */

/* Begin XCBuildConfiguration section */
		25A6EF1E1DCBDF760084AFE0 /* Debug */ = {
			isa = XCBuildConfiguration;
			buildSettings = {
				BUNDLE_LOADER = "$(TEST_HOST)";
				DEVELOPMENT_TEAM = 5KDVCLQT2T;
				INFOPLIST_FILE = Test/Info.plist;
				IPHONEOS_DEPLOYMENT_TARGET = 10.0;
				LD_RUNPATH_SEARCH_PATHS = "$(inherited) @executable_path/Frameworks @loader_path/Frameworks";
				PRODUCT_BUNDLE_IDENTIFIER = Games.Test;
				PRODUCT_NAME = "$(TARGET_NAME)";
				SWIFT_VERSION = 3.0;
				TEST_HOST = "$(BUILT_PRODUCTS_DIR)/UASapp.app/UASapp";
			};
			name = Debug;
		};
		25A6EF1F1DCBDF760084AFE0 /* Release */ = {
			isa = XCBuildConfiguration;
			buildSettings = {
				BUNDLE_LOADER = "$(TEST_HOST)";
				DEVELOPMENT_TEAM = 5KDVCLQT2T;
				INFOPLIST_FILE = Test/Info.plist;
				IPHONEOS_DEPLOYMENT_TARGET = 10.0;
				LD_RUNPATH_SEARCH_PATHS = "$(inherited) @executable_path/Frameworks @loader_path/Frameworks";
				PRODUCT_BUNDLE_IDENTIFIER = Games.Test;
				PRODUCT_NAME = "$(TARGET_NAME)";
				SWIFT_VERSION = 3.0;
				TEST_HOST = "$(BUILT_PRODUCTS_DIR)/UASapp.app/UASapp";
			};
			name = Release;
		};
		46292B0E1DB9DF7500EC8575 /* Debug */ = {
			isa = XCBuildConfiguration;
			buildSettings = {
				ALWAYS_SEARCH_USER_PATHS = NO;
				CLANG_ANALYZER_NONNULL = YES;
				CLANG_CXX_LANGUAGE_STANDARD = "gnu++0x";
				CLANG_CXX_LIBRARY = "libc++";
				CLANG_ENABLE_MODULES = YES;
				CLANG_ENABLE_OBJC_ARC = YES;
				CLANG_WARN_BOOL_CONVERSION = YES;
				CLANG_WARN_CONSTANT_CONVERSION = YES;
				CLANG_WARN_DIRECT_OBJC_ISA_USAGE = YES_ERROR;
				CLANG_WARN_DOCUMENTATION_COMMENTS = YES;
				CLANG_WARN_EMPTY_BODY = YES;
				CLANG_WARN_ENUM_CONVERSION = YES;
				CLANG_WARN_INFINITE_RECURSION = YES;
				CLANG_WARN_INT_CONVERSION = YES;
				CLANG_WARN_OBJC_ROOT_CLASS = YES_ERROR;
				CLANG_WARN_SUSPICIOUS_MOVE = YES;
				CLANG_WARN_SUSPICIOUS_MOVES = YES;
				CLANG_WARN_UNREACHABLE_CODE = YES;
				CLANG_WARN__DUPLICATE_METHOD_MATCH = YES;
				"CODE_SIGN_IDENTITY[sdk=iphoneos*]" = "iPhone Developer";
				COPY_PHASE_STRIP = NO;
				DEBUG_INFORMATION_FORMAT = dwarf;
				ENABLE_STRICT_OBJC_MSGSEND = YES;
				ENABLE_TESTABILITY = YES;
				GCC_C_LANGUAGE_STANDARD = gnu99;
				GCC_DYNAMIC_NO_PIC = NO;
				GCC_NO_COMMON_BLOCKS = YES;
				GCC_OPTIMIZATION_LEVEL = 0;
				GCC_PREPROCESSOR_DEFINITIONS = (
					"DEBUG=1",
					"$(inherited)",
				);
				GCC_WARN_64_TO_32_BIT_CONVERSION = YES;
				GCC_WARN_ABOUT_RETURN_TYPE = YES_ERROR;
				GCC_WARN_UNDECLARED_SELECTOR = YES;
				GCC_WARN_UNINITIALIZED_AUTOS = YES_AGGRESSIVE;
				GCC_WARN_UNUSED_FUNCTION = YES;
				GCC_WARN_UNUSED_VARIABLE = YES;
				IPHONEOS_DEPLOYMENT_TARGET = 9.0;
				MTL_ENABLE_DEBUG_INFO = YES;
				ONLY_ACTIVE_ARCH = YES;
				SDKROOT = iphoneos;
				SWIFT_ACTIVE_COMPILATION_CONDITIONS = DEBUG;
				SWIFT_OPTIMIZATION_LEVEL = "-Onone";
			};
			name = Debug;
		};
		46292B0F1DB9DF7500EC8575 /* Release */ = {
			isa = XCBuildConfiguration;
			buildSettings = {
				ALWAYS_SEARCH_USER_PATHS = NO;
				CLANG_ANALYZER_NONNULL = YES;
				CLANG_CXX_LANGUAGE_STANDARD = "gnu++0x";
				CLANG_CXX_LIBRARY = "libc++";
				CLANG_ENABLE_MODULES = YES;
				CLANG_ENABLE_OBJC_ARC = YES;
				CLANG_WARN_BOOL_CONVERSION = YES;
				CLANG_WARN_CONSTANT_CONVERSION = YES;
				CLANG_WARN_DIRECT_OBJC_ISA_USAGE = YES_ERROR;
				CLANG_WARN_DOCUMENTATION_COMMENTS = YES;
				CLANG_WARN_EMPTY_BODY = YES;
				CLANG_WARN_ENUM_CONVERSION = YES;
				CLANG_WARN_INFINITE_RECURSION = YES;
				CLANG_WARN_INT_CONVERSION = YES;
				CLANG_WARN_OBJC_ROOT_CLASS = YES_ERROR;
				CLANG_WARN_SUSPICIOUS_MOVE = YES;
				CLANG_WARN_SUSPICIOUS_MOVES = YES;
				CLANG_WARN_UNREACHABLE_CODE = YES;
				CLANG_WARN__DUPLICATE_METHOD_MATCH = YES;
				"CODE_SIGN_IDENTITY[sdk=iphoneos*]" = "iPhone Developer";
				COPY_PHASE_STRIP = NO;
				DEBUG_INFORMATION_FORMAT = "dwarf-with-dsym";
				ENABLE_NS_ASSERTIONS = NO;
				ENABLE_STRICT_OBJC_MSGSEND = YES;
				GCC_C_LANGUAGE_STANDARD = gnu99;
				GCC_NO_COMMON_BLOCKS = YES;
				GCC_WARN_64_TO_32_BIT_CONVERSION = YES;
				GCC_WARN_ABOUT_RETURN_TYPE = YES_ERROR;
				GCC_WARN_UNDECLARED_SELECTOR = YES;
				GCC_WARN_UNINITIALIZED_AUTOS = YES_AGGRESSIVE;
				GCC_WARN_UNUSED_FUNCTION = YES;
				GCC_WARN_UNUSED_VARIABLE = YES;
				IPHONEOS_DEPLOYMENT_TARGET = 9.0;
				MTL_ENABLE_DEBUG_INFO = NO;
				SDKROOT = iphoneos;
				SWIFT_OPTIMIZATION_LEVEL = "-Owholemodule";
				VALIDATE_PRODUCT = YES;
			};
			name = Release;
		};
		46292B111DB9DF7500EC8575 /* Debug */ = {
			isa = XCBuildConfiguration;
			buildSettings = {
				ASSETCATALOG_COMPILER_APPICON_NAME = AppIcon;
				DEVELOPMENT_TEAM = 5Q8EV4C9G3;
				INFOPLIST_FILE = UASapp/Info.plist;
				IPHONEOS_DEPLOYMENT_TARGET = 9.0;
				LD_RUNPATH_SEARCH_PATHS = "$(inherited) @executable_path/Frameworks";
				PRODUCT_BUNDLE_IDENTIFIER = pe.sumajg.uasapp;
				PRODUCT_NAME = "$(TARGET_NAME)";
				SWIFT_VERSION = 3.0;
				TARGETED_DEVICE_FAMILY = "1,2";
			};
			name = Debug;
		};
		46292B121DB9DF7500EC8575 /* Release */ = {
			isa = XCBuildConfiguration;
			buildSettings = {
				ASSETCATALOG_COMPILER_APPICON_NAME = AppIcon;
				DEVELOPMENT_TEAM = 5Q8EV4C9G3;
				INFOPLIST_FILE = UASapp/Info.plist;
				IPHONEOS_DEPLOYMENT_TARGET = 9.0;
				LD_RUNPATH_SEARCH_PATHS = "$(inherited) @executable_path/Frameworks";
				PRODUCT_BUNDLE_IDENTIFIER = pe.sumajg.uasapp;
				PRODUCT_NAME = "$(TARGET_NAME)";
				SWIFT_VERSION = 3.0;
				TARGETED_DEVICE_FAMILY = "1,2";
			};
			name = Release;
		};
/* End XCBuildConfiguration section */

/* Begin XCConfigurationList section */
		25A6EF1D1DCBDF760084AFE0 /* Build configuration list for PBXNativeTarget "Test" */ = {
			isa = XCConfigurationList;
			buildConfigurations = (
				25A6EF1E1DCBDF760084AFE0 /* Debug */,
				25A6EF1F1DCBDF760084AFE0 /* Release */,
			);
			defaultConfigurationIsVisible = 0;
			defaultConfigurationName = Release;
		};
		46292AF91DB9DF7500EC8575 /* Build configuration list for PBXProject "UASapp" */ = {
			isa = XCConfigurationList;
			buildConfigurations = (
				46292B0E1DB9DF7500EC8575 /* Debug */,
				46292B0F1DB9DF7500EC8575 /* Release */,
			);
			defaultConfigurationIsVisible = 0;
			defaultConfigurationName = Release;
		};
		46292B101DB9DF7500EC8575 /* Build configuration list for PBXNativeTarget "UASapp" */ = {
			isa = XCConfigurationList;
			buildConfigurations = (
				46292B111DB9DF7500EC8575 /* Debug */,
				46292B121DB9DF7500EC8575 /* Release */,
			);
			defaultConfigurationIsVisible = 0;
			defaultConfigurationName = Release;
		};
/* End XCConfigurationList section */
	};
	rootObject = 46292AF61DB9DF7500EC8575 /* Project object */;
}
