// !$*UTF8*$!
{
	archiveVersion = 1;
	classes = {
	};
	objectVersion = 46;
	objects = {

/* Begin PBXBuildFile section */
		1207C64E1DCBD8ED0004B891 /* ConsolidadoMeasuringViewController.swift in Sources */ = {isa = PBXBuildFile; fileRef = 1207C64D1DCBD8ED0004B891 /* ConsolidadoMeasuringViewController.swift */; };
		1207C6501DCBD95E0004B891 /* ConsolidadoCoursesViewController.swift in Sources */ = {isa = PBXBuildFile; fileRef = 1207C64F1DCBD95E0004B891 /* ConsolidadoCoursesViewController.swift */; };
		1214CEC81DBC05A90042A3F2 /* InvGrEditViewController.swift in Sources */ = {isa = PBXBuildFile; fileRef = 1214CEC71DBC05A90042A3F2 /* InvGrEditViewController.swift */; };
		1214CECA1DBC0C600042A3F2 /* InvestigationProject.swift in Sources */ = {isa = PBXBuildFile; fileRef = 1214CEC91DBC0C600042A3F2 /* InvestigationProject.swift */; };
		1214CECC1DBC0DE80042A3F2 /* InvProjectTableViewController.swift in Sources */ = {isa = PBXBuildFile; fileRef = 1214CECB1DBC0DE80042A3F2 /* InvProjectTableViewController.swift */; };
		1214CECE1DBC125E0042A3F2 /* InvPrDetailViewController.swift in Sources */ = {isa = PBXBuildFile; fileRef = 1214CECD1DBC125E0042A3F2 /* InvPrDetailViewController.swift */; };
		1214CED01DBC12A50042A3F2 /* InvPrEditViewController.swift in Sources */ = {isa = PBXBuildFile; fileRef = 1214CECF1DBC12A50042A3F2 /* InvPrEditViewController.swift */; };
		121BE3B01DCBAFA200B68A3C /* MyFacultiesViewController.swift in Sources */ = {isa = PBXBuildFile; fileRef = 121BE3AF1DCBAFA200B68A3C /* MyFacultiesViewController.swift */; };
		121BE3B21DCBB03500B68A3C /* CustomMyFacultiesCell.swift in Sources */ = {isa = PBXBuildFile; fileRef = 121BE3B11DCBB03500B68A3C /* CustomMyFacultiesCell.swift */; };
		121BE3B41DCBB17300B68A3C /* Faculty.swift in Sources */ = {isa = PBXBuildFile; fileRef = 121BE3B31DCBB17300B68A3C /* Faculty.swift */; };
		121C14031DCBDEC000C4CDE1 /* KeyboardLayoutConstraint.swift in Sources */ = {isa = PBXBuildFile; fileRef = 121C14021DCBDEC000C4CDE1 /* KeyboardLayoutConstraint.swift */; };
		1231D7831DBACE03004E35FD /* SpecialtyViewController.swift in Sources */ = {isa = PBXBuildFile; fileRef = 1231D7821DBACE03004E35FD /* SpecialtyViewController.swift */; };
		1231D7851DBAE4BF004E35FD /* CoursesBySpecialtyViewController.swift in Sources */ = {isa = PBXBuildFile; fileRef = 1231D7841DBAE4BF004E35FD /* CoursesBySpecialtyViewController.swift */; };
		1231D7871DBAE5D6004E35FD /* PeriodMeasurementViewController.swift in Sources */ = {isa = PBXBuildFile; fileRef = 1231D7861DBAE5D6004E35FD /* PeriodMeasurementViewController.swift */; };
		1231D7891DBAE681004E35FD /* PeriodMeasDetailViewController.swift in Sources */ = {isa = PBXBuildFile; fileRef = 1231D7881DBAE681004E35FD /* PeriodMeasDetailViewController.swift */; };
		1231D78B1DBAE869004E35FD /* ScheduleViewController.swift in Sources */ = {isa = PBXBuildFile; fileRef = 1231D78A1DBAE869004E35FD /* ScheduleViewController.swift */; };
		1231D78D1DBAE87D004E35FD /* StudentViewController.swift in Sources */ = {isa = PBXBuildFile; fileRef = 1231D78C1DBAE87D004E35FD /* StudentViewController.swift */; };
		1237D3AD1DCA9CC80081EAF4 /* ViewControllerCreateDate.swift in Sources */ = {isa = PBXBuildFile; fileRef = 1237D3A61DCA9CC80081EAF4 /* ViewControllerCreateDate.swift */; };
		1237D3AE1DCA9CC80081EAF4 /* ViewControllerDates.swift in Sources */ = {isa = PBXBuildFile; fileRef = 1237D3A71DCA9CC80081EAF4 /* ViewControllerDates.swift */; };
		1237D3AF1DCA9CC80081EAF4 /* ViewControllerDatesFilter.swift in Sources */ = {isa = PBXBuildFile; fileRef = 1237D3A81DCA9CC80081EAF4 /* ViewControllerDatesFilter.swift */; };
		1237D3B01DCA9CC80081EAF4 /* ViewControllerStudentFilter.swift in Sources */ = {isa = PBXBuildFile; fileRef = 1237D3A91DCA9CC80081EAF4 /* ViewControllerStudentFilter.swift */; };
		1237D3B11DCA9CC80081EAF4 /* ViewControllerStudents.swift in Sources */ = {isa = PBXBuildFile; fileRef = 1237D3AA1DCA9CC80081EAF4 /* ViewControllerStudents.swift */; };
		1237D3B21DCA9CC80081EAF4 /* ViewControllerTutoriaMenu.swift in Sources */ = {isa = PBXBuildFile; fileRef = 1237D3AB1DCA9CC80081EAF4 /* ViewControllerTutoriaMenu.swift */; };
		1237D3B31DCA9CC80081EAF4 /* ViewControllerTutorVisualize.swift in Sources */ = {isa = PBXBuildFile; fileRef = 1237D3AC1DCA9CC80081EAF4 /* ViewControllerTutorVisualize.swift */; };
		1237D3B71DCA9CE50081EAF4 /* TableViewCellDate.swift in Sources */ = {isa = PBXBuildFile; fileRef = 1237D3B41DCA9CE50081EAF4 /* TableViewCellDate.swift */; };
		1237D3B81DCA9CE50081EAF4 /* TableViewCellStudent.swift in Sources */ = {isa = PBXBuildFile; fileRef = 1237D3B51DCA9CE50081EAF4 /* TableViewCellStudent.swift */; };
		1237D3B91DCA9CE50081EAF4 /* tutorClass.swift in Sources */ = {isa = PBXBuildFile; fileRef = 1237D3B61DCA9CE50081EAF4 /* tutorClass.swift */; };
		1237D3BB1DCA9D060081EAF4 /* NavigationControllerC.swift in Sources */ = {isa = PBXBuildFile; fileRef = 1237D3BA1DCA9D060081EAF4 /* NavigationControllerC.swift */; };
		1247102E1DCABD63000F9F1D /* Period.swift in Sources */ = {isa = PBXBuildFile; fileRef = 1247102D1DCABD63000F9F1D /* Period.swift */; };
		124710301DCAD039000F9F1D /* UASNavViewController.swift in Sources */ = {isa = PBXBuildFile; fileRef = 1247102F1DCAD039000F9F1D /* UASNavViewController.swift */; };
		124710321DCAD809000F9F1D /* Course.swift in Sources */ = {isa = PBXBuildFile; fileRef = 124710311DCAD809000F9F1D /* Course.swift */; };
		124DD59C1DBBCB0B004D95FA /* InvGrDetailViewController.swift in Sources */ = {isa = PBXBuildFile; fileRef = 124DD59B1DBBCB0B004D95FA /* InvGrDetailViewController.swift */; };
		124DD59E1DBBCC6F004D95FA /* InvNavViewController.swift in Sources */ = {isa = PBXBuildFile; fileRef = 124DD59D1DBBCC6F004D95FA /* InvNavViewController.swift */; };
		125A62031DC2BE50008BD312 /* AskConectivity.swift in Sources */ = {isa = PBXBuildFile; fileRef = 125A62021DC2BE50008BD312 /* AskConectivity.swift */; };
		1268F2731DBFF59E00E1CC22 /* EveProjectTableViewController.swift in Sources */ = {isa = PBXBuildFile; fileRef = 1268F2721DBFF59E00E1CC22 /* EveProjectTableViewController.swift */; };
		1268F2751DBFF6C300E1CC22 /* InvestigationProjectEvent.swift in Sources */ = {isa = PBXBuildFile; fileRef = 1268F2741DBFF6C300E1CC22 /* InvestigationProjectEvent.swift */; };
		1268F2771DBFFE4400E1CC22 /* InvPrEvDetailViewController.swift in Sources */ = {isa = PBXBuildFile; fileRef = 1268F2761DBFFE4400E1CC22 /* InvPrEvDetailViewController.swift */; };
		1268F2791DC0096100E1CC22 /* InvPrEvEditViewController.swift in Sources */ = {isa = PBXBuildFile; fileRef = 1268F2781DC0096100E1CC22 /* InvPrEvEditViewController.swift */; };
		126C83021DCA87D400168250 /* InvDerivableTableViewController.swift in Sources */ = {isa = PBXBuildFile; fileRef = 126C82FD1DCA87D400168250 /* InvDerivableTableViewController.swift */; };
		126C83031DCA87D400168250 /* InvestigationDerivable.swift in Sources */ = {isa = PBXBuildFile; fileRef = 126C82FE1DCA87D400168250 /* InvestigationDerivable.swift */; };
		126C83041DCA87D400168250 /* Investigator.swift in Sources */ = {isa = PBXBuildFile; fileRef = 126C82FF1DCA87D400168250 /* Investigator.swift */; };
		126C83051DCA87D400168250 /* InvestigatorTableViewController.swift in Sources */ = {isa = PBXBuildFile; fileRef = 126C83001DCA87D400168250 /* InvestigatorTableViewController.swift */; };
		126C83061DCA87D400168250 /* SplitViewController.swift in Sources */ = {isa = PBXBuildFile; fileRef = 126C83011DCA87D400168250 /* SplitViewController.swift */; };
		12933FFC1DD2C069009CA3B7 /* ViewControllerViewDate.swift in Sources */ = {isa = PBXBuildFile; fileRef = 12933FFB1DD2C069009CA3B7 /* ViewControllerViewDate.swift */; };
		1296D0BA1DCE39DC006B7E73 /* Assets.xcassets in Resources */ = {isa = PBXBuildFile; fileRef = 1296D0B91DCE39DC006B7E73 /* Assets.xcassets */; };
		1296D0BC1DCE4B30006B7E73 /* TabBarController.swift in Sources */ = {isa = PBXBuildFile; fileRef = 1296D0BB1DCE4B30006B7E73 /* TabBarController.swift */; };
		12ADDE991DBACC8300A2B7CA /* InvGroupTableViewController.swift in Sources */ = {isa = PBXBuildFile; fileRef = 12ADDE981DBACC8300A2B7CA /* InvGroupTableViewController.swift */; };
		12ADDE9B1DBACD0F00A2B7CA /* InvestigationGroup.swift in Sources */ = {isa = PBXBuildFile; fileRef = 12ADDE9A1DBACD0F00A2B7CA /* InvestigationGroup.swift */; };
		12AEE0B31DDBE2BE00272292 /* TableViewCellScheduleTutor.swift in Sources */ = {isa = PBXBuildFile; fileRef = 12AEE0B21DDBE2BE00272292 /* TableViewCellScheduleTutor.swift */; };
		12BB00021DD3FD1A009463B5 /* TableViewControllerDatesTable.swift in Sources */ = {isa = PBXBuildFile; fileRef = 12BB00011DD3FD1A009463B5 /* TableViewControllerDatesTable.swift */; };
		12BCE5291DC2B2710052E607 /* CustomCourseCell.swift in Sources */ = {isa = PBXBuildFile; fileRef = 12BCE5281DC2B2710052E607 /* CustomCourseCell.swift */; };
		12BF4DB31DC2CD70005E7D5A /* CustomStudentCell.swift in Sources */ = {isa = PBXBuildFile; fileRef = 12BF4DB21DC2CD70005E7D5A /* CustomStudentCell.swift */; };
		12BF4DB51DC2D73E005E7D5A /* ListStudentViewController.swift in Sources */ = {isa = PBXBuildFile; fileRef = 12BF4DB41DC2D73E005E7D5A /* ListStudentViewController.swift */; };
		12BF4DB71DC2EAE5005E7D5A /* CustomCriterioCell.swift in Sources */ = {isa = PBXBuildFile; fileRef = 12BF4DB61DC2EAE5005E7D5A /* CustomCriterioCell.swift */; };
		12C5F6991DCBA2A0004BCF81 /* citaClass.swift in Sources */ = {isa = PBXBuildFile; fileRef = 12C5F6981DCBA2A0004BCF81 /* citaClass.swift */; };
		12D01CB61DBC13CC00082441 /* CustomPeriodCell.swift in Sources */ = {isa = PBXBuildFile; fileRef = 12D01CB51DBC13CC00082441 /* CustomPeriodCell.swift */; };
		12DABD341DCBE8ED0055F8FC /* studentClass.swift in Sources */ = {isa = PBXBuildFile; fileRef = 12DABD331DCBE8ED0055F8FC /* studentClass.swift */; };
		12DABD361DCC0C9B0055F8FC /* temaClass.swift in Sources */ = {isa = PBXBuildFile; fileRef = 12DABD351DCC0C9B0055F8FC /* temaClass.swift */; };
		12DD02801DBEEB2500CCB25A /* CustomSpecialtyCell.swift in Sources */ = {isa = PBXBuildFile; fileRef = 12DD027F1DBEEB2500CCB25A /* CustomSpecialtyCell.swift */; };
		12DF4D1F1DCADD7600E59AD0 /* InvestigatorDetailViewController.swift in Sources */ = {isa = PBXBuildFile; fileRef = 12DF4D1E1DCADD7600E59AD0 /* InvestigatorDetailViewController.swift */; };
		12DF4D211DCADD8700E59AD0 /* InvestigatorEditViewController.swift in Sources */ = {isa = PBXBuildFile; fileRef = 12DF4D201DCADD8700E59AD0 /* InvestigatorEditViewController.swift */; };
		25691CA51DCB4A03005A632D /* DetalleGruposViewController.swift in Sources */ = {isa = PBXBuildFile; fileRef = 25691CA41DCB4A03005A632D /* DetalleGruposViewController.swift */; };
		25A6EF191DCBDF760084AFE0 /* Test.swift in Sources */ = {isa = PBXBuildFile; fileRef = 25A6EF181DCBDF760084AFE0 /* Test.swift */; };
		25A6EF2D1DCBE7CA0084AFE0 /* FaseTest.swift in Sources */ = {isa = PBXBuildFile; fileRef = 25A6EF2C1DCBE7CA0084AFE0 /* FaseTest.swift */; };
		25A968291DCB12D700B03060 /* InicioPspViewController.swift in Sources */ = {isa = PBXBuildFile; fileRef = 25A968281DCB12D700B03060 /* InicioPspViewController.swift */; };
		25A9682B1DCB16EB00B03060 /* FasesTableViewController.swift in Sources */ = {isa = PBXBuildFile; fileRef = 25A9682A1DCB16EB00B03060 /* FasesTableViewController.swift */; };
		25A9682D1DCB209700B03060 /* Fases.swift in Sources */ = {isa = PBXBuildFile; fileRef = 25A9682C1DCB209700B03060 /* Fases.swift */; };
		25A9682F1DCB2EA100B03060 /* DetalleFaseViewController.swift in Sources */ = {isa = PBXBuildFile; fileRef = 25A9682E1DCB2EA100B03060 /* DetalleFaseViewController.swift */; };
		25A968311DCB350100B03060 /* GruposTableViewController.swift in Sources */ = {isa = PBXBuildFile; fileRef = 25A968301DCB350100B03060 /* GruposTableViewController.swift */; };
		25A968331DCB353100B03060 /* Grupos.swift in Sources */ = {isa = PBXBuildFile; fileRef = 25A968321DCB353100B03060 /* Grupos.swift */; };
		25DE42751DCBA0D800BE88C8 /* MenuProvisionalAlumnosViewController.swift in Sources */ = {isa = PBXBuildFile; fileRef = 25DE42741DCBA0D800BE88C8 /* MenuProvisionalAlumnosViewController.swift */; };
		4616D9E11DC07E12008174B7 /* HTTPHelper.swift in Sources */ = {isa = PBXBuildFile; fileRef = 4616D9E01DC07E12008174B7 /* HTTPHelper.swift */; };
		4618847E1DCC20A1000858C8 /* ConfigTableViewController.swift in Sources */ = {isa = PBXBuildFile; fileRef = 4618847D1DCC20A1000858C8 /* ConfigTableViewController.swift */; };
		46292B021DB9DF7500EC8575 /* AppDelegate.swift in Sources */ = {isa = PBXBuildFile; fileRef = 46292B011DB9DF7500EC8575 /* AppDelegate.swift */; };
		46292B041DB9DF7500EC8575 /* ViewController.swift in Sources */ = {isa = PBXBuildFile; fileRef = 46292B031DB9DF7500EC8575 /* ViewController.swift */; };
		46292B0C1DB9DF7500EC8575 /* LaunchScreen.storyboard in Resources */ = {isa = PBXBuildFile; fileRef = 46292B0A1DB9DF7500EC8575 /* LaunchScreen.storyboard */; };
		4637A5671DCE747100D65C40 /* DownloadHelper.swift in Sources */ = {isa = PBXBuildFile; fileRef = 4637A5661DCE747100D65C40 /* DownloadHelper.swift */; };
		46419A8D1DCC505C00E77B9A /* Main.storyboard in Resources */ = {isa = PBXBuildFile; fileRef = 46419A8B1DCC505C00E77B9A /* Main.storyboard */; };
		9623F2591DC39E5A00EA7B6D /* GoalDetailViewController.swift in Sources */ = {isa = PBXBuildFile; fileRef = 9623F2581DC39E5A00EA7B6D /* GoalDetailViewController.swift */; };
		9623F25B1DC3A01C00EA7B6D /* StudentOutcomesViewController.swift in Sources */ = {isa = PBXBuildFile; fileRef = 9623F25A1DC3A01C00EA7B6D /* StudentOutcomesViewController.swift */; };
		9623F25D1DC3A2E900EA7B6D /* CustomOutcomeCell.swift in Sources */ = {isa = PBXBuildFile; fileRef = 9623F25C1DC3A2E900EA7B6D /* CustomOutcomeCell.swift */; };
		9623F25F1DC3A58400EA7B6D /* OutcomeDetailViewController.swift in Sources */ = {isa = PBXBuildFile; fileRef = 9623F25E1DC3A58400EA7B6D /* OutcomeDetailViewController.swift */; };
		9623F2611DC3AB0300EA7B6D /* CourseViewController.swift in Sources */ = {isa = PBXBuildFile; fileRef = 9623F2601DC3AB0300EA7B6D /* CourseViewController.swift */; };
		965F44B91DC270C300D7139A /* CustomGoalCell.swift in Sources */ = {isa = PBXBuildFile; fileRef = 965F44B81DC270C300D7139A /* CustomGoalCell.swift */; };
		966EEACC1DCCE35D00EBC56B /* EducationalGoal.swift in Sources */ = {isa = PBXBuildFile; fileRef = 966EEACB1DCCE35D00EBC56B /* EducationalGoal.swift */; };
		966EEACE1DCCF04100EBC56B /* StudentOutcome.swift in Sources */ = {isa = PBXBuildFile; fileRef = 966EEACD1DCCF04100EBC56B /* StudentOutcome.swift */; };
		96D51AB51DC262D80015B197 /* EducationalGoalsViewController.swift in Sources */ = {isa = PBXBuildFile; fileRef = 96D51AB41DC262D80015B197 /* EducationalGoalsViewController.swift */; };
/* End PBXBuildFile section */

/* Begin PBXContainerItemProxy section */
		25A6EF1B1DCBDF760084AFE0 /* PBXContainerItemProxy */ = {
			isa = PBXContainerItemProxy;
			containerPortal = 46292AF61DB9DF7500EC8575 /* Project object */;
			proxyType = 1;
			remoteGlobalIDString = 46292AFD1DB9DF7500EC8575;
			remoteInfo = UASapp;
		};
/* End PBXContainerItemProxy section */

/* Begin PBXFileReference section */
		1207C64D1DCBD8ED0004B891 /* ConsolidadoMeasuringViewController.swift */ = {isa = PBXFileReference; fileEncoding = 4; lastKnownFileType = sourcecode.swift; path = ConsolidadoMeasuringViewController.swift; sourceTree = "<group>"; };
		1207C64F1DCBD95E0004B891 /* ConsolidadoCoursesViewController.swift */ = {isa = PBXFileReference; fileEncoding = 4; lastKnownFileType = sourcecode.swift; path = ConsolidadoCoursesViewController.swift; sourceTree = "<group>"; };
		1214CEC71DBC05A90042A3F2 /* InvGrEditViewController.swift */ = {isa = PBXFileReference; fileEncoding = 4; lastKnownFileType = sourcecode.swift; path = InvGrEditViewController.swift; sourceTree = "<group>"; };
		1214CEC91DBC0C600042A3F2 /* InvestigationProject.swift */ = {isa = PBXFileReference; fileEncoding = 4; lastKnownFileType = sourcecode.swift; path = InvestigationProject.swift; sourceTree = "<group>"; };
		1214CECB1DBC0DE80042A3F2 /* InvProjectTableViewController.swift */ = {isa = PBXFileReference; fileEncoding = 4; lastKnownFileType = sourcecode.swift; path = InvProjectTableViewController.swift; sourceTree = "<group>"; };
		1214CECD1DBC125E0042A3F2 /* InvPrDetailViewController.swift */ = {isa = PBXFileReference; fileEncoding = 4; lastKnownFileType = sourcecode.swift; path = InvPrDetailViewController.swift; sourceTree = "<group>"; };
		1214CECF1DBC12A50042A3F2 /* InvPrEditViewController.swift */ = {isa = PBXFileReference; fileEncoding = 4; lastKnownFileType = sourcecode.swift; path = InvPrEditViewController.swift; sourceTree = "<group>"; };
		121BE3AF1DCBAFA200B68A3C /* MyFacultiesViewController.swift */ = {isa = PBXFileReference; fileEncoding = 4; lastKnownFileType = sourcecode.swift; path = MyFacultiesViewController.swift; sourceTree = "<group>"; };
		121BE3B11DCBB03500B68A3C /* CustomMyFacultiesCell.swift */ = {isa = PBXFileReference; fileEncoding = 4; lastKnownFileType = sourcecode.swift; path = CustomMyFacultiesCell.swift; sourceTree = "<group>"; };
		121BE3B31DCBB17300B68A3C /* Faculty.swift */ = {isa = PBXFileReference; fileEncoding = 4; lastKnownFileType = sourcecode.swift; path = Faculty.swift; sourceTree = "<group>"; };
		121C14021DCBDEC000C4CDE1 /* KeyboardLayoutConstraint.swift */ = {isa = PBXFileReference; fileEncoding = 4; lastKnownFileType = sourcecode.swift; path = KeyboardLayoutConstraint.swift; sourceTree = "<group>"; };
		1231D7821DBACE03004E35FD /* SpecialtyViewController.swift */ = {isa = PBXFileReference; fileEncoding = 4; lastKnownFileType = sourcecode.swift; path = SpecialtyViewController.swift; sourceTree = "<group>"; };
		1231D7841DBAE4BF004E35FD /* CoursesBySpecialtyViewController.swift */ = {isa = PBXFileReference; fileEncoding = 4; lastKnownFileType = sourcecode.swift; path = CoursesBySpecialtyViewController.swift; sourceTree = "<group>"; };
		1231D7861DBAE5D6004E35FD /* PeriodMeasurementViewController.swift */ = {isa = PBXFileReference; fileEncoding = 4; lastKnownFileType = sourcecode.swift; path = PeriodMeasurementViewController.swift; sourceTree = "<group>"; };
		1231D7881DBAE681004E35FD /* PeriodMeasDetailViewController.swift */ = {isa = PBXFileReference; fileEncoding = 4; lastKnownFileType = sourcecode.swift; path = PeriodMeasDetailViewController.swift; sourceTree = "<group>"; };
		1231D78A1DBAE869004E35FD /* ScheduleViewController.swift */ = {isa = PBXFileReference; fileEncoding = 4; lastKnownFileType = sourcecode.swift; path = ScheduleViewController.swift; sourceTree = "<group>"; };
		1231D78C1DBAE87D004E35FD /* StudentViewController.swift */ = {isa = PBXFileReference; fileEncoding = 4; lastKnownFileType = sourcecode.swift; path = StudentViewController.swift; sourceTree = "<group>"; };
		1237D3A61DCA9CC80081EAF4 /* ViewControllerCreateDate.swift */ = {isa = PBXFileReference; fileEncoding = 4; lastKnownFileType = sourcecode.swift; path = ViewControllerCreateDate.swift; sourceTree = "<group>"; };
		1237D3A71DCA9CC80081EAF4 /* ViewControllerDates.swift */ = {isa = PBXFileReference; fileEncoding = 4; lastKnownFileType = sourcecode.swift; path = ViewControllerDates.swift; sourceTree = "<group>"; };
		1237D3A81DCA9CC80081EAF4 /* ViewControllerDatesFilter.swift */ = {isa = PBXFileReference; fileEncoding = 4; lastKnownFileType = sourcecode.swift; path = ViewControllerDatesFilter.swift; sourceTree = "<group>"; };
		1237D3A91DCA9CC80081EAF4 /* ViewControllerStudentFilter.swift */ = {isa = PBXFileReference; fileEncoding = 4; lastKnownFileType = sourcecode.swift; path = ViewControllerStudentFilter.swift; sourceTree = "<group>"; };
		1237D3AA1DCA9CC80081EAF4 /* ViewControllerStudents.swift */ = {isa = PBXFileReference; fileEncoding = 4; lastKnownFileType = sourcecode.swift; path = ViewControllerStudents.swift; sourceTree = "<group>"; };
		1237D3AB1DCA9CC80081EAF4 /* ViewControllerTutoriaMenu.swift */ = {isa = PBXFileReference; fileEncoding = 4; lastKnownFileType = sourcecode.swift; path = ViewControllerTutoriaMenu.swift; sourceTree = "<group>"; };
		1237D3AC1DCA9CC80081EAF4 /* ViewControllerTutorVisualize.swift */ = {isa = PBXFileReference; fileEncoding = 4; lastKnownFileType = sourcecode.swift; path = ViewControllerTutorVisualize.swift; sourceTree = "<group>"; };
		1237D3B41DCA9CE50081EAF4 /* TableViewCellDate.swift */ = {isa = PBXFileReference; fileEncoding = 4; lastKnownFileType = sourcecode.swift; path = TableViewCellDate.swift; sourceTree = "<group>"; };
		1237D3B51DCA9CE50081EAF4 /* TableViewCellStudent.swift */ = {isa = PBXFileReference; fileEncoding = 4; lastKnownFileType = sourcecode.swift; path = TableViewCellStudent.swift; sourceTree = "<group>"; };
		1237D3B61DCA9CE50081EAF4 /* tutorClass.swift */ = {isa = PBXFileReference; fileEncoding = 4; lastKnownFileType = sourcecode.swift; path = tutorClass.swift; sourceTree = "<group>"; };
		1237D3BA1DCA9D060081EAF4 /* NavigationControllerC.swift */ = {isa = PBXFileReference; fileEncoding = 4; lastKnownFileType = sourcecode.swift; path = NavigationControllerC.swift; sourceTree = "<group>"; };
		1247102D1DCABD63000F9F1D /* Period.swift */ = {isa = PBXFileReference; fileEncoding = 4; lastKnownFileType = sourcecode.swift; path = Period.swift; sourceTree = "<group>"; };
		1247102F1DCAD039000F9F1D /* UASNavViewController.swift */ = {isa = PBXFileReference; fileEncoding = 4; lastKnownFileType = sourcecode.swift; path = UASNavViewController.swift; sourceTree = "<group>"; };
		124710311DCAD809000F9F1D /* Course.swift */ = {isa = PBXFileReference; fileEncoding = 4; lastKnownFileType = sourcecode.swift; path = Course.swift; sourceTree = "<group>"; };
		124DD59B1DBBCB0B004D95FA /* InvGrDetailViewController.swift */ = {isa = PBXFileReference; fileEncoding = 4; lastKnownFileType = sourcecode.swift; path = InvGrDetailViewController.swift; sourceTree = "<group>"; };
		124DD59D1DBBCC6F004D95FA /* InvNavViewController.swift */ = {isa = PBXFileReference; fileEncoding = 4; lastKnownFileType = sourcecode.swift; path = InvNavViewController.swift; sourceTree = "<group>"; };
		125A62021DC2BE50008BD312 /* AskConectivity.swift */ = {isa = PBXFileReference; fileEncoding = 4; lastKnownFileType = sourcecode.swift; path = AskConectivity.swift; sourceTree = "<group>"; };
		1268F2721DBFF59E00E1CC22 /* EveProjectTableViewController.swift */ = {isa = PBXFileReference; fileEncoding = 4; lastKnownFileType = sourcecode.swift; path = EveProjectTableViewController.swift; sourceTree = "<group>"; };
		1268F2741DBFF6C300E1CC22 /* InvestigationProjectEvent.swift */ = {isa = PBXFileReference; fileEncoding = 4; lastKnownFileType = sourcecode.swift; path = InvestigationProjectEvent.swift; sourceTree = "<group>"; };
		1268F2761DBFFE4400E1CC22 /* InvPrEvDetailViewController.swift */ = {isa = PBXFileReference; fileEncoding = 4; lastKnownFileType = sourcecode.swift; path = InvPrEvDetailViewController.swift; sourceTree = "<group>"; };
		1268F2781DC0096100E1CC22 /* InvPrEvEditViewController.swift */ = {isa = PBXFileReference; fileEncoding = 4; lastKnownFileType = sourcecode.swift; path = InvPrEvEditViewController.swift; sourceTree = "<group>"; };
		126C82FD1DCA87D400168250 /* InvDerivableTableViewController.swift */ = {isa = PBXFileReference; fileEncoding = 4; lastKnownFileType = sourcecode.swift; path = InvDerivableTableViewController.swift; sourceTree = "<group>"; };
		126C82FE1DCA87D400168250 /* InvestigationDerivable.swift */ = {isa = PBXFileReference; fileEncoding = 4; lastKnownFileType = sourcecode.swift; path = InvestigationDerivable.swift; sourceTree = "<group>"; };
		126C82FF1DCA87D400168250 /* Investigator.swift */ = {isa = PBXFileReference; fileEncoding = 4; lastKnownFileType = sourcecode.swift; path = Investigator.swift; sourceTree = "<group>"; };
		126C83001DCA87D400168250 /* InvestigatorTableViewController.swift */ = {isa = PBXFileReference; fileEncoding = 4; lastKnownFileType = sourcecode.swift; path = InvestigatorTableViewController.swift; sourceTree = "<group>"; };
		126C83011DCA87D400168250 /* SplitViewController.swift */ = {isa = PBXFileReference; fileEncoding = 4; lastKnownFileType = sourcecode.swift; path = SplitViewController.swift; sourceTree = "<group>"; };
		12933FFB1DD2C069009CA3B7 /* ViewControllerViewDate.swift */ = {isa = PBXFileReference; fileEncoding = 4; lastKnownFileType = sourcecode.swift; path = ViewControllerViewDate.swift; sourceTree = "<group>"; };
		1296D0B91DCE39DC006B7E73 /* Assets.xcassets */ = {isa = PBXFileReference; lastKnownFileType = folder.assetcatalog; path = Assets.xcassets; sourceTree = "<group>"; };
		1296D0BB1DCE4B30006B7E73 /* TabBarController.swift */ = {isa = PBXFileReference; fileEncoding = 4; lastKnownFileType = sourcecode.swift; path = TabBarController.swift; sourceTree = "<group>"; };
		12ADDE981DBACC8300A2B7CA /* InvGroupTableViewController.swift */ = {isa = PBXFileReference; fileEncoding = 4; lastKnownFileType = sourcecode.swift; path = InvGroupTableViewController.swift; sourceTree = "<group>"; };
		12ADDE9A1DBACD0F00A2B7CA /* InvestigationGroup.swift */ = {isa = PBXFileReference; fileEncoding = 4; lastKnownFileType = sourcecode.swift; path = InvestigationGroup.swift; sourceTree = "<group>"; };
		12AEE0B21DDBE2BE00272292 /* TableViewCellScheduleTutor.swift */ = {isa = PBXFileReference; fileEncoding = 4; lastKnownFileType = sourcecode.swift; path = TableViewCellScheduleTutor.swift; sourceTree = "<group>"; };
		12BB00011DD3FD1A009463B5 /* TableViewControllerDatesTable.swift */ = {isa = PBXFileReference; fileEncoding = 4; lastKnownFileType = sourcecode.swift; path = TableViewControllerDatesTable.swift; sourceTree = "<group>"; };
		12BCE5281DC2B2710052E607 /* CustomCourseCell.swift */ = {isa = PBXFileReference; fileEncoding = 4; lastKnownFileType = sourcecode.swift; path = CustomCourseCell.swift; sourceTree = "<group>"; };
		12BF4DB21DC2CD70005E7D5A /* CustomStudentCell.swift */ = {isa = PBXFileReference; fileEncoding = 4; lastKnownFileType = sourcecode.swift; path = CustomStudentCell.swift; sourceTree = "<group>"; };
		12BF4DB41DC2D73E005E7D5A /* ListStudentViewController.swift */ = {isa = PBXFileReference; fileEncoding = 4; lastKnownFileType = sourcecode.swift; path = ListStudentViewController.swift; sourceTree = "<group>"; };
		12BF4DB61DC2EAE5005E7D5A /* CustomCriterioCell.swift */ = {isa = PBXFileReference; fileEncoding = 4; lastKnownFileType = sourcecode.swift; path = CustomCriterioCell.swift; sourceTree = "<group>"; };
		12C5F6981DCBA2A0004BCF81 /* citaClass.swift */ = {isa = PBXFileReference; fileEncoding = 4; lastKnownFileType = sourcecode.swift; path = citaClass.swift; sourceTree = "<group>"; };
		12D01CB51DBC13CC00082441 /* CustomPeriodCell.swift */ = {isa = PBXFileReference; fileEncoding = 4; lastKnownFileType = sourcecode.swift; path = CustomPeriodCell.swift; sourceTree = "<group>"; };
		12DABD331DCBE8ED0055F8FC /* studentClass.swift */ = {isa = PBXFileReference; fileEncoding = 4; lastKnownFileType = sourcecode.swift; path = studentClass.swift; sourceTree = "<group>"; };
		12DABD351DCC0C9B0055F8FC /* temaClass.swift */ = {isa = PBXFileReference; fileEncoding = 4; lastKnownFileType = sourcecode.swift; path = temaClass.swift; sourceTree = "<group>"; };
		12DD027F1DBEEB2500CCB25A /* CustomSpecialtyCell.swift */ = {isa = PBXFileReference; fileEncoding = 4; lastKnownFileType = sourcecode.swift; path = CustomSpecialtyCell.swift; sourceTree = "<group>"; };
		12DF4D1E1DCADD7600E59AD0 /* InvestigatorDetailViewController.swift */ = {isa = PBXFileReference; fileEncoding = 4; lastKnownFileType = sourcecode.swift; path = InvestigatorDetailViewController.swift; sourceTree = "<group>"; };
		12DF4D201DCADD8700E59AD0 /* InvestigatorEditViewController.swift */ = {isa = PBXFileReference; fileEncoding = 4; lastKnownFileType = sourcecode.swift; path = InvestigatorEditViewController.swift; sourceTree = "<group>"; };
		25691CA41DCB4A03005A632D /* DetalleGruposViewController.swift */ = {isa = PBXFileReference; fileEncoding = 4; lastKnownFileType = sourcecode.swift; path = DetalleGruposViewController.swift; sourceTree = "<group>"; };
		25A6EF161DCBDF760084AFE0 /* Test.xctest */ = {isa = PBXFileReference; explicitFileType = wrapper.cfbundle; includeInIndex = 0; path = Test.xctest; sourceTree = BUILT_PRODUCTS_DIR; };
		25A6EF181DCBDF760084AFE0 /* Test.swift */ = {isa = PBXFileReference; lastKnownFileType = sourcecode.swift; path = Test.swift; sourceTree = "<group>"; };
		25A6EF1A1DCBDF760084AFE0 /* Info.plist */ = {isa = PBXFileReference; lastKnownFileType = text.plist.xml; path = Info.plist; sourceTree = "<group>"; };
		25A6EF2C1DCBE7CA0084AFE0 /* FaseTest.swift */ = {isa = PBXFileReference; fileEncoding = 4; lastKnownFileType = sourcecode.swift; path = FaseTest.swift; sourceTree = "<group>"; };
		25A968281DCB12D700B03060 /* InicioPspViewController.swift */ = {isa = PBXFileReference; fileEncoding = 4; lastKnownFileType = sourcecode.swift; path = InicioPspViewController.swift; sourceTree = "<group>"; };
		25A9682A1DCB16EB00B03060 /* FasesTableViewController.swift */ = {isa = PBXFileReference; fileEncoding = 4; lastKnownFileType = sourcecode.swift; path = FasesTableViewController.swift; sourceTree = "<group>"; };
		25A9682C1DCB209700B03060 /* Fases.swift */ = {isa = PBXFileReference; fileEncoding = 4; lastKnownFileType = sourcecode.swift; path = Fases.swift; sourceTree = "<group>"; };
		25A9682E1DCB2EA100B03060 /* DetalleFaseViewController.swift */ = {isa = PBXFileReference; fileEncoding = 4; lastKnownFileType = sourcecode.swift; path = DetalleFaseViewController.swift; sourceTree = "<group>"; };
		25A968301DCB350100B03060 /* GruposTableViewController.swift */ = {isa = PBXFileReference; fileEncoding = 4; lastKnownFileType = sourcecode.swift; path = GruposTableViewController.swift; sourceTree = "<group>"; };
		25A968321DCB353100B03060 /* Grupos.swift */ = {isa = PBXFileReference; fileEncoding = 4; lastKnownFileType = sourcecode.swift; path = Grupos.swift; sourceTree = "<group>"; };
		25DE42741DCBA0D800BE88C8 /* MenuProvisionalAlumnosViewController.swift */ = {isa = PBXFileReference; fileEncoding = 4; lastKnownFileType = sourcecode.swift; path = MenuProvisionalAlumnosViewController.swift; sourceTree = "<group>"; };
		4616D9E01DC07E12008174B7 /* HTTPHelper.swift */ = {isa = PBXFileReference; fileEncoding = 4; lastKnownFileType = sourcecode.swift; path = HTTPHelper.swift; sourceTree = "<group>"; };
		4618847D1DCC20A1000858C8 /* ConfigTableViewController.swift */ = {isa = PBXFileReference; fileEncoding = 4; lastKnownFileType = sourcecode.swift; path = ConfigTableViewController.swift; sourceTree = "<group>"; };
		46292AFE1DB9DF7500EC8575 /* UASapp.app */ = {isa = PBXFileReference; explicitFileType = wrapper.application; includeInIndex = 0; path = UASapp.app; sourceTree = BUILT_PRODUCTS_DIR; };
		46292B011DB9DF7500EC8575 /* AppDelegate.swift */ = {isa = PBXFileReference; lastKnownFileType = sourcecode.swift; path = AppDelegate.swift; sourceTree = "<group>"; };
		46292B031DB9DF7500EC8575 /* ViewController.swift */ = {isa = PBXFileReference; lastKnownFileType = sourcecode.swift; path = ViewController.swift; sourceTree = "<group>"; };
		46292B0B1DB9DF7500EC8575 /* Base */ = {isa = PBXFileReference; lastKnownFileType = file.storyboard; name = Base; path = Base.lproj/LaunchScreen.storyboard; sourceTree = "<group>"; };
		46292B0D1DB9DF7500EC8575 /* Info.plist */ = {isa = PBXFileReference; lastKnownFileType = text.plist.xml; path = Info.plist; sourceTree = "<group>"; };
		4637A5661DCE747100D65C40 /* DownloadHelper.swift */ = {isa = PBXFileReference; fileEncoding = 4; lastKnownFileType = sourcecode.swift; path = DownloadHelper.swift; sourceTree = "<group>"; };
		46419A8C1DCC505C00E77B9A /* Base */ = {isa = PBXFileReference; lastKnownFileType = file.storyboard; name = Base; path = UASapp/Base.lproj/Main.storyboard; sourceTree = "<group>"; };
		9623F2581DC39E5A00EA7B6D /* GoalDetailViewController.swift */ = {isa = PBXFileReference; fileEncoding = 4; lastKnownFileType = sourcecode.swift; path = GoalDetailViewController.swift; sourceTree = "<group>"; };
		9623F25A1DC3A01C00EA7B6D /* StudentOutcomesViewController.swift */ = {isa = PBXFileReference; fileEncoding = 4; lastKnownFileType = sourcecode.swift; path = StudentOutcomesViewController.swift; sourceTree = "<group>"; };
		9623F25C1DC3A2E900EA7B6D /* CustomOutcomeCell.swift */ = {isa = PBXFileReference; fileEncoding = 4; lastKnownFileType = sourcecode.swift; path = CustomOutcomeCell.swift; sourceTree = "<group>"; };
		9623F25E1DC3A58400EA7B6D /* OutcomeDetailViewController.swift */ = {isa = PBXFileReference; fileEncoding = 4; lastKnownFileType = sourcecode.swift; path = OutcomeDetailViewController.swift; sourceTree = "<group>"; };
		9623F2601DC3AB0300EA7B6D /* CourseViewController.swift */ = {isa = PBXFileReference; fileEncoding = 4; lastKnownFileType = sourcecode.swift; path = CourseViewController.swift; sourceTree = "<group>"; };
		965F44B81DC270C300D7139A /* CustomGoalCell.swift */ = {isa = PBXFileReference; fileEncoding = 4; lastKnownFileType = sourcecode.swift; path = CustomGoalCell.swift; sourceTree = "<group>"; };
		966EEACB1DCCE35D00EBC56B /* EducationalGoal.swift */ = {isa = PBXFileReference; fileEncoding = 4; lastKnownFileType = sourcecode.swift; path = EducationalGoal.swift; sourceTree = "<group>"; };
		966EEACD1DCCF04100EBC56B /* StudentOutcome.swift */ = {isa = PBXFileReference; fileEncoding = 4; lastKnownFileType = sourcecode.swift; path = StudentOutcome.swift; sourceTree = "<group>"; };
		96D51AB41DC262D80015B197 /* EducationalGoalsViewController.swift */ = {isa = PBXFileReference; fileEncoding = 4; lastKnownFileType = sourcecode.swift; path = EducationalGoalsViewController.swift; sourceTree = "<group>"; };
/* End PBXFileReference section */

/* Begin PBXFrameworksBuildPhase section */
		25A6EF131DCBDF760084AFE0 /* Frameworks */ = {
			isa = PBXFrameworksBuildPhase;
			buildActionMask = 2147483647;
			files = (
			);
			runOnlyForDeploymentPostprocessing = 0;
		};
		46292AFB1DB9DF7500EC8575 /* Frameworks */ = {
			isa = PBXFrameworksBuildPhase;
			buildActionMask = 2147483647;
			files = (
			);
			runOnlyForDeploymentPostprocessing = 0;
		};
/* End PBXFrameworksBuildPhase section */

/* Begin PBXGroup section */
		1296D0AB1DCE34D2006B7E73 /* Accreditation */ = {
			isa = PBXGroup;
			children = (
				1296D0B01DCE3592006B7E73 /* Controller */,
				1296D0AF1DCE3588006B7E73 /* Model */,
			);
			name = Accreditation;
			sourceTree = "<group>";
		};
		1296D0AC1DCE34E2006B7E73 /* Investigation */ = {
			isa = PBXGroup;
			children = (
				1296D0B21DCE35AB006B7E73 /* Controller */,
				1296D0B11DCE35A5006B7E73 /* Model */,
			);
			name = Investigation;
			sourceTree = "<group>";
		};
		1296D0AD1DCE3505006B7E73 /* Tutorship */ = {
			isa = PBXGroup;
			children = (
				1296D0B41DCE35BE006B7E73 /* Controller */,
				1296D0B31DCE35B6006B7E73 /* Model */,
			);
			name = Tutorship;
			sourceTree = "<group>";
		};
		1296D0AE1DCE3575006B7E73 /* PSP */ = {
			isa = PBXGroup;
			children = (
				1296D0B61DCE35D2006B7E73 /* Controller */,
				1296D0B51DCE35C9006B7E73 /* Model */,
			);
			name = PSP;
			sourceTree = "<group>";
		};
		1296D0AF1DCE3588006B7E73 /* Model */ = {
			isa = PBXGroup;
			children = (
				966EEACB1DCCE35D00EBC56B /* EducationalGoal.swift */,
				966EEACD1DCCF04100EBC56B /* StudentOutcome.swift */,
				124710311DCAD809000F9F1D /* Course.swift */,
				1247102D1DCABD63000F9F1D /* Period.swift */,
				121BE3B31DCBB17300B68A3C /* Faculty.swift */,
			);
			name = Model;
			sourceTree = "<group>";
		};
		1296D0B01DCE3592006B7E73 /* Controller */ = {
			isa = PBXGroup;
			children = (
				1231D7821DBACE03004E35FD /* SpecialtyViewController.swift */,
				1231D7841DBAE4BF004E35FD /* CoursesBySpecialtyViewController.swift */,
				1231D7861DBAE5D6004E35FD /* PeriodMeasurementViewController.swift */,
				1231D7881DBAE681004E35FD /* PeriodMeasDetailViewController.swift */,
				1231D78A1DBAE869004E35FD /* ScheduleViewController.swift */,
				1231D78C1DBAE87D004E35FD /* StudentViewController.swift */,
				12D01CB51DBC13CC00082441 /* CustomPeriodCell.swift */,
				12DD027F1DBEEB2500CCB25A /* CustomSpecialtyCell.swift */,
				96D51AB41DC262D80015B197 /* EducationalGoalsViewController.swift */,
				965F44B81DC270C300D7139A /* CustomGoalCell.swift */,
				9623F2581DC39E5A00EA7B6D /* GoalDetailViewController.swift */,
				9623F25A1DC3A01C00EA7B6D /* StudentOutcomesViewController.swift */,
				9623F25C1DC3A2E900EA7B6D /* CustomOutcomeCell.swift */,
				9623F25E1DC3A58400EA7B6D /* OutcomeDetailViewController.swift */,
				9623F2601DC3AB0300EA7B6D /* CourseViewController.swift */,
				12BCE5281DC2B2710052E607 /* CustomCourseCell.swift */,
				12BF4DB21DC2CD70005E7D5A /* CustomStudentCell.swift */,
				12BF4DB41DC2D73E005E7D5A /* ListStudentViewController.swift */,
				12BF4DB61DC2EAE5005E7D5A /* CustomCriterioCell.swift */,
				1247102F1DCAD039000F9F1D /* UASNavViewController.swift */,
				121BE3AF1DCBAFA200B68A3C /* MyFacultiesViewController.swift */,
				121BE3B11DCBB03500B68A3C /* CustomMyFacultiesCell.swift */,
				1207C64D1DCBD8ED0004B891 /* ConsolidadoMeasuringViewController.swift */,
				1207C64F1DCBD95E0004B891 /* ConsolidadoCoursesViewController.swift */,
			);
			name = Controller;
			sourceTree = "<group>";
		};
		1296D0B11DCE35A5006B7E73 /* Model */ = {
			isa = PBXGroup;
			children = (
				126C82FE1DCA87D400168250 /* InvestigationDerivable.swift */,
				126C82FF1DCA87D400168250 /* Investigator.swift */,
				12ADDE9A1DBACD0F00A2B7CA /* InvestigationGroup.swift */,
				1214CEC91DBC0C600042A3F2 /* InvestigationProject.swift */,
				1268F2741DBFF6C300E1CC22 /* InvestigationProjectEvent.swift */,
			);
			name = Model;
			sourceTree = "<group>";
		};
		1296D0B21DCE35AB006B7E73 /* Controller */ = {
			isa = PBXGroup;
			children = (
				12DF4D1E1DCADD7600E59AD0 /* InvestigatorDetailViewController.swift */,
				126C82FD1DCA87D400168250 /* InvDerivableTableViewController.swift */,
				126C83001DCA87D400168250 /* InvestigatorTableViewController.swift */,
				12ADDE981DBACC8300A2B7CA /* InvGroupTableViewController.swift */,
				124DD59B1DBBCB0B004D95FA /* InvGrDetailViewController.swift */,
				124DD59D1DBBCC6F004D95FA /* InvNavViewController.swift */,
				1214CEC71DBC05A90042A3F2 /* InvGrEditViewController.swift */,
				1214CECB1DBC0DE80042A3F2 /* InvProjectTableViewController.swift */,
				1214CECD1DBC125E0042A3F2 /* InvPrDetailViewController.swift */,
				1214CECF1DBC12A50042A3F2 /* InvPrEditViewController.swift */,
				1268F2721DBFF59E00E1CC22 /* EveProjectTableViewController.swift */,
				1268F2761DBFFE4400E1CC22 /* InvPrEvDetailViewController.swift */,
				1268F2781DC0096100E1CC22 /* InvPrEvEditViewController.swift */,
				12DF4D201DCADD8700E59AD0 /* InvestigatorEditViewController.swift */,
			);
			name = Controller;
			sourceTree = "<group>";
		};
		1296D0B31DCE35B6006B7E73 /* Model */ = {
			isa = PBXGroup;
			children = (
				12DABD351DCC0C9B0055F8FC /* temaClass.swift */,
				12DABD331DCBE8ED0055F8FC /* studentClass.swift */,
				12C5F6981DCBA2A0004BCF81 /* citaClass.swift */,
				1237D3B61DCA9CE50081EAF4 /* tutorClass.swift */,
			);
			name = Model;
			sourceTree = "<group>";
		};
		1296D0B41DCE35BE006B7E73 /* Controller */ = {
			isa = PBXGroup;
			children = (
				12933FFB1DD2C069009CA3B7 /* ViewControllerViewDate.swift */,
				12BB00011DD3FD1A009463B5 /* TableViewControllerDatesTable.swift */,
				1237D3A61DCA9CC80081EAF4 /* ViewControllerCreateDate.swift */,
				1237D3A71DCA9CC80081EAF4 /* ViewControllerDates.swift */,
				1237D3A81DCA9CC80081EAF4 /* ViewControllerDatesFilter.swift */,
				1237D3A91DCA9CC80081EAF4 /* ViewControllerStudentFilter.swift */,
				1237D3AA1DCA9CC80081EAF4 /* ViewControllerStudents.swift */,
				1237D3AB1DCA9CC80081EAF4 /* ViewControllerTutoriaMenu.swift */,
				1237D3AC1DCA9CC80081EAF4 /* ViewControllerTutorVisualize.swift */,
				1237D3BA1DCA9D060081EAF4 /* NavigationControllerC.swift */,
				1237D3B41DCA9CE50081EAF4 /* TableViewCellDate.swift */,
				1237D3B51DCA9CE50081EAF4 /* TableViewCellStudent.swift */,
				12AEE0B21DDBE2BE00272292 /* TableViewCellScheduleTutor.swift */,
			);
			name = Controller;
			sourceTree = "<group>";
		};
		1296D0B51DCE35C9006B7E73 /* Model */ = {
			isa = PBXGroup;
			children = (
				25A9682C1DCB209700B03060 /* Fases.swift */,
				25A968321DCB353100B03060 /* Grupos.swift */,
			);
			name = Model;
			sourceTree = "<group>";
		};
		1296D0B61DCE35D2006B7E73 /* Controller */ = {
			isa = PBXGroup;
			children = (
				25A9682A1DCB16EB00B03060 /* FasesTableViewController.swift */,
				25A968281DCB12D700B03060 /* InicioPspViewController.swift */,
				126C83011DCA87D400168250 /* SplitViewController.swift */,
				25A9682E1DCB2EA100B03060 /* DetalleFaseViewController.swift */,
				25A968301DCB350100B03060 /* GruposTableViewController.swift */,
				25691CA41DCB4A03005A632D /* DetalleGruposViewController.swift */,
				25DE42741DCBA0D800BE88C8 /* MenuProvisionalAlumnosViewController.swift */,
			);
			name = Controller;
			sourceTree = "<group>";
		};
		25A6EF171DCBDF760084AFE0 /* Test */ = {
			isa = PBXGroup;
			children = (
				25A6EF181DCBDF760084AFE0 /* Test.swift */,
				25A6EF1A1DCBDF760084AFE0 /* Info.plist */,
				25A6EF2C1DCBE7CA0084AFE0 /* FaseTest.swift */,
			);
			path = Test;
			sourceTree = "<group>";
		};
		46292AF51DB9DF7500EC8575 = {
			isa = PBXGroup;
			children = (
				46292B001DB9DF7500EC8575 /* UASapp */,
				25A6EF171DCBDF760084AFE0 /* Test */,
				46292AFF1DB9DF7500EC8575 /* Products */,
			);
			sourceTree = "<group>";
		};
		46292AFF1DB9DF7500EC8575 /* Products */ = {
			isa = PBXGroup;
			children = (
				46292AFE1DB9DF7500EC8575 /* UASapp.app */,
				25A6EF161DCBDF760084AFE0 /* Test.xctest */,
			);
			name = Products;
			sourceTree = "<group>";
		};
		46292B001DB9DF7500EC8575 /* UASapp */ = {
			isa = PBXGroup;
			children = (
				1296D0AE1DCE3575006B7E73 /* PSP */,
				1296D0AD1DCE3505006B7E73 /* Tutorship */,
				1296D0AC1DCE34E2006B7E73 /* Investigation */,
				1296D0AB1DCE34D2006B7E73 /* Accreditation */,
				468028601DC07B2900421DFF /* Utility */,
				46292B011DB9DF7500EC8575 /* AppDelegate.swift */,
				46292B031DB9DF7500EC8575 /* ViewController.swift */,
				1296D0BB1DCE4B30006B7E73 /* TabBarController.swift */,
				4618847D1DCC20A1000858C8 /* ConfigTableViewController.swift */,
				46419A8B1DCC505C00E77B9A /* Main.storyboard */,
				1296D0B91DCE39DC006B7E73 /* Assets.xcassets */,
				46292B0A1DB9DF7500EC8575 /* LaunchScreen.storyboard */,
				46292B0D1DB9DF7500EC8575 /* Info.plist */,
			);
			path = UASapp;
			sourceTree = "<group>";
		};
		468028601DC07B2900421DFF /* Utility */ = {
			isa = PBXGroup;
			children = (
				121C14021DCBDEC000C4CDE1 /* KeyboardLayoutConstraint.swift */,
				4616D9E01DC07E12008174B7 /* HTTPHelper.swift */,
				125A62021DC2BE50008BD312 /* AskConectivity.swift */,
				4637A5661DCE747100D65C40 /* DownloadHelper.swift */,
			);
			name = Utility;
			sourceTree = "<group>";
		};
/* End PBXGroup section */

/* Begin PBXNativeTarget section */
		25A6EF151DCBDF760084AFE0 /* Test */ = {
			isa = PBXNativeTarget;
			buildConfigurationList = 25A6EF1D1DCBDF760084AFE0 /* Build configuration list for PBXNativeTarget "Test" */;
			buildPhases = (
				25A6EF121DCBDF760084AFE0 /* Sources */,
				25A6EF131DCBDF760084AFE0 /* Frameworks */,
				25A6EF141DCBDF760084AFE0 /* Resources */,
			);
			buildRules = (
			);
			dependencies = (
				25A6EF1C1DCBDF760084AFE0 /* PBXTargetDependency */,
			);
			name = Test;
			productName = Test;
			productReference = 25A6EF161DCBDF760084AFE0 /* Test.xctest */;
			productType = "com.apple.product-type.bundle.unit-test";
		};
		46292AFD1DB9DF7500EC8575 /* UASapp */ = {
			isa = PBXNativeTarget;
			buildConfigurationList = 46292B101DB9DF7500EC8575 /* Build configuration list for PBXNativeTarget "UASapp" */;
			buildPhases = (
				46292AFA1DB9DF7500EC8575 /* Sources */,
				46292AFB1DB9DF7500EC8575 /* Frameworks */,
				46292AFC1DB9DF7500EC8575 /* Resources */,
			);
			buildRules = (
			);
			dependencies = (
			);
			name = UASapp;
			productName = UASapp;
			productReference = 46292AFE1DB9DF7500EC8575 /* UASapp.app */;
			productType = "com.apple.product-type.application";
		};
/* End PBXNativeTarget section */

/* Begin PBXProject section */
		46292AF61DB9DF7500EC8575 /* Project object */ = {
			isa = PBXProject;
			attributes = {
				KnownAssetTags = (
					title,
				);
				LastSwiftUpdateCheck = 0800;
				LastUpgradeCheck = 0810;
				ORGANIZATIONNAME = sumajg;
				TargetAttributes = {
					25A6EF151DCBDF760084AFE0 = {
						CreatedOnToolsVersion = 8.0;
						DevelopmentTeam = 5KDVCLQT2T;
						ProvisioningStyle = Automatic;
						TestTargetID = 46292AFD1DB9DF7500EC8575;
					};
					46292AFD1DB9DF7500EC8575 = {
						CreatedOnToolsVersion = 8.0;
						ProvisioningStyle = Automatic;
					};
				};
			};
			buildConfigurationList = 46292AF91DB9DF7500EC8575 /* Build configuration list for PBXProject "UASapp" */;
			compatibilityVersion = "Xcode 3.2";
			developmentRegion = English;
			hasScannedForEncodings = 0;
			knownRegions = (
				en,
				Base,
			);
			mainGroup = 46292AF51DB9DF7500EC8575;
			productRefGroup = 46292AFF1DB9DF7500EC8575 /* Products */;
			projectDirPath = "";
			projectRoot = "";
			targets = (
				46292AFD1DB9DF7500EC8575 /* UASapp */,
				25A6EF151DCBDF760084AFE0 /* Test */,
			);
		};
/* End PBXProject section */

/* Begin PBXResourcesBuildPhase section */
		25A6EF141DCBDF760084AFE0 /* Resources */ = {
			isa = PBXResourcesBuildPhase;
			buildActionMask = 2147483647;
			files = (
			);
			runOnlyForDeploymentPostprocessing = 0;
		};
		46292AFC1DB9DF7500EC8575 /* Resources */ = {
			isa = PBXResourcesBuildPhase;
			buildActionMask = 2147483647;
			files = (
				46419A8D1DCC505C00E77B9A /* Main.storyboard in Resources */,
				1296D0BA1DCE39DC006B7E73 /* Assets.xcassets in Resources */,
				46292B0C1DB9DF7500EC8575 /* LaunchScreen.storyboard in Resources */,
			);
			runOnlyForDeploymentPostprocessing = 0;
		};
/* End PBXResourcesBuildPhase section */

/* Begin PBXSourcesBuildPhase section */
		25A6EF121DCBDF760084AFE0 /* Sources */ = {
			isa = PBXSourcesBuildPhase;
			buildActionMask = 2147483647;
			files = (
				25A6EF2D1DCBE7CA0084AFE0 /* FaseTest.swift in Sources */,
				25A6EF191DCBDF760084AFE0 /* Test.swift in Sources */,
			);
			runOnlyForDeploymentPostprocessing = 0;
		};
		46292AFA1DB9DF7500EC8575 /* Sources */ = {
			isa = PBXSourcesBuildPhase;
			buildActionMask = 2147483647;
			files = (
				1268F2731DBFF59E00E1CC22 /* EveProjectTableViewController.swift in Sources */,
				1296D0BC1DCE4B30006B7E73 /* TabBarController.swift in Sources */,
				1214CECE1DBC125E0042A3F2 /* InvPrDetailViewController.swift in Sources */,
				4637A5671DCE747100D65C40 /* DownloadHelper.swift in Sources */,
				12ADDE9B1DBACD0F00A2B7CA /* InvestigationGroup.swift in Sources */,
				25691CA51DCB4A03005A632D /* DetalleGruposViewController.swift in Sources */,
				25A968291DCB12D700B03060 /* InicioPspViewController.swift in Sources */,
				46292B041DB9DF7500EC8575 /* ViewController.swift in Sources */,
				124DD59C1DBBCB0B004D95FA /* InvGrDetailViewController.swift in Sources */,
				1214CED01DBC12A50042A3F2 /* InvPrEditViewController.swift in Sources */,
				1237D3BB1DCA9D060081EAF4 /* NavigationControllerC.swift in Sources */,
				1268F2751DBFF6C300E1CC22 /* InvestigationProjectEvent.swift in Sources */,
				1237D3B31DCA9CC80081EAF4 /* ViewControllerTutorVisualize.swift in Sources */,
				12DF4D211DCADD8700E59AD0 /* InvestigatorEditViewController.swift in Sources */,
				1214CECC1DBC0DE80042A3F2 /* InvProjectTableViewController.swift in Sources */,
				1237D3AF1DCA9CC80081EAF4 /* ViewControllerDatesFilter.swift in Sources */,
				1268F2771DBFFE4400E1CC22 /* InvPrEvDetailViewController.swift in Sources */,
				12DABD341DCBE8ED0055F8FC /* studentClass.swift in Sources */,
				1214CEC81DBC05A90042A3F2 /* InvGrEditViewController.swift in Sources */,
				124710301DCAD039000F9F1D /* UASNavViewController.swift in Sources */,
				1247102E1DCABD63000F9F1D /* Period.swift in Sources */,
				46292B021DB9DF7500EC8575 /* AppDelegate.swift in Sources */,
				12ADDE991DBACC8300A2B7CA /* InvGroupTableViewController.swift in Sources */,
				1237D3B01DCA9CC80081EAF4 /* ViewControllerStudentFilter.swift in Sources */,
				12BB00021DD3FD1A009463B5 /* TableViewControllerDatesTable.swift in Sources */,
				126C83061DCA87D400168250 /* SplitViewController.swift in Sources */,
				1231D7831DBACE03004E35FD /* SpecialtyViewController.swift in Sources */,
				966EEACE1DCCF04100EBC56B /* StudentOutcome.swift in Sources */,
				121BE3B41DCBB17300B68A3C /* Faculty.swift in Sources */,
				126C83051DCA87D400168250 /* InvestigatorTableViewController.swift in Sources */,
				1231D7871DBAE5D6004E35FD /* PeriodMeasurementViewController.swift in Sources */,
				965F44B91DC270C300D7139A /* CustomGoalCell.swift in Sources */,
				1237D3B71DCA9CE50081EAF4 /* TableViewCellDate.swift in Sources */,
				96D51AB51DC262D80015B197 /* EducationalGoalsViewController.swift in Sources */,
				12BF4DB31DC2CD70005E7D5A /* CustomStudentCell.swift in Sources */,
				12BF4DB51DC2D73E005E7D5A /* ListStudentViewController.swift in Sources */,
				25A968311DCB350100B03060 /* GruposTableViewController.swift in Sources */,
				1231D78B1DBAE869004E35FD /* ScheduleViewController.swift in Sources */,
				1231D7891DBAE681004E35FD /* PeriodMeasDetailViewController.swift in Sources */,
				25A968331DCB353100B03060 /* Grupos.swift in Sources */,
				12DD02801DBEEB2500CCB25A /* CustomSpecialtyCell.swift in Sources */,
				25DE42751DCBA0D800BE88C8 /* MenuProvisionalAlumnosViewController.swift in Sources */,
				1231D78D1DBAE87D004E35FD /* StudentViewController.swift in Sources */,
				1207C64E1DCBD8ED0004B891 /* ConsolidadoMeasuringViewController.swift in Sources */,
				12D01CB61DBC13CC00082441 /* CustomPeriodCell.swift in Sources */,
				9623F25B1DC3A01C00EA7B6D /* StudentOutcomesViewController.swift in Sources */,
				25A9682B1DCB16EB00B03060 /* FasesTableViewController.swift in Sources */,
				25A9682F1DCB2EA100B03060 /* DetalleFaseViewController.swift in Sources */,
				121BE3B01DCBAFA200B68A3C /* MyFacultiesViewController.swift in Sources */,
				126C83031DCA87D400168250 /* InvestigationDerivable.swift in Sources */,
				9623F2611DC3AB0300EA7B6D /* CourseViewController.swift in Sources */,
				124710321DCAD809000F9F1D /* Course.swift in Sources */,
				12BCE5291DC2B2710052E607 /* CustomCourseCell.swift in Sources */,
				12933FFC1DD2C069009CA3B7 /* ViewControllerViewDate.swift in Sources */,
				1237D3B91DCA9CE50081EAF4 /* tutorClass.swift in Sources */,
				126C83041DCA87D400168250 /* Investigator.swift in Sources */,
				1231D7851DBAE4BF004E35FD /* CoursesBySpecialtyViewController.swift in Sources */,
				1237D3AE1DCA9CC80081EAF4 /* ViewControllerDates.swift in Sources */,
				1237D3B81DCA9CE50081EAF4 /* TableViewCellStudent.swift in Sources */,
				966EEACC1DCCE35D00EBC56B /* EducationalGoal.swift in Sources */,
				12BF4DB71DC2EAE5005E7D5A /* CustomCriterioCell.swift in Sources */,
				9623F25F1DC3A58400EA7B6D /* OutcomeDetailViewController.swift in Sources */,
				1237D3B21DCA9CC80081EAF4 /* ViewControllerTutoriaMenu.swift in Sources */,
				121BE3B21DCBB03500B68A3C /* CustomMyFacultiesCell.swift in Sources */,
				9623F25D1DC3A2E900EA7B6D /* CustomOutcomeCell.swift in Sources */,
				1237D3AD1DCA9CC80081EAF4 /* ViewControllerCreateDate.swift in Sources */,
				9623F2591DC39E5A00EA7B6D /* GoalDetailViewController.swift in Sources */,
				12C5F6991DCBA2A0004BCF81 /* citaClass.swift in Sources */,
				124DD59E1DBBCC6F004D95FA /* InvNavViewController.swift in Sources */,
				1214CECA1DBC0C600042A3F2 /* InvestigationProject.swift in Sources */,
				125A62031DC2BE50008BD312 /* AskConectivity.swift in Sources */,
				1207C6501DCBD95E0004B891 /* ConsolidadoCoursesViewController.swift in Sources */,
				1268F2791DC0096100E1CC22 /* InvPrEvEditViewController.swift in Sources */,
				25A9682D1DCB209700B03060 /* Fases.swift in Sources */,
				4616D9E11DC07E12008174B7 /* HTTPHelper.swift in Sources */,
				1237D3B11DCA9CC80081EAF4 /* ViewControllerStudents.swift in Sources */,
				12DABD361DCC0C9B0055F8FC /* temaClass.swift in Sources */,
				4618847E1DCC20A1000858C8 /* ConfigTableViewController.swift in Sources */,
				12AEE0B31DDBE2BE00272292 /* TableViewCellScheduleTutor.swift in Sources */,
				121C14031DCBDEC000C4CDE1 /* KeyboardLayoutConstraint.swift in Sources */,
				12DF4D1F1DCADD7600E59AD0 /* InvestigatorDetailViewController.swift in Sources */,
				126C83021DCA87D400168250 /* InvDerivableTableViewController.swift in Sources */,
			);
			runOnlyForDeploymentPostprocessing = 0;
		};
/* End PBXSourcesBuildPhase section */

/* Begin PBXTargetDependency section */
		25A6EF1C1DCBDF760084AFE0 /* PBXTargetDependency */ = {
			isa = PBXTargetDependency;
			target = 46292AFD1DB9DF7500EC8575 /* UASapp */;
			targetProxy = 25A6EF1B1DCBDF760084AFE0 /* PBXContainerItemProxy */;
		};
/* End PBXTargetDependency section */

/* Begin PBXVariantGroup section */
		46292B0A1DB9DF7500EC8575 /* LaunchScreen.storyboard */ = {
			isa = PBXVariantGroup;
			children = (
				46292B0B1DB9DF7500EC8575 /* Base */,
			);
			name = LaunchScreen.storyboard;
			sourceTree = "<group>";
		};
		46419A8B1DCC505C00E77B9A /* Main.storyboard */ = {
			isa = PBXVariantGroup;
			children = (
				46419A8C1DCC505C00E77B9A /* Base */,
			);
			name = Main.storyboard;
			path = ..;
			sourceTree = "<group>";
		};
/* End PBXVariantGroup section */

/* Begin XCBuildConfiguration section */
		25A6EF1E1DCBDF760084AFE0 /* Debug */ = {
			isa = XCBuildConfiguration;
			buildSettings = {
				BUNDLE_LOADER = "$(TEST_HOST)";
				DEVELOPMENT_TEAM = 5KDVCLQT2T;
				INFOPLIST_FILE = Test/Info.plist;
				IPHONEOS_DEPLOYMENT_TARGET = 10.0;
				LD_RUNPATH_SEARCH_PATHS = "$(inherited) @executable_path/Frameworks @loader_path/Frameworks";
				PRODUCT_BUNDLE_IDENTIFIER = Games.Test;
				PRODUCT_NAME = "$(TARGET_NAME)";
				SWIFT_VERSION = 3.0;
				TEST_HOST = "$(BUILT_PRODUCTS_DIR)/UASapp.app/UASapp";
			};
			name = Debug;
		};
		25A6EF1F1DCBDF760084AFE0 /* Release */ = {
			isa = XCBuildConfiguration;
			buildSettings = {
				BUNDLE_LOADER = "$(TEST_HOST)";
				DEVELOPMENT_TEAM = 5KDVCLQT2T;
				INFOPLIST_FILE = Test/Info.plist;
				IPHONEOS_DEPLOYMENT_TARGET = 10.0;
				LD_RUNPATH_SEARCH_PATHS = "$(inherited) @executable_path/Frameworks @loader_path/Frameworks";
				PRODUCT_BUNDLE_IDENTIFIER = Games.Test;
				PRODUCT_NAME = "$(TARGET_NAME)";
				SWIFT_VERSION = 3.0;
				TEST_HOST = "$(BUILT_PRODUCTS_DIR)/UASapp.app/UASapp";
			};
			name = Release;
		};
		46292B0E1DB9DF7500EC8575 /* Debug */ = {
			isa = XCBuildConfiguration;
			buildSettings = {
				ALWAYS_SEARCH_USER_PATHS = NO;
				CLANG_ANALYZER_NONNULL = YES;
				CLANG_CXX_LANGUAGE_STANDARD = "gnu++0x";
				CLANG_CXX_LIBRARY = "libc++";
				CLANG_ENABLE_MODULES = YES;
				CLANG_ENABLE_OBJC_ARC = YES;
				CLANG_WARN_BOOL_CONVERSION = YES;
				CLANG_WARN_CONSTANT_CONVERSION = YES;
				CLANG_WARN_DIRECT_OBJC_ISA_USAGE = YES_ERROR;
				CLANG_WARN_DOCUMENTATION_COMMENTS = YES;
				CLANG_WARN_EMPTY_BODY = YES;
				CLANG_WARN_ENUM_CONVERSION = YES;
				CLANG_WARN_INFINITE_RECURSION = YES;
				CLANG_WARN_INT_CONVERSION = YES;
				CLANG_WARN_OBJC_ROOT_CLASS = YES_ERROR;
				CLANG_WARN_SUSPICIOUS_MOVE = YES;
				CLANG_WARN_SUSPICIOUS_MOVES = YES;
				CLANG_WARN_UNREACHABLE_CODE = YES;
				CLANG_WARN__DUPLICATE_METHOD_MATCH = YES;
				"CODE_SIGN_IDENTITY[sdk=iphoneos*]" = "iPhone Developer";
				COPY_PHASE_STRIP = NO;
				DEBUG_INFORMATION_FORMAT = dwarf;
				ENABLE_STRICT_OBJC_MSGSEND = YES;
				ENABLE_TESTABILITY = YES;
				GCC_C_LANGUAGE_STANDARD = gnu99;
				GCC_DYNAMIC_NO_PIC = NO;
				GCC_NO_COMMON_BLOCKS = YES;
				GCC_OPTIMIZATION_LEVEL = 0;
				GCC_PREPROCESSOR_DEFINITIONS = (
					"DEBUG=1",
					"$(inherited)",
				);
				GCC_WARN_64_TO_32_BIT_CONVERSION = YES;
				GCC_WARN_ABOUT_RETURN_TYPE = YES_ERROR;
				GCC_WARN_UNDECLARED_SELECTOR = YES;
				GCC_WARN_UNINITIALIZED_AUTOS = YES_AGGRESSIVE;
				GCC_WARN_UNUSED_FUNCTION = YES;
				GCC_WARN_UNUSED_VARIABLE = YES;
				IPHONEOS_DEPLOYMENT_TARGET = 9.0;
				MTL_ENABLE_DEBUG_INFO = YES;
				ONLY_ACTIVE_ARCH = YES;
				SDKROOT = iphoneos;
				SWIFT_ACTIVE_COMPILATION_CONDITIONS = DEBUG;
				SWIFT_OPTIMIZATION_LEVEL = "-Onone";
			};
			name = Debug;
		};
		46292B0F1DB9DF7500EC8575 /* Release */ = {
			isa = XCBuildConfiguration;
			buildSettings = {
				ALWAYS_SEARCH_USER_PATHS = NO;
				CLANG_ANALYZER_NONNULL = YES;
				CLANG_CXX_LANGUAGE_STANDARD = "gnu++0x";
				CLANG_CXX_LIBRARY = "libc++";
				CLANG_ENABLE_MODULES = YES;
				CLANG_ENABLE_OBJC_ARC = YES;
				CLANG_WARN_BOOL_CONVERSION = YES;
				CLANG_WARN_CONSTANT_CONVERSION = YES;
				CLANG_WARN_DIRECT_OBJC_ISA_USAGE = YES_ERROR;
				CLANG_WARN_DOCUMENTATION_COMMENTS = YES;
				CLANG_WARN_EMPTY_BODY = YES;
				CLANG_WARN_ENUM_CONVERSION = YES;
				CLANG_WARN_INFINITE_RECURSION = YES;
				CLANG_WARN_INT_CONVERSION = YES;
				CLANG_WARN_OBJC_ROOT_CLASS = YES_ERROR;
				CLANG_WARN_SUSPICIOUS_MOVE = YES;
				CLANG_WARN_SUSPICIOUS_MOVES = YES;
				CLANG_WARN_UNREACHABLE_CODE = YES;
				CLANG_WARN__DUPLICATE_METHOD_MATCH = YES;
				"CODE_SIGN_IDENTITY[sdk=iphoneos*]" = "iPhone Developer";
				COPY_PHASE_STRIP = NO;
				DEBUG_INFORMATION_FORMAT = "dwarf-with-dsym";
				ENABLE_NS_ASSERTIONS = NO;
				ENABLE_STRICT_OBJC_MSGSEND = YES;
				GCC_C_LANGUAGE_STANDARD = gnu99;
				GCC_NO_COMMON_BLOCKS = YES;
				GCC_WARN_64_TO_32_BIT_CONVERSION = YES;
				GCC_WARN_ABOUT_RETURN_TYPE = YES_ERROR;
				GCC_WARN_UNDECLARED_SELECTOR = YES;
				GCC_WARN_UNINITIALIZED_AUTOS = YES_AGGRESSIVE;
				GCC_WARN_UNUSED_FUNCTION = YES;
				GCC_WARN_UNUSED_VARIABLE = YES;
				IPHONEOS_DEPLOYMENT_TARGET = 9.0;
				MTL_ENABLE_DEBUG_INFO = NO;
				SDKROOT = iphoneos;
				SWIFT_OPTIMIZATION_LEVEL = "-Owholemodule";
				VALIDATE_PRODUCT = YES;
			};
			name = Release;
		};
		46292B111DB9DF7500EC8575 /* Debug */ = {
			isa = XCBuildConfiguration;
			buildSettings = {
				ASSETCATALOG_COMPILER_APPICON_NAME = AppIcon;
				DEVELOPMENT_TEAM = "";
				INFOPLIST_FILE = UASapp/Info.plist;
				IPHONEOS_DEPLOYMENT_TARGET = 9.0;
				LD_RUNPATH_SEARCH_PATHS = "$(inherited) @executable_path/Frameworks";
				PRODUCT_BUNDLE_IDENTIFIER = com.sumajg.UASapp;
				PRODUCT_NAME = "$(TARGET_NAME)";
				SWIFT_VERSION = 3.0;
			};
			name = Debug;
		};
		46292B121DB9DF7500EC8575 /* Release */ = {
			isa = XCBuildConfiguration;
			buildSettings = {
				ASSETCATALOG_COMPILER_APPICON_NAME = AppIcon;
				DEVELOPMENT_TEAM = "";
				INFOPLIST_FILE = UASapp/Info.plist;
				IPHONEOS_DEPLOYMENT_TARGET = 9.0;
				LD_RUNPATH_SEARCH_PATHS = "$(inherited) @executable_path/Frameworks";
				PRODUCT_BUNDLE_IDENTIFIER = com.sumajg.UASapp;
				PRODUCT_NAME = "$(TARGET_NAME)";
				SWIFT_VERSION = 3.0;
			};
			name = Release;
		};
/* End XCBuildConfiguration section */

/* Begin XCConfigurationList section */
		25A6EF1D1DCBDF760084AFE0 /* Build configuration list for PBXNativeTarget "Test" */ = {
			isa = XCConfigurationList;
			buildConfigurations = (
				25A6EF1E1DCBDF760084AFE0 /* Debug */,
				25A6EF1F1DCBDF760084AFE0 /* Release */,
			);
			defaultConfigurationIsVisible = 0;
			defaultConfigurationName = Release;
		};
		46292AF91DB9DF7500EC8575 /* Build configuration list for PBXProject "UASapp" */ = {
			isa = XCConfigurationList;
			buildConfigurations = (
				46292B0E1DB9DF7500EC8575 /* Debug */,
				46292B0F1DB9DF7500EC8575 /* Release */,
			);
			defaultConfigurationIsVisible = 0;
			defaultConfigurationName = Release;
		};
		46292B101DB9DF7500EC8575 /* Build configuration list for PBXNativeTarget "UASapp" */ = {
			isa = XCConfigurationList;
			buildConfigurations = (
				46292B111DB9DF7500EC8575 /* Debug */,
				46292B121DB9DF7500EC8575 /* Release */,
			);
			defaultConfigurationIsVisible = 0;
			defaultConfigurationName = Release;
		};
/* End XCConfigurationList section */
	};
	rootObject = 46292AF61DB9DF7500EC8575 /* Project object */;
}
