// !$*UTF8*$!
{
	archiveVersion = 1;
	classes = {
	};
	objectVersion = 46;
	objects = {

/* Begin PBXBuildFile section */
		1214CEC81DBC05A90042A3F2 /* InvGrEditViewController.swift in Sources */ = {isa = PBXBuildFile; fileRef = 1214CEC71DBC05A90042A3F2 /* InvGrEditViewController.swift */; };
		1214CECA1DBC0C600042A3F2 /* InvestigationProject.swift in Sources */ = {isa = PBXBuildFile; fileRef = 1214CEC91DBC0C600042A3F2 /* InvestigationProject.swift */; };
		1214CECC1DBC0DE80042A3F2 /* InvProjectTableViewController.swift in Sources */ = {isa = PBXBuildFile; fileRef = 1214CECB1DBC0DE80042A3F2 /* InvProjectTableViewController.swift */; };
		1214CECE1DBC125E0042A3F2 /* InvPrDetailViewController.swift in Sources */ = {isa = PBXBuildFile; fileRef = 1214CECD1DBC125E0042A3F2 /* InvPrDetailViewController.swift */; };
		1214CED01DBC12A50042A3F2 /* InvPrEditViewController.swift in Sources */ = {isa = PBXBuildFile; fileRef = 1214CECF1DBC12A50042A3F2 /* InvPrEditViewController.swift */; };
		1231D7831DBACE03004E35FD /* SpecialtyViewController.swift in Sources */ = {isa = PBXBuildFile; fileRef = 1231D7821DBACE03004E35FD /* SpecialtyViewController.swift */; };
		1231D7851DBAE4BF004E35FD /* CoursesBySpecialtyViewController.swift in Sources */ = {isa = PBXBuildFile; fileRef = 1231D7841DBAE4BF004E35FD /* CoursesBySpecialtyViewController.swift */; };
		1231D7871DBAE5D6004E35FD /* PeriodMeasurementViewController.swift in Sources */ = {isa = PBXBuildFile; fileRef = 1231D7861DBAE5D6004E35FD /* PeriodMeasurementViewController.swift */; };
		1231D7891DBAE681004E35FD /* PeriodMeasDetailViewController.swift in Sources */ = {isa = PBXBuildFile; fileRef = 1231D7881DBAE681004E35FD /* PeriodMeasDetailViewController.swift */; };
		1231D78B1DBAE869004E35FD /* ScheduleViewController.swift in Sources */ = {isa = PBXBuildFile; fileRef = 1231D78A1DBAE869004E35FD /* ScheduleViewController.swift */; };
		1231D78D1DBAE87D004E35FD /* StudentViewController.swift in Sources */ = {isa = PBXBuildFile; fileRef = 1231D78C1DBAE87D004E35FD /* StudentViewController.swift */; };
		124DD59C1DBBCB0B004D95FA /* InvGrDetailViewController.swift in Sources */ = {isa = PBXBuildFile; fileRef = 124DD59B1DBBCB0B004D95FA /* InvGrDetailViewController.swift */; };
		124DD59E1DBBCC6F004D95FA /* InvNavViewController.swift in Sources */ = {isa = PBXBuildFile; fileRef = 124DD59D1DBBCC6F004D95FA /* InvNavViewController.swift */; };
		125A62031DC2BE50008BD312 /* AskConectivity.swift in Sources */ = {isa = PBXBuildFile; fileRef = 125A62021DC2BE50008BD312 /* AskConectivity.swift */; };
		1268F2711DBFF58700E1CC22 /* DerProjectTableViewController.swift in Sources */ = {isa = PBXBuildFile; fileRef = 1268F2701DBFF58700E1CC22 /* DerProjectTableViewController.swift */; };
		1268F2731DBFF59E00E1CC22 /* EveProjectTableViewController.swift in Sources */ = {isa = PBXBuildFile; fileRef = 1268F2721DBFF59E00E1CC22 /* EveProjectTableViewController.swift */; };
		1268F2751DBFF6C300E1CC22 /* InvestigationProjectEvent.swift in Sources */ = {isa = PBXBuildFile; fileRef = 1268F2741DBFF6C300E1CC22 /* InvestigationProjectEvent.swift */; };
		1268F2771DBFFE4400E1CC22 /* InvPrEvDetailViewController.swift in Sources */ = {isa = PBXBuildFile; fileRef = 1268F2761DBFFE4400E1CC22 /* InvPrEvDetailViewController.swift */; };
		1268F2791DC0096100E1CC22 /* InvPrEvEditViewController.swift in Sources */ = {isa = PBXBuildFile; fileRef = 1268F2781DC0096100E1CC22 /* InvPrEvEditViewController.swift */; };
		12ADDE991DBACC8300A2B7CA /* InvGroupTableViewController.swift in Sources */ = {isa = PBXBuildFile; fileRef = 12ADDE981DBACC8300A2B7CA /* InvGroupTableViewController.swift */; };
		12ADDE9B1DBACD0F00A2B7CA /* InvestigationGroup.swift in Sources */ = {isa = PBXBuildFile; fileRef = 12ADDE9A1DBACD0F00A2B7CA /* InvestigationGroup.swift */; };
		12BCE5291DC2B2710052E607 /* CustomCourseCell.swift in Sources */ = {isa = PBXBuildFile; fileRef = 12BCE5281DC2B2710052E607 /* CustomCourseCell.swift */; };
		12BF4DB31DC2CD70005E7D5A /* CustomStudentCell.swift in Sources */ = {isa = PBXBuildFile; fileRef = 12BF4DB21DC2CD70005E7D5A /* CustomStudentCell.swift */; };
		12BF4DB51DC2D73E005E7D5A /* ListStudentViewController.swift in Sources */ = {isa = PBXBuildFile; fileRef = 12BF4DB41DC2D73E005E7D5A /* ListStudentViewController.swift */; };
		12BF4DB71DC2EAE5005E7D5A /* CustomCriterioCell.swift in Sources */ = {isa = PBXBuildFile; fileRef = 12BF4DB61DC2EAE5005E7D5A /* CustomCriterioCell.swift */; };
		12D01CB61DBC13CC00082441 /* CustomPeriodCell.swift in Sources */ = {isa = PBXBuildFile; fileRef = 12D01CB51DBC13CC00082441 /* CustomPeriodCell.swift */; };
		12DD02801DBEEB2500CCB25A /* CustomSpecialtyCell.swift in Sources */ = {isa = PBXBuildFile; fileRef = 12DD027F1DBEEB2500CCB25A /* CustomSpecialtyCell.swift */; };
		25691CA51DCB4A03005A632D /* DetalleGruposViewController.swift in Sources */ = {isa = PBXBuildFile; fileRef = 25691CA41DCB4A03005A632D /* DetalleGruposViewController.swift */; };
		25A6EF191DCBDF760084AFE0 /* Test.swift in Sources */ = {isa = PBXBuildFile; fileRef = 25A6EF181DCBDF760084AFE0 /* Test.swift */; };
		25A6EF2D1DCBE7CA0084AFE0 /* FaseTest.swift in Sources */ = {isa = PBXBuildFile; fileRef = 25A6EF2C1DCBE7CA0084AFE0 /* FaseTest.swift */; };
		25A968291DCB12D700B03060 /* InicioPspViewController.swift in Sources */ = {isa = PBXBuildFile; fileRef = 25A968281DCB12D700B03060 /* InicioPspViewController.swift */; };
		25A9682B1DCB16EB00B03060 /* FasesTableViewController.swift in Sources */ = {isa = PBXBuildFile; fileRef = 25A9682A1DCB16EB00B03060 /* FasesTableViewController.swift */; };
		25A9682D1DCB209700B03060 /* Fases.swift in Sources */ = {isa = PBXBuildFile; fileRef = 25A9682C1DCB209700B03060 /* Fases.swift */; };
		25A9682F1DCB2EA100B03060 /* DetalleFaseViewController.swift in Sources */ = {isa = PBXBuildFile; fileRef = 25A9682E1DCB2EA100B03060 /* DetalleFaseViewController.swift */; };
		25A968311DCB350100B03060 /* GruposTableViewController.swift in Sources */ = {isa = PBXBuildFile; fileRef = 25A968301DCB350100B03060 /* GruposTableViewController.swift */; };
		25A968331DCB353100B03060 /* Grupos.swift in Sources */ = {isa = PBXBuildFile; fileRef = 25A968321DCB353100B03060 /* Grupos.swift */; };
		25DE42751DCBA0D800BE88C8 /* MenuProvisionalAlumnosViewController.swift in Sources */ = {isa = PBXBuildFile; fileRef = 25DE42741DCBA0D800BE88C8 /* MenuProvisionalAlumnosViewController.swift */; };
		4616D9E11DC07E12008174B7 /* HTTPHelper.swift in Sources */ = {isa = PBXBuildFile; fileRef = 4616D9E01DC07E12008174B7 /* HTTPHelper.swift */; };
		46292B021DB9DF7500EC8575 /* AppDelegate.swift in Sources */ = {isa = PBXBuildFile; fileRef = 46292B011DB9DF7500EC8575 /* AppDelegate.swift */; };
		46292B041DB9DF7500EC8575 /* ViewController.swift in Sources */ = {isa = PBXBuildFile; fileRef = 46292B031DB9DF7500EC8575 /* ViewController.swift */; };
		46292B071DB9DF7500EC8575 /* Main.storyboard in Resources */ = {isa = PBXBuildFile; fileRef = 46292B051DB9DF7500EC8575 /* Main.storyboard */; };
		46292B091DB9DF7500EC8575 /* Assets.xcassets in Resources */ = {isa = PBXBuildFile; fileRef = 46292B081DB9DF7500EC8575 /* Assets.xcassets */; };
		46292B0C1DB9DF7500EC8575 /* LaunchScreen.storyboard in Resources */ = {isa = PBXBuildFile; fileRef = 46292B0A1DB9DF7500EC8575 /* LaunchScreen.storyboard */; };
		467430071DB9F6160094AE29 /* ModuleViewController.swift in Sources */ = {isa = PBXBuildFile; fileRef = 467430061DB9F6160094AE29 /* ModuleViewController.swift */; };
		9623F2591DC39E5A00EA7B6D /* GoalDetailViewController.swift in Sources */ = {isa = PBXBuildFile; fileRef = 9623F2581DC39E5A00EA7B6D /* GoalDetailViewController.swift */; };
		9623F25B1DC3A01C00EA7B6D /* StudentOutcomesViewController.swift in Sources */ = {isa = PBXBuildFile; fileRef = 9623F25A1DC3A01C00EA7B6D /* StudentOutcomesViewController.swift */; };
		9623F25D1DC3A2E900EA7B6D /* CustomOutcomeCell.swift in Sources */ = {isa = PBXBuildFile; fileRef = 9623F25C1DC3A2E900EA7B6D /* CustomOutcomeCell.swift */; };
		9623F25F1DC3A58400EA7B6D /* OutcomeDetailViewController.swift in Sources */ = {isa = PBXBuildFile; fileRef = 9623F25E1DC3A58400EA7B6D /* OutcomeDetailViewController.swift */; };
		9623F2611DC3AB0300EA7B6D /* CourseViewController.swift in Sources */ = {isa = PBXBuildFile; fileRef = 9623F2601DC3AB0300EA7B6D /* CourseViewController.swift */; };
		965F44B91DC270C300D7139A /* CustomGoalCell.swift in Sources */ = {isa = PBXBuildFile; fileRef = 965F44B81DC270C300D7139A /* CustomGoalCell.swift */; };
		96D51AB51DC262D80015B197 /* EducationalGoalsViewController.swift in Sources */ = {isa = PBXBuildFile; fileRef = 96D51AB41DC262D80015B197 /* EducationalGoalsViewController.swift */; };
/* End PBXBuildFile section */

/* Begin PBXContainerItemProxy section */
		25A6EF1B1DCBDF760084AFE0 /* PBXContainerItemProxy */ = {
			isa = PBXContainerItemProxy;
			containerPortal = 46292AF61DB9DF7500EC8575 /* Project object */;
			proxyType = 1;
			remoteGlobalIDString = 46292AFD1DB9DF7500EC8575;
			remoteInfo = UASapp;
		};
/* End PBXContainerItemProxy section */

/* Begin PBXFileReference section */
		1214CEC71DBC05A90042A3F2 /* InvGrEditViewController.swift */ = {isa = PBXFileReference; fileEncoding = 4; lastKnownFileType = sourcecode.swift; path = InvGrEditViewController.swift; sourceTree = "<group>"; };
		1214CEC91DBC0C600042A3F2 /* InvestigationProject.swift */ = {isa = PBXFileReference; fileEncoding = 4; lastKnownFileType = sourcecode.swift; path = InvestigationProject.swift; sourceTree = "<group>"; };
		1214CECB1DBC0DE80042A3F2 /* InvProjectTableViewController.swift */ = {isa = PBXFileReference; fileEncoding = 4; lastKnownFileType = sourcecode.swift; path = InvProjectTableViewController.swift; sourceTree = "<group>"; };
		1214CECD1DBC125E0042A3F2 /* InvPrDetailViewController.swift */ = {isa = PBXFileReference; fileEncoding = 4; lastKnownFileType = sourcecode.swift; path = InvPrDetailViewController.swift; sourceTree = "<group>"; };
		1214CECF1DBC12A50042A3F2 /* InvPrEditViewController.swift */ = {isa = PBXFileReference; fileEncoding = 4; lastKnownFileType = sourcecode.swift; path = InvPrEditViewController.swift; sourceTree = "<group>"; };
		1231D7821DBACE03004E35FD /* SpecialtyViewController.swift */ = {isa = PBXFileReference; fileEncoding = 4; lastKnownFileType = sourcecode.swift; path = SpecialtyViewController.swift; sourceTree = "<group>"; };
		1231D7841DBAE4BF004E35FD /* CoursesBySpecialtyViewController.swift */ = {isa = PBXFileReference; fileEncoding = 4; lastKnownFileType = sourcecode.swift; path = CoursesBySpecialtyViewController.swift; sourceTree = "<group>"; };
		1231D7861DBAE5D6004E35FD /* PeriodMeasurementViewController.swift */ = {isa = PBXFileReference; fileEncoding = 4; lastKnownFileType = sourcecode.swift; path = PeriodMeasurementViewController.swift; sourceTree = "<group>"; };
		1231D7881DBAE681004E35FD /* PeriodMeasDetailViewController.swift */ = {isa = PBXFileReference; fileEncoding = 4; lastKnownFileType = sourcecode.swift; path = PeriodMeasDetailViewController.swift; sourceTree = "<group>"; };
		1231D78A1DBAE869004E35FD /* ScheduleViewController.swift */ = {isa = PBXFileReference; fileEncoding = 4; lastKnownFileType = sourcecode.swift; path = ScheduleViewController.swift; sourceTree = "<group>"; };
		1231D78C1DBAE87D004E35FD /* StudentViewController.swift */ = {isa = PBXFileReference; fileEncoding = 4; lastKnownFileType = sourcecode.swift; path = StudentViewController.swift; sourceTree = "<group>"; };
		124DD59B1DBBCB0B004D95FA /* InvGrDetailViewController.swift */ = {isa = PBXFileReference; fileEncoding = 4; lastKnownFileType = sourcecode.swift; path = InvGrDetailViewController.swift; sourceTree = "<group>"; };
		124DD59D1DBBCC6F004D95FA /* InvNavViewController.swift */ = {isa = PBXFileReference; fileEncoding = 4; lastKnownFileType = sourcecode.swift; path = InvNavViewController.swift; sourceTree = "<group>"; };
		125A62021DC2BE50008BD312 /* AskConectivity.swift */ = {isa = PBXFileReference; fileEncoding = 4; lastKnownFileType = sourcecode.swift; path = AskConectivity.swift; sourceTree = "<group>"; };
		1268F2701DBFF58700E1CC22 /* DerProjectTableViewController.swift */ = {isa = PBXFileReference; fileEncoding = 4; lastKnownFileType = sourcecode.swift; path = DerProjectTableViewController.swift; sourceTree = "<group>"; };
		1268F2721DBFF59E00E1CC22 /* EveProjectTableViewController.swift */ = {isa = PBXFileReference; fileEncoding = 4; lastKnownFileType = sourcecode.swift; path = EveProjectTableViewController.swift; sourceTree = "<group>"; };
		1268F2741DBFF6C300E1CC22 /* InvestigationProjectEvent.swift */ = {isa = PBXFileReference; fileEncoding = 4; lastKnownFileType = sourcecode.swift; path = InvestigationProjectEvent.swift; sourceTree = "<group>"; };
		1268F2761DBFFE4400E1CC22 /* InvPrEvDetailViewController.swift */ = {isa = PBXFileReference; fileEncoding = 4; lastKnownFileType = sourcecode.swift; path = InvPrEvDetailViewController.swift; sourceTree = "<group>"; };
		1268F2781DC0096100E1CC22 /* InvPrEvEditViewController.swift */ = {isa = PBXFileReference; fileEncoding = 4; lastKnownFileType = sourcecode.swift; path = InvPrEvEditViewController.swift; sourceTree = "<group>"; };
		12ADDE981DBACC8300A2B7CA /* InvGroupTableViewController.swift */ = {isa = PBXFileReference; fileEncoding = 4; lastKnownFileType = sourcecode.swift; path = InvGroupTableViewController.swift; sourceTree = "<group>"; };
		12ADDE9A1DBACD0F00A2B7CA /* InvestigationGroup.swift */ = {isa = PBXFileReference; fileEncoding = 4; lastKnownFileType = sourcecode.swift; name = InvestigationGroup.swift; path = ../InvestigationGroup.swift; sourceTree = "<group>"; };
		12BCE5281DC2B2710052E607 /* CustomCourseCell.swift */ = {isa = PBXFileReference; fileEncoding = 4; lastKnownFileType = sourcecode.swift; path = CustomCourseCell.swift; sourceTree = "<group>"; };
		12BF4DB21DC2CD70005E7D5A /* CustomStudentCell.swift */ = {isa = PBXFileReference; fileEncoding = 4; lastKnownFileType = sourcecode.swift; path = CustomStudentCell.swift; sourceTree = "<group>"; };
		12BF4DB41DC2D73E005E7D5A /* ListStudentViewController.swift */ = {isa = PBXFileReference; fileEncoding = 4; lastKnownFileType = sourcecode.swift; path = ListStudentViewController.swift; sourceTree = "<group>"; };
		12BF4DB61DC2EAE5005E7D5A /* CustomCriterioCell.swift */ = {isa = PBXFileReference; fileEncoding = 4; lastKnownFileType = sourcecode.swift; path = CustomCriterioCell.swift; sourceTree = "<group>"; };
		12D01CB51DBC13CC00082441 /* CustomPeriodCell.swift */ = {isa = PBXFileReference; fileEncoding = 4; lastKnownFileType = sourcecode.swift; path = CustomPeriodCell.swift; sourceTree = "<group>"; };
		12DD027F1DBEEB2500CCB25A /* CustomSpecialtyCell.swift */ = {isa = PBXFileReference; fileEncoding = 4; lastKnownFileType = sourcecode.swift; path = CustomSpecialtyCell.swift; sourceTree = "<group>"; };
		25691CA41DCB4A03005A632D /* DetalleGruposViewController.swift */ = {isa = PBXFileReference; fileEncoding = 4; lastKnownFileType = sourcecode.swift; path = DetalleGruposViewController.swift; sourceTree = "<group>"; };
		25A6EF161DCBDF760084AFE0 /* Test.xctest */ = {isa = PBXFileReference; explicitFileType = wrapper.cfbundle; includeInIndex = 0; path = Test.xctest; sourceTree = BUILT_PRODUCTS_DIR; };
		25A6EF181DCBDF760084AFE0 /* Test.swift */ = {isa = PBXFileReference; lastKnownFileType = sourcecode.swift; path = Test.swift; sourceTree = "<group>"; };
		25A6EF1A1DCBDF760084AFE0 /* Info.plist */ = {isa = PBXFileReference; lastKnownFileType = text.plist.xml; path = Info.plist; sourceTree = "<group>"; };
		25A6EF2C1DCBE7CA0084AFE0 /* FaseTest.swift */ = {isa = PBXFileReference; fileEncoding = 4; lastKnownFileType = sourcecode.swift; path = FaseTest.swift; sourceTree = "<group>"; };
		25A968281DCB12D700B03060 /* InicioPspViewController.swift */ = {isa = PBXFileReference; fileEncoding = 4; lastKnownFileType = sourcecode.swift; path = InicioPspViewController.swift; sourceTree = "<group>"; };
		25A9682A1DCB16EB00B03060 /* FasesTableViewController.swift */ = {isa = PBXFileReference; fileEncoding = 4; lastKnownFileType = sourcecode.swift; path = FasesTableViewController.swift; sourceTree = "<group>"; };
		25A9682C1DCB209700B03060 /* Fases.swift */ = {isa = PBXFileReference; fileEncoding = 4; lastKnownFileType = sourcecode.swift; path = Fases.swift; sourceTree = "<group>"; };
		25A9682E1DCB2EA100B03060 /* DetalleFaseViewController.swift */ = {isa = PBXFileReference; fileEncoding = 4; lastKnownFileType = sourcecode.swift; path = DetalleFaseViewController.swift; sourceTree = "<group>"; };
		25A968301DCB350100B03060 /* GruposTableViewController.swift */ = {isa = PBXFileReference; fileEncoding = 4; lastKnownFileType = sourcecode.swift; path = GruposTableViewController.swift; sourceTree = "<group>"; };
		25A968321DCB353100B03060 /* Grupos.swift */ = {isa = PBXFileReference; fileEncoding = 4; lastKnownFileType = sourcecode.swift; path = Grupos.swift; sourceTree = "<group>"; };
		25DE42741DCBA0D800BE88C8 /* MenuProvisionalAlumnosViewController.swift */ = {isa = PBXFileReference; fileEncoding = 4; lastKnownFileType = sourcecode.swift; path = MenuProvisionalAlumnosViewController.swift; sourceTree = "<group>"; };
		4616D9E01DC07E12008174B7 /* HTTPHelper.swift */ = {isa = PBXFileReference; fileEncoding = 4; lastKnownFileType = sourcecode.swift; path = HTTPHelper.swift; sourceTree = "<group>"; };
		46292AFE1DB9DF7500EC8575 /* UASapp.app */ = {isa = PBXFileReference; explicitFileType = wrapper.application; includeInIndex = 0; path = UASapp.app; sourceTree = BUILT_PRODUCTS_DIR; };
		46292B011DB9DF7500EC8575 /* AppDelegate.swift */ = {isa = PBXFileReference; lastKnownFileType = sourcecode.swift; path = AppDelegate.swift; sourceTree = "<group>"; };
		46292B031DB9DF7500EC8575 /* ViewController.swift */ = {isa = PBXFileReference; lastKnownFileType = sourcecode.swift; path = ViewController.swift; sourceTree = "<group>"; };
		46292B061DB9DF7500EC8575 /* Base */ = {isa = PBXFileReference; lastKnownFileType = file.storyboard; name = Base; path = Base.lproj/Main.storyboard; sourceTree = "<group>"; };
		46292B081DB9DF7500EC8575 /* Assets.xcassets */ = {isa = PBXFileReference; lastKnownFileType = folder.assetcatalog; path = Assets.xcassets; sourceTree = "<group>"; };
		46292B0B1DB9DF7500EC8575 /* Base */ = {isa = PBXFileReference; lastKnownFileType = file.storyboard; name = Base; path = Base.lproj/LaunchScreen.storyboard; sourceTree = "<group>"; };
		46292B0D1DB9DF7500EC8575 /* Info.plist */ = {isa = PBXFileReference; lastKnownFileType = text.plist.xml; path = Info.plist; sourceTree = "<group>"; };
		467430061DB9F6160094AE29 /* ModuleViewController.swift */ = {isa = PBXFileReference; fileEncoding = 4; lastKnownFileType = sourcecode.swift; path = ModuleViewController.swift; sourceTree = "<group>"; };
		9623F2581DC39E5A00EA7B6D /* GoalDetailViewController.swift */ = {isa = PBXFileReference; fileEncoding = 4; lastKnownFileType = sourcecode.swift; path = GoalDetailViewController.swift; sourceTree = "<group>"; };
		9623F25A1DC3A01C00EA7B6D /* StudentOutcomesViewController.swift */ = {isa = PBXFileReference; fileEncoding = 4; lastKnownFileType = sourcecode.swift; path = StudentOutcomesViewController.swift; sourceTree = "<group>"; };
		9623F25C1DC3A2E900EA7B6D /* CustomOutcomeCell.swift */ = {isa = PBXFileReference; fileEncoding = 4; lastKnownFileType = sourcecode.swift; path = CustomOutcomeCell.swift; sourceTree = "<group>"; };
		9623F25E1DC3A58400EA7B6D /* OutcomeDetailViewController.swift */ = {isa = PBXFileReference; fileEncoding = 4; lastKnownFileType = sourcecode.swift; path = OutcomeDetailViewController.swift; sourceTree = "<group>"; };
		9623F2601DC3AB0300EA7B6D /* CourseViewController.swift */ = {isa = PBXFileReference; fileEncoding = 4; lastKnownFileType = sourcecode.swift; path = CourseViewController.swift; sourceTree = "<group>"; };
		965F44B81DC270C300D7139A /* CustomGoalCell.swift */ = {isa = PBXFileReference; fileEncoding = 4; lastKnownFileType = sourcecode.swift; path = CustomGoalCell.swift; sourceTree = "<group>"; };
		96D51AB41DC262D80015B197 /* EducationalGoalsViewController.swift */ = {isa = PBXFileReference; fileEncoding = 4; lastKnownFileType = sourcecode.swift; path = EducationalGoalsViewController.swift; sourceTree = "<group>"; };
/* End PBXFileReference section */

/* Begin PBXFrameworksBuildPhase section */
		25A6EF131DCBDF760084AFE0 /* Frameworks */ = {
			isa = PBXFrameworksBuildPhase;
			buildActionMask = 2147483647;
			files = (
			);
			runOnlyForDeploymentPostprocessing = 0;
		};
		46292AFB1DB9DF7500EC8575 /* Frameworks */ = {
			isa = PBXFrameworksBuildPhase;
			buildActionMask = 2147483647;
			files = (
			);
			runOnlyForDeploymentPostprocessing = 0;
		};
/* End PBXFrameworksBuildPhase section */

/* Begin PBXGroup section */
		25A6EF171DCBDF760084AFE0 /* Test */ = {
			isa = PBXGroup;
			children = (
				25A6EF181DCBDF760084AFE0 /* Test.swift */,
				25A6EF1A1DCBDF760084AFE0 /* Info.plist */,
				25A6EF2C1DCBE7CA0084AFE0 /* FaseTest.swift */,
			);
			path = Test;
			sourceTree = "<group>";
		};
		46292AF51DB9DF7500EC8575 = {
			isa = PBXGroup;
			children = (
				46292B001DB9DF7500EC8575 /* UASapp */,
				25A6EF171DCBDF760084AFE0 /* Test */,
				46292AFF1DB9DF7500EC8575 /* Products */,
			);
			sourceTree = "<group>";
		};
		46292AFF1DB9DF7500EC8575 /* Products */ = {
			isa = PBXGroup;
			children = (
				46292AFE1DB9DF7500EC8575 /* UASapp.app */,
				25A6EF161DCBDF760084AFE0 /* Test.xctest */,
			);
			name = Products;
			sourceTree = "<group>";
		};
		46292B001DB9DF7500EC8575 /* UASapp */ = {
			isa = PBXGroup;
			children = (
				12ADDE9A1DBACD0F00A2B7CA /* InvestigationGroup.swift */,
				468028601DC07B2900421DFF /* Utility */,
				46292B011DB9DF7500EC8575 /* AppDelegate.swift */,
				46292B031DB9DF7500EC8575 /* ViewController.swift */,
				46292B051DB9DF7500EC8575 /* Main.storyboard */,
				25A968281DCB12D700B03060 /* InicioPspViewController.swift */,
				25A9682A1DCB16EB00B03060 /* FasesTableViewController.swift */,
				25A9682E1DCB2EA100B03060 /* DetalleFaseViewController.swift */,
				25A9682C1DCB209700B03060 /* Fases.swift */,
				25A968301DCB350100B03060 /* GruposTableViewController.swift */,
				25A968321DCB353100B03060 /* Grupos.swift */,
				25691CA41DCB4A03005A632D /* DetalleGruposViewController.swift */,
				25DE42741DCBA0D800BE88C8 /* MenuProvisionalAlumnosViewController.swift */,
				46292B081DB9DF7500EC8575 /* Assets.xcassets */,
				46292B0A1DB9DF7500EC8575 /* LaunchScreen.storyboard */,
				46292B0D1DB9DF7500EC8575 /* Info.plist */,
				467430061DB9F6160094AE29 /* ModuleViewController.swift */,
				12ADDE981DBACC8300A2B7CA /* InvGroupTableViewController.swift */,
				124DD59B1DBBCB0B004D95FA /* InvGrDetailViewController.swift */,
				124DD59D1DBBCC6F004D95FA /* InvNavViewController.swift */,
				1214CEC71DBC05A90042A3F2 /* InvGrEditViewController.swift */,
				1214CEC91DBC0C600042A3F2 /* InvestigationProject.swift */,
				1214CECB1DBC0DE80042A3F2 /* InvProjectTableViewController.swift */,
				1214CECD1DBC125E0042A3F2 /* InvPrDetailViewController.swift */,
				1214CECF1DBC12A50042A3F2 /* InvPrEditViewController.swift */,
				1268F2701DBFF58700E1CC22 /* DerProjectTableViewController.swift */,
				1268F2721DBFF59E00E1CC22 /* EveProjectTableViewController.swift */,
				1268F2741DBFF6C300E1CC22 /* InvestigationProjectEvent.swift */,
				1268F2761DBFFE4400E1CC22 /* InvPrEvDetailViewController.swift */,
				1268F2781DC0096100E1CC22 /* InvPrEvEditViewController.swift */,
				1231D7821DBACE03004E35FD /* SpecialtyViewController.swift */,
				1231D7841DBAE4BF004E35FD /* CoursesBySpecialtyViewController.swift */,
				1231D7861DBAE5D6004E35FD /* PeriodMeasurementViewController.swift */,
				1231D7881DBAE681004E35FD /* PeriodMeasDetailViewController.swift */,
				1231D78A1DBAE869004E35FD /* ScheduleViewController.swift */,
				1231D78C1DBAE87D004E35FD /* StudentViewController.swift */,
				12D01CB51DBC13CC00082441 /* CustomPeriodCell.swift */,
				12DD027F1DBEEB2500CCB25A /* CustomSpecialtyCell.swift */,
				96D51AB41DC262D80015B197 /* EducationalGoalsViewController.swift */,
				965F44B81DC270C300D7139A /* CustomGoalCell.swift */,
				9623F2581DC39E5A00EA7B6D /* GoalDetailViewController.swift */,
				9623F25A1DC3A01C00EA7B6D /* StudentOutcomesViewController.swift */,
				9623F25C1DC3A2E900EA7B6D /* CustomOutcomeCell.swift */,
				9623F25E1DC3A58400EA7B6D /* OutcomeDetailViewController.swift */,
				9623F2601DC3AB0300EA7B6D /* CourseViewController.swift */,
				12BCE5281DC2B2710052E607 /* CustomCourseCell.swift */,
				12BF4DB21DC2CD70005E7D5A /* CustomStudentCell.swift */,
				12BF4DB41DC2D73E005E7D5A /* ListStudentViewController.swift */,
				12BF4DB61DC2EAE5005E7D5A /* CustomCriterioCell.swift */,
			);
			path = UASapp;
			sourceTree = "<group>";
		};
		468028601DC07B2900421DFF /* Utility */ = {
			isa = PBXGroup;
			children = (
				4616D9E01DC07E12008174B7 /* HTTPHelper.swift */,
				125A62021DC2BE50008BD312 /* AskConectivity.swift */,
			);
			name = Utility;
			sourceTree = "<group>";
		};
/* End PBXGroup section */

/* Begin PBXNativeTarget section */
		25A6EF151DCBDF760084AFE0 /* Test */ = {
			isa = PBXNativeTarget;
			buildConfigurationList = 25A6EF1D1DCBDF760084AFE0 /* Build configuration list for PBXNativeTarget "Test" */;
			buildPhases = (
				25A6EF121DCBDF760084AFE0 /* Sources */,
				25A6EF131DCBDF760084AFE0 /* Frameworks */,
				25A6EF141DCBDF760084AFE0 /* Resources */,
			);
			buildRules = (
			);
			dependencies = (
				25A6EF1C1DCBDF760084AFE0 /* PBXTargetDependency */,
			);
			name = Test;
			productName = Test;
			productReference = 25A6EF161DCBDF760084AFE0 /* Test.xctest */;
			productType = "com.apple.product-type.bundle.unit-test";
		};
		46292AFD1DB9DF7500EC8575 /* UASapp */ = {
			isa = PBXNativeTarget;
			buildConfigurationList = 46292B101DB9DF7500EC8575 /* Build configuration list for PBXNativeTarget "UASapp" */;
			buildPhases = (
				46292AFA1DB9DF7500EC8575 /* Sources */,
				46292AFB1DB9DF7500EC8575 /* Frameworks */,
				46292AFC1DB9DF7500EC8575 /* Resources */,
			);
			buildRules = (
			);
			dependencies = (
			);
			name = UASapp;
			productName = UASapp;
			productReference = 46292AFE1DB9DF7500EC8575 /* UASapp.app */;
			productType = "com.apple.product-type.application";
		};
/* End PBXNativeTarget section */

/* Begin PBXProject section */
		46292AF61DB9DF7500EC8575 /* Project object */ = {
			isa = PBXProject;
			attributes = {
				KnownAssetTags = (
					title,
				);
				LastSwiftUpdateCheck = 0800;
				LastUpgradeCheck = 0800;
				ORGANIZATIONNAME = sumajg;
				TargetAttributes = {
					25A6EF151DCBDF760084AFE0 = {
						CreatedOnToolsVersion = 8.0;
						DevelopmentTeam = 5KDVCLQT2T;
						ProvisioningStyle = Automatic;
						TestTargetID = 46292AFD1DB9DF7500EC8575;
					};
					46292AFD1DB9DF7500EC8575 = {
						CreatedOnToolsVersion = 8.0;
						ProvisioningStyle = Automatic;
					};
				};
			};
			buildConfigurationList = 46292AF91DB9DF7500EC8575 /* Build configuration list for PBXProject "UASapp" */;
			compatibilityVersion = "Xcode 3.2";
			developmentRegion = English;
			hasScannedForEncodings = 0;
			knownRegions = (
				en,
				Base,
			);
			mainGroup = 46292AF51DB9DF7500EC8575;
			productRefGroup = 46292AFF1DB9DF7500EC8575 /* Products */;
			projectDirPath = "";
			projectRoot = "";
			targets = (
				46292AFD1DB9DF7500EC8575 /* UASapp */,
				25A6EF151DCBDF760084AFE0 /* Test */,
			);
		};
/* End PBXProject section */

/* Begin PBXResourcesBuildPhase section */
		25A6EF141DCBDF760084AFE0 /* Resources */ = {
			isa = PBXResourcesBuildPhase;
			buildActionMask = 2147483647;
			files = (
			);
			runOnlyForDeploymentPostprocessing = 0;
		};
		46292AFC1DB9DF7500EC8575 /* Resources */ = {
			isa = PBXResourcesBuildPhase;
			buildActionMask = 2147483647;
			files = (
				46292B0C1DB9DF7500EC8575 /* LaunchScreen.storyboard in Resources */,
				46292B091DB9DF7500EC8575 /* Assets.xcassets in Resources */,
				46292B071DB9DF7500EC8575 /* Main.storyboard in Resources */,
			);
			runOnlyForDeploymentPostprocessing = 0;
		};
/* End PBXResourcesBuildPhase section */

/* Begin PBXSourcesBuildPhase section */
		25A6EF121DCBDF760084AFE0 /* Sources */ = {
			isa = PBXSourcesBuildPhase;
			buildActionMask = 2147483647;
			files = (
				25A6EF2D1DCBE7CA0084AFE0 /* FaseTest.swift in Sources */,
				25A6EF191DCBDF760084AFE0 /* Test.swift in Sources */,
			);
			runOnlyForDeploymentPostprocessing = 0;
		};
		46292AFA1DB9DF7500EC8575 /* Sources */ = {
			isa = PBXSourcesBuildPhase;
			buildActionMask = 2147483647;
			files = (
				1268F2731DBFF59E00E1CC22 /* EveProjectTableViewController.swift in Sources */,
				1214CECE1DBC125E0042A3F2 /* InvPrDetailViewController.swift in Sources */,
				12ADDE9B1DBACD0F00A2B7CA /* InvestigationGroup.swift in Sources */,
				25691CA51DCB4A03005A632D /* DetalleGruposViewController.swift in Sources */,
				25A968291DCB12D700B03060 /* InicioPspViewController.swift in Sources */,
				46292B041DB9DF7500EC8575 /* ViewController.swift in Sources */,
				124DD59C1DBBCB0B004D95FA /* InvGrDetailViewController.swift in Sources */,
				1214CED01DBC12A50042A3F2 /* InvPrEditViewController.swift in Sources */,
				1268F2751DBFF6C300E1CC22 /* InvestigationProjectEvent.swift in Sources */,
				1214CECC1DBC0DE80042A3F2 /* InvProjectTableViewController.swift in Sources */,
				1268F2771DBFFE4400E1CC22 /* InvPrEvDetailViewController.swift in Sources */,
				1214CEC81DBC05A90042A3F2 /* InvGrEditViewController.swift in Sources */,
				46292B021DB9DF7500EC8575 /* AppDelegate.swift in Sources */,
				1268F2711DBFF58700E1CC22 /* DerProjectTableViewController.swift in Sources */,
				12ADDE991DBACC8300A2B7CA /* InvGroupTableViewController.swift in Sources */,
				1231D7831DBACE03004E35FD /* SpecialtyViewController.swift in Sources */,
				1231D7871DBAE5D6004E35FD /* PeriodMeasurementViewController.swift in Sources */,
				965F44B91DC270C300D7139A /* CustomGoalCell.swift in Sources */,
				96D51AB51DC262D80015B197 /* EducationalGoalsViewController.swift in Sources */,
				12BF4DB31DC2CD70005E7D5A /* CustomStudentCell.swift in Sources */,
				12BF4DB51DC2D73E005E7D5A /* ListStudentViewController.swift in Sources */,
				25A968311DCB350100B03060 /* GruposTableViewController.swift in Sources */,
				1231D78B1DBAE869004E35FD /* ScheduleViewController.swift in Sources */,
				1231D7891DBAE681004E35FD /* PeriodMeasDetailViewController.swift in Sources */,
				25A968331DCB353100B03060 /* Grupos.swift in Sources */,
				12DD02801DBEEB2500CCB25A /* CustomSpecialtyCell.swift in Sources */,
				25DE42751DCBA0D800BE88C8 /* MenuProvisionalAlumnosViewController.swift in Sources */,
				1231D78D1DBAE87D004E35FD /* StudentViewController.swift in Sources */,
				12D01CB61DBC13CC00082441 /* CustomPeriodCell.swift in Sources */,
				9623F25B1DC3A01C00EA7B6D /* StudentOutcomesViewController.swift in Sources */,
				25A9682B1DCB16EB00B03060 /* FasesTableViewController.swift in Sources */,
				25A9682F1DCB2EA100B03060 /* DetalleFaseViewController.swift in Sources */,
				9623F2611DC3AB0300EA7B6D /* CourseViewController.swift in Sources */,
				12BCE5291DC2B2710052E607 /* CustomCourseCell.swift in Sources */,
				1231D7851DBAE4BF004E35FD /* CoursesBySpecialtyViewController.swift in Sources */,
				12BF4DB71DC2EAE5005E7D5A /* CustomCriterioCell.swift in Sources */,
				467430071DB9F6160094AE29 /* ModuleViewController.swift in Sources */,
				9623F25F1DC3A58400EA7B6D /* OutcomeDetailViewController.swift in Sources */,
				9623F25D1DC3A2E900EA7B6D /* CustomOutcomeCell.swift in Sources */,
				9623F2591DC39E5A00EA7B6D /* GoalDetailViewController.swift in Sources */,
				124DD59E1DBBCC6F004D95FA /* InvNavViewController.swift in Sources */,
				1214CECA1DBC0C600042A3F2 /* InvestigationProject.swift in Sources */,
				125A62031DC2BE50008BD312 /* AskConectivity.swift in Sources */,
				1268F2791DC0096100E1CC22 /* InvPrEvEditViewController.swift in Sources */,
				25A9682D1DCB209700B03060 /* Fases.swift in Sources */,
				4616D9E11DC07E12008174B7 /* HTTPHelper.swift in Sources */,
			);
			runOnlyForDeploymentPostprocessing = 0;
		};
/* End PBXSourcesBuildPhase section */

/* Begin PBXTargetDependency section */
		25A6EF1C1DCBDF760084AFE0 /* PBXTargetDependency */ = {
			isa = PBXTargetDependency;
			target = 46292AFD1DB9DF7500EC8575 /* UASapp */;
			targetProxy = 25A6EF1B1DCBDF760084AFE0 /* PBXContainerItemProxy */;
		};
/* End PBXTargetDependency section */

/* Begin PBXVariantGroup section */
		46292B051DB9DF7500EC8575 /* Main.storyboard */ = {
			isa = PBXVariantGroup;
			children = (
				46292B061DB9DF7500EC8575 /* Base */,
			);
			name = Main.storyboard;
			sourceTree = "<group>";
		};
		46292B0A1DB9DF7500EC8575 /* LaunchScreen.storyboard */ = {
			isa = PBXVariantGroup;
			children = (
				46292B0B1DB9DF7500EC8575 /* Base */,
			);
			name = LaunchScreen.storyboard;
			sourceTree = "<group>";
		};
/* End PBXVariantGroup section */

/* Begin XCBuildConfiguration section */
		25A6EF1E1DCBDF760084AFE0 /* Debug */ = {
			isa = XCBuildConfiguration;
			buildSettings = {
				BUNDLE_LOADER = "$(TEST_HOST)";
				DEVELOPMENT_TEAM = 5KDVCLQT2T;
				INFOPLIST_FILE = Test/Info.plist;
				IPHONEOS_DEPLOYMENT_TARGET = 10.0;
				LD_RUNPATH_SEARCH_PATHS = "$(inherited) @executable_path/Frameworks @loader_path/Frameworks";
				PRODUCT_BUNDLE_IDENTIFIER = Games.Test;
				PRODUCT_NAME = "$(TARGET_NAME)";
				SWIFT_VERSION = 3.0;
				TEST_HOST = "$(BUILT_PRODUCTS_DIR)/UASapp.app/UASapp";
			};
			name = Debug;
		};
		25A6EF1F1DCBDF760084AFE0 /* Release */ = {
			isa = XCBuildConfiguration;
			buildSettings = {
				BUNDLE_LOADER = "$(TEST_HOST)";
				DEVELOPMENT_TEAM = 5KDVCLQT2T;
				INFOPLIST_FILE = Test/Info.plist;
				IPHONEOS_DEPLOYMENT_TARGET = 10.0;
				LD_RUNPATH_SEARCH_PATHS = "$(inherited) @executable_path/Frameworks @loader_path/Frameworks";
				PRODUCT_BUNDLE_IDENTIFIER = Games.Test;
				PRODUCT_NAME = "$(TARGET_NAME)";
				SWIFT_VERSION = 3.0;
				TEST_HOST = "$(BUILT_PRODUCTS_DIR)/UASapp.app/UASapp";
			};
			name = Release;
		};
		46292B0E1DB9DF7500EC8575 /* Debug */ = {
			isa = XCBuildConfiguration;
			buildSettings = {
				ALWAYS_SEARCH_USER_PATHS = NO;
				CLANG_ANALYZER_NONNULL = YES;
				CLANG_CXX_LANGUAGE_STANDARD = "gnu++0x";
				CLANG_CXX_LIBRARY = "libc++";
				CLANG_ENABLE_MODULES = YES;
				CLANG_ENABLE_OBJC_ARC = YES;
				CLANG_WARN_BOOL_CONVERSION = YES;
				CLANG_WARN_CONSTANT_CONVERSION = YES;
				CLANG_WARN_DIRECT_OBJC_ISA_USAGE = YES_ERROR;
				CLANG_WARN_DOCUMENTATION_COMMENTS = YES;
				CLANG_WARN_EMPTY_BODY = YES;
				CLANG_WARN_ENUM_CONVERSION = YES;
				CLANG_WARN_INFINITE_RECURSION = YES;
				CLANG_WARN_INT_CONVERSION = YES;
				CLANG_WARN_OBJC_ROOT_CLASS = YES_ERROR;
				CLANG_WARN_SUSPICIOUS_MOVES = YES;
				CLANG_WARN_UNREACHABLE_CODE = YES;
				CLANG_WARN__DUPLICATE_METHOD_MATCH = YES;
				"CODE_SIGN_IDENTITY[sdk=iphoneos*]" = "iPhone Developer";
				COPY_PHASE_STRIP = NO;
				DEBUG_INFORMATION_FORMAT = dwarf;
				ENABLE_STRICT_OBJC_MSGSEND = YES;
				ENABLE_TESTABILITY = YES;
				GCC_C_LANGUAGE_STANDARD = gnu99;
				GCC_DYNAMIC_NO_PIC = NO;
				GCC_NO_COMMON_BLOCKS = YES;
				GCC_OPTIMIZATION_LEVEL = 0;
				GCC_PREPROCESSOR_DEFINITIONS = (
					"DEBUG=1",
					"$(inherited)",
				);
				GCC_WARN_64_TO_32_BIT_CONVERSION = YES;
				GCC_WARN_ABOUT_RETURN_TYPE = YES_ERROR;
				GCC_WARN_UNDECLARED_SELECTOR = YES;
				GCC_WARN_UNINITIALIZED_AUTOS = YES_AGGRESSIVE;
				GCC_WARN_UNUSED_FUNCTION = YES;
				GCC_WARN_UNUSED_VARIABLE = YES;
				IPHONEOS_DEPLOYMENT_TARGET = 9.0;
				MTL_ENABLE_DEBUG_INFO = YES;
				ONLY_ACTIVE_ARCH = YES;
				SDKROOT = iphoneos;
				SWIFT_ACTIVE_COMPILATION_CONDITIONS = DEBUG;
				SWIFT_OPTIMIZATION_LEVEL = "-Onone";
			};
			name = Debug;
		};
		46292B0F1DB9DF7500EC8575 /* Release */ = {
			isa = XCBuildConfiguration;
			buildSettings = {
				ALWAYS_SEARCH_USER_PATHS = NO;
				CLANG_ANALYZER_NONNULL = YES;
				CLANG_CXX_LANGUAGE_STANDARD = "gnu++0x";
				CLANG_CXX_LIBRARY = "libc++";
				CLANG_ENABLE_MODULES = YES;
				CLANG_ENABLE_OBJC_ARC = YES;
				CLANG_WARN_BOOL_CONVERSION = YES;
				CLANG_WARN_CONSTANT_CONVERSION = YES;
				CLANG_WARN_DIRECT_OBJC_ISA_USAGE = YES_ERROR;
				CLANG_WARN_DOCUMENTATION_COMMENTS = YES;
				CLANG_WARN_EMPTY_BODY = YES;
				CLANG_WARN_ENUM_CONVERSION = YES;
				CLANG_WARN_INFINITE_RECURSION = YES;
				CLANG_WARN_INT_CONVERSION = YES;
				CLANG_WARN_OBJC_ROOT_CLASS = YES_ERROR;
				CLANG_WARN_SUSPICIOUS_MOVES = YES;
				CLANG_WARN_UNREACHABLE_CODE = YES;
				CLANG_WARN__DUPLICATE_METHOD_MATCH = YES;
				"CODE_SIGN_IDENTITY[sdk=iphoneos*]" = "iPhone Developer";
				COPY_PHASE_STRIP = NO;
				DEBUG_INFORMATION_FORMAT = "dwarf-with-dsym";
				ENABLE_NS_ASSERTIONS = NO;
				ENABLE_STRICT_OBJC_MSGSEND = YES;
				GCC_C_LANGUAGE_STANDARD = gnu99;
				GCC_NO_COMMON_BLOCKS = YES;
				GCC_WARN_64_TO_32_BIT_CONVERSION = YES;
				GCC_WARN_ABOUT_RETURN_TYPE = YES_ERROR;
				GCC_WARN_UNDECLARED_SELECTOR = YES;
				GCC_WARN_UNINITIALIZED_AUTOS = YES_AGGRESSIVE;
				GCC_WARN_UNUSED_FUNCTION = YES;
				GCC_WARN_UNUSED_VARIABLE = YES;
				IPHONEOS_DEPLOYMENT_TARGET = 9.0;
				MTL_ENABLE_DEBUG_INFO = NO;
				SDKROOT = iphoneos;
				SWIFT_OPTIMIZATION_LEVEL = "-Owholemodule";
				VALIDATE_PRODUCT = YES;
			};
			name = Release;
		};
		46292B111DB9DF7500EC8575 /* Debug */ = {
			isa = XCBuildConfiguration;
			buildSettings = {
				ASSETCATALOG_COMPILER_APPICON_NAME = AppIcon;
				INFOPLIST_FILE = UASapp/Info.plist;
				IPHONEOS_DEPLOYMENT_TARGET = 9.0;
				LD_RUNPATH_SEARCH_PATHS = "$(inherited) @executable_path/Frameworks";
				PRODUCT_BUNDLE_IDENTIFIER = com.sumajg.UASapp;
				PRODUCT_NAME = "$(TARGET_NAME)";
				SWIFT_VERSION = 3.0;
			};
			name = Debug;
		};
		46292B121DB9DF7500EC8575 /* Release */ = {
			isa = XCBuildConfiguration;
			buildSettings = {
				ASSETCATALOG_COMPILER_APPICON_NAME = AppIcon;
				INFOPLIST_FILE = UASapp/Info.plist;
				IPHONEOS_DEPLOYMENT_TARGET = 9.0;
				LD_RUNPATH_SEARCH_PATHS = "$(inherited) @executable_path/Frameworks";
				PRODUCT_BUNDLE_IDENTIFIER = com.sumajg.UASapp;
				PRODUCT_NAME = "$(TARGET_NAME)";
				SWIFT_VERSION = 3.0;
			};
			name = Release;
		};
/* End XCBuildConfiguration section */

/* Begin XCConfigurationList section */
		25A6EF1D1DCBDF760084AFE0 /* Build configuration list for PBXNativeTarget "Test" */ = {
			isa = XCConfigurationList;
			buildConfigurations = (
				25A6EF1E1DCBDF760084AFE0 /* Debug */,
				25A6EF1F1DCBDF760084AFE0 /* Release */,
			);
			defaultConfigurationIsVisible = 0;
		};
		46292AF91DB9DF7500EC8575 /* Build configuration list for PBXProject "UASapp" */ = {
			isa = XCConfigurationList;
			buildConfigurations = (
				46292B0E1DB9DF7500EC8575 /* Debug */,
				46292B0F1DB9DF7500EC8575 /* Release */,
			);
			defaultConfigurationIsVisible = 0;
			defaultConfigurationName = Release;
		};
		46292B101DB9DF7500EC8575 /* Build configuration list for PBXNativeTarget "UASapp" */ = {
			isa = XCConfigurationList;
			buildConfigurations = (
				46292B111DB9DF7500EC8575 /* Debug */,
				46292B121DB9DF7500EC8575 /* Release */,
			);
			defaultConfigurationIsVisible = 0;
			defaultConfigurationName = Release;
		};
/* End XCConfigurationList section */
	};
	rootObject = 46292AF61DB9DF7500EC8575 /* Project object */;
}
